{
  "version": 4,
  "terraform_version": "1.3.6",
  "serial": 798,
  "lineage": "126ed4ce-5005-ddf9-fc87-04060103a23f",
  "outputs": {
    "value": {
      "value": [
        "16.12.59.0/24",
        "3.5.224.0/22",
        "16.12.18.0/23",
        "52.95.154.0/23",
        "16.12.20.0/24",
        "52.95.156.0/24",
        "10.0.0.0/16"
      ],
      "type": [
        "tuple",
        [
          "string",
          "string",
          "string",
          "string",
          "string",
          "string",
          "string"
        ]
      ]
    }
  },
  "resources": [
    {
      "mode": "data",
      "type": "aws_availability_zones",
      "name": "available",
      "provider": "provider[\"registry.terraform.io/hashicorp/aws\"]",
      "instances": [
        {
          "schema_version": 0,
          "attributes": {
            "all_availability_zones": null,
            "exclude_names": null,
            "exclude_zone_ids": null,
            "filter": null,
            "group_names": [
              "eu-west-3"
            ],
            "id": "eu-west-3",
            "names": [
              "eu-west-3a",
              "eu-west-3b",
              "eu-west-3c"
            ],
            "state": null,
            "timeouts": null,
            "zone_ids": [
              "euw3-az1",
              "euw3-az2",
              "euw3-az3"
            ]
          },
          "sensitive_attributes": []
        }
      ]
    },
    {
      "mode": "data",
      "type": "aws_availability_zones",
      "name": "avzs",
      "provider": "provider[\"registry.terraform.io/hashicorp/aws\"]",
      "instances": [
        {
          "schema_version": 0,
          "attributes": {
            "all_availability_zones": true,
            "exclude_names": null,
            "exclude_zone_ids": null,
            "filter": null,
            "group_names": [
              "eu-west-3"
            ],
            "id": "eu-west-3",
            "names": [
              "eu-west-3a",
              "eu-west-3b",
              "eu-west-3c"
            ],
            "state": null,
            "timeouts": null,
            "zone_ids": [
              "euw3-az1",
              "euw3-az2",
              "euw3-az3"
            ]
          },
          "sensitive_attributes": []
        }
      ]
    },
    {
      "mode": "managed",
      "type": "aws_kms_key",
      "name": "logging_key",
      "provider": "provider[\"registry.terraform.io/hashicorp/aws\"]",
      "instances": [
        {
          "schema_version": 0,
          "attributes": {
            "arn": "arn:aws:kms:eu-west-3:891288190130:key/7a887d20-91e2-45c7-a3d9-f3894e726983",
            "bypass_policy_lockout_safety_check": false,
            "custom_key_store_id": "",
            "customer_master_key_spec": "SYMMETRIC_DEFAULT",
            "deletion_window_in_days": 7,
            "description": "",
            "enable_key_rotation": true,
            "id": "7a887d20-91e2-45c7-a3d9-f3894e726983",
            "is_enabled": true,
            "key_id": "7a887d20-91e2-45c7-a3d9-f3894e726983",
            "key_usage": "ENCRYPT_DECRYPT",
            "multi_region": false,
            "policy": "{\"Id\":\"key-default-1\",\"Statement\":[{\"Action\":\"kms:*\",\"Effect\":\"Allow\",\"Principal\":{\"AWS\":\"arn:aws:iam::891288190130:root\"},\"Resource\":\"*\",\"Sid\":\"Enable IAM User Permissions\"}],\"Version\":\"2012-10-17\"}",
            "tags": {},
            "tags_all": {}
          },
          "sensitive_attributes": [],
          "private": "bnVsbA=="
        }
      ]
    },
    {
      "mode": "managed",
      "type": "aws_kms_key",
      "name": "s3_logging_key",
      "provider": "provider[\"registry.terraform.io/hashicorp/aws\"]",
      "instances": [
        {
          "schema_version": 0,
          "attributes": {
            "arn": "arn:aws:kms:eu-west-3:891288190130:key/afdb3651-1e50-4c4a-8d91-e5934b8ef72f",
            "bypass_policy_lockout_safety_check": false,
            "custom_key_store_id": "",
            "customer_master_key_spec": "SYMMETRIC_DEFAULT",
            "deletion_window_in_days": null,
            "description": "",
            "enable_key_rotation": true,
            "id": "afdb3651-1e50-4c4a-8d91-e5934b8ef72f",
            "is_enabled": true,
            "key_id": "afdb3651-1e50-4c4a-8d91-e5934b8ef72f",
            "key_usage": "ENCRYPT_DECRYPT",
            "multi_region": false,
            "policy": "{\"Id\":\"key-default-1\",\"Statement\":[{\"Action\":\"kms:*\",\"Effect\":\"Allow\",\"Principal\":{\"AWS\":\"arn:aws:iam::891288190130:root\"},\"Resource\":\"*\",\"Sid\":\"Enable IAM User Permissions\"}],\"Version\":\"2012-10-17\"}",
            "tags": {},
            "tags_all": {}
          },
          "sensitive_attributes": [],
          "private": "bnVsbA=="
        }
      ]
    },
    {
      "mode": "managed",
      "type": "aws_s3_bucket",
      "name": "log_bucket",
      "provider": "provider[\"registry.terraform.io/hashicorp/aws\"]",
      "instances": [
        {
          "schema_version": 0,
          "attributes": {
            "acceleration_status": "",
            "acl": null,
            "arn": "arn:aws:s3:::demo-infra-module-log20221230094116172900000001",
            "bucket": "demo-infra-module-log20221230094116172900000001",
            "bucket_domain_name": "demo-infra-module-log20221230094116172900000001.s3.amazonaws.com",
            "bucket_prefix": "demo-infra-module-log",
            "bucket_regional_domain_name": "demo-infra-module-log20221230094116172900000001.s3.eu-west-3.amazonaws.com",
            "cors_rule": [],
            "force_destroy": false,
            "grant": [
              {
                "id": "0dbaa344567006322909e0b39c6aa6ba16cbdb0fcb507ed97d3036a783b8abe5",
                "permissions": [
                  "FULL_CONTROL"
                ],
                "type": "CanonicalUser",
                "uri": ""
              }
            ],
            "hosted_zone_id": "Z3R1K369G5AVDG",
            "id": "demo-infra-module-log20221230094116172900000001",
            "lifecycle_rule": [
              {
                "abort_incomplete_multipart_upload_days": 0,
                "enabled": true,
                "expiration": [],
                "id": "tf-s3-lifecycle-20221230094117562300000004",
                "noncurrent_version_expiration": [
                  {
                    "days": 90
                  }
                ],
                "noncurrent_version_transition": [
                  {
                    "days": 30,
                    "storage_class": "STANDARD_IA"
                  },
                  {
                    "days": 60,
                    "storage_class": "GLACIER"
                  }
                ],
                "prefix": "",
                "tags": {},
                "transition": []
              }
            ],
            "logging": [
              {
                "target_bucket": "demo-infra-module-log20221230094116172900000001",
                "target_prefix": "/log"
              }
            ],
            "object_lock_configuration": [],
            "object_lock_enabled": false,
            "policy": "{\"Version\":\"2012-10-17\",\"Id\":\"MYBUCKETPOLICY\",\"Statement\":[{\"Sid\":\"IPAllow\",\"Effect\":\"Deny\",\"Principal\":\"*\",\"Action\":\"s3:*\",\"Resource\":[\"arn:aws:s3:::demo-infra-module-log20221230094116172900000001\",\"arn:aws:s3:::demo-infra-module-log20221230094116172900000001/*\"],\"Condition\":{\"Bool\":{\"aws:SecureTransport\":\"false\"}}}]}",
            "region": "eu-west-3",
            "replication_configuration": [],
            "request_payer": "BucketOwner",
            "server_side_encryption_configuration": [
              {
                "rule": [
                  {
                    "apply_server_side_encryption_by_default": [
                      {
                        "kms_master_key_id": "arn:aws:kms:eu-west-3:891288190130:key/afdb3651-1e50-4c4a-8d91-e5934b8ef72f",
                        "sse_algorithm": "aws:kms"
                      }
                    ],
                    "bucket_key_enabled": false
                  }
                ]
              }
            ],
            "tags": {
              "LAB": "tesi_mattia",
              "Name": "log_bucket",
              "infra": "terraform"
            },
            "tags_all": {
              "LAB": "tesi_mattia",
              "Name": "log_bucket",
              "infra": "terraform"
            },
            "timeouts": null,
            "versioning": [
              {
                "enabled": true,
                "mfa_delete": false
              }
            ],
            "website": [],
            "website_domain": null,
            "website_endpoint": null
          },
          "sensitive_attributes": [],
          "private": "eyJlMmJmYjczMC1lY2FhLTExZTYtOGY4OC0zNDM2M2JjN2M0YzAiOnsiY3JlYXRlIjoxMjAwMDAwMDAwMDAwLCJkZWxldGUiOjM2MDAwMDAwMDAwMDAsInJlYWQiOjEyMDAwMDAwMDAwMDAsInVwZGF0ZSI6MTIwMDAwMDAwMDAwMH19"
        }
      ]
    },
    {
      "mode": "managed",
      "type": "aws_s3_bucket_logging",
      "name": "log_bucket_logging",
      "provider": "provider[\"registry.terraform.io/hashicorp/aws\"]",
      "instances": [
        {
          "schema_version": 0,
          "attributes": {
            "bucket": "demo-infra-module-log20221230094116172900000001",
            "expected_bucket_owner": "",
            "id": "demo-infra-module-log20221230094116172900000001",
            "target_bucket": "demo-infra-module-log20221230094116172900000001",
            "target_grant": [],
            "target_prefix": "/log"
          },
          "sensitive_attributes": [],
          "private": "bnVsbA==",
          "dependencies": [
            "aws_s3_bucket.log_bucket"
          ]
        }
      ]
    },
    {
      "mode": "managed",
      "type": "aws_s3_bucket_policy",
      "name": "only_https",
      "provider": "provider[\"registry.terraform.io/hashicorp/aws\"]",
      "instances": [
        {
          "schema_version": 0,
          "attributes": {
            "bucket": "demo-infra-module-log20221230094116172900000001",
            "id": "demo-infra-module-log20221230094116172900000001",
            "policy": "{\"Id\":\"MYBUCKETPOLICY\",\"Statement\":[{\"Action\":\"s3:*\",\"Condition\":{\"Bool\":{\"aws:SecureTransport\":\"false\"}},\"Effect\":\"Deny\",\"Principal\":\"*\",\"Resource\":[\"arn:aws:s3:::demo-infra-module-log20221230094116172900000001\",\"arn:aws:s3:::demo-infra-module-log20221230094116172900000001/*\"],\"Sid\":\"IPAllow\"}],\"Version\":\"2012-10-17\"}"
          },
          "sensitive_attributes": [],
          "private": "bnVsbA==",
          "dependencies": [
            "aws_s3_bucket.log_bucket"
          ]
        }
      ]
    },
    {
      "mode": "managed",
      "type": "aws_s3_bucket_public_access_block",
      "name": "private",
      "provider": "provider[\"registry.terraform.io/hashicorp/aws\"]",
      "instances": [
        {
          "schema_version": 0,
          "attributes": {
            "block_public_acls": true,
            "block_public_policy": true,
            "bucket": "demo-infra-module-log20221230094116172900000001",
            "id": "demo-infra-module-log20221230094116172900000001",
            "ignore_public_acls": true,
            "restrict_public_buckets": true
          },
          "sensitive_attributes": [],
          "private": "bnVsbA==",
          "dependencies": [
            "aws_s3_bucket.log_bucket"
          ]
        }
      ]
    },
    {
      "mode": "managed",
      "type": "aws_s3_bucket_server_side_encryption_configuration",
      "name": "log_bucket_enc_config",
      "provider": "provider[\"registry.terraform.io/hashicorp/aws\"]",
      "instances": [
        {
          "schema_version": 0,
          "attributes": {
            "bucket": "demo-infra-module-log20221230094116172900000001",
            "expected_bucket_owner": "",
            "id": "demo-infra-module-log20221230094116172900000001",
            "rule": [
              {
                "apply_server_side_encryption_by_default": [
                  {
                    "kms_master_key_id": "arn:aws:kms:eu-west-3:891288190130:key/afdb3651-1e50-4c4a-8d91-e5934b8ef72f",
                    "sse_algorithm": "aws:kms"
                  }
                ],
                "bucket_key_enabled": false
              }
            ]
          },
          "sensitive_attributes": [],
          "private": "bnVsbA==",
          "dependencies": [
            "aws_kms_key.s3_logging_key",
            "aws_s3_bucket.log_bucket"
          ]
        }
      ]
    },
    {
      "mode": "managed",
      "type": "aws_s3_bucket_versioning",
      "name": "log_bucket_versioning",
      "provider": "provider[\"registry.terraform.io/hashicorp/aws\"]",
      "instances": [
        {
          "schema_version": 0,
          "attributes": {
            "bucket": "demo-infra-module-log20221230094116172900000001",
            "expected_bucket_owner": "",
            "id": "demo-infra-module-log20221230094116172900000001",
            "mfa": null,
            "versioning_configuration": [
              {
                "mfa_delete": "",
                "status": "Enabled"
              }
            ]
          },
          "sensitive_attributes": [],
          "private": "bnVsbA==",
          "dependencies": [
            "aws_s3_bucket.log_bucket"
          ]
        }
      ]
    },
    {
      "mode": "managed",
      "type": "aws_security_group",
      "name": "control_plane_sg",
      "provider": "provider[\"registry.terraform.io/hashicorp/aws\"]",
      "instances": [
        {
          "schema_version": 1,
          "attributes": {
            "arn": "arn:aws:ec2:eu-west-3:891288190130:security-group/sg-0f68348a8d3e85c1d",
            "description": "Security group for control plane",
            "egress": [
              {
                "cidr_blocks": [
                  "16.12.59.0/24",
                  "3.5.224.0/22",
                  "16.12.18.0/23",
                  "52.95.154.0/23",
                  "16.12.20.0/24",
                  "52.95.156.0/24",
                  "10.0.0.0/16"
                ],
                "description": "Allow cluster control plane to send communication to the worker Kubelets and pods",
                "from_port": 0,
                "ipv6_cidr_blocks": [],
                "prefix_list_ids": [],
                "protocol": "-1",
                "security_groups": [],
                "self": false,
                "to_port": 0
              }
            ],
            "id": "sg-0f68348a8d3e85c1d",
            "ingress": [
              {
                "cidr_blocks": [
                  "10.0.0.0/24",
                  "10.0.1.0/24"
                ],
                "description": "Ingress rule for worker Kubelets and pods",
                "from_port": 0,
                "ipv6_cidr_blocks": [],
                "prefix_list_ids": [],
                "protocol": "tcp",
                "security_groups": [],
                "self": false,
                "to_port": 65535
              }
            ],
            "name": "k8s-control-plane-sg",
            "name_prefix": "",
            "owner_id": "891288190130",
            "revoke_rules_on_delete": false,
            "tags": {
              "LAB": "tesi_mattia",
              "Name": "k8s-control-plane-sg",
              "infra": "terraform",
              "kubernetes.io/cluster/eks-lab-cluster-module": "owned"
            },
            "tags_all": {
              "LAB": "tesi_mattia",
              "Name": "k8s-control-plane-sg",
              "infra": "terraform",
              "kubernetes.io/cluster/eks-lab-cluster-module": "owned"
            },
            "timeouts": null,
            "vpc_id": "vpc-04e6478969db0a23d"
          },
          "sensitive_attributes": [],
          "private": "eyJlMmJmYjczMC1lY2FhLTExZTYtOGY4OC0zNDM2M2JjN2M0YzAiOnsiY3JlYXRlIjo2MDAwMDAwMDAwMDAsImRlbGV0ZSI6OTAwMDAwMDAwMDAwfSwic2NoZW1hX3ZlcnNpb24iOiIxIn0=",
          "dependencies": [
            "module.vpc.aws_vpc.this"
          ],
          "create_before_destroy": true
        }
      ]
    },
    {
      "mode": "managed",
      "type": "aws_security_group",
      "name": "data_plane_sg",
      "provider": "provider[\"registry.terraform.io/hashicorp/aws\"]",
      "instances": [
        {
          "schema_version": 1,
          "attributes": {
            "arn": "arn:aws:ec2:eu-west-3:891288190130:security-group/sg-085cce31f1d250801",
            "description": "Security group for data plane",
            "egress": [
              {
                "cidr_blocks": [
                  "16.12.59.0/24",
                  "3.5.224.0/22",
                  "16.12.18.0/23",
                  "52.95.154.0/23",
                  "16.12.20.0/24",
                  "52.95.156.0/24",
                  "10.0.0.0/16"
                ],
                "description": "Egress rule for worker Kubelets and pods",
                "from_port": 0,
                "ipv6_cidr_blocks": [],
                "prefix_list_ids": [],
                "protocol": "-1",
                "security_groups": [],
                "self": false,
                "to_port": 0
              }
            ],
            "id": "sg-085cce31f1d250801",
            "ingress": [
              {
                "cidr_blocks": [
                  "10.0.0.0/24",
                  "10.0.1.0/24"
                ],
                "description": "Allow nodes to communicate with each other",
                "from_port": 0,
                "ipv6_cidr_blocks": [],
                "prefix_list_ids": [],
                "protocol": "-1",
                "security_groups": [],
                "self": false,
                "to_port": 0
              },
              {
                "cidr_blocks": [
                  "10.0.0.0/24",
                  "10.0.1.0/24"
                ],
                "description": "Allow worker Kubelets and pods to receive communication from the cluster control plane",
                "from_port": 1025,
                "ipv6_cidr_blocks": [],
                "prefix_list_ids": [],
                "protocol": "tcp",
                "security_groups": [],
                "self": false,
                "to_port": 65535
              }
            ],
            "name": "k8s-data-plane-sg",
            "name_prefix": "",
            "owner_id": "891288190130",
            "revoke_rules_on_delete": false,
            "tags": {
              "LAB": "tesi_mattia",
              "Name": "k8s-data-plane-sg",
              "infra": "terraform",
              "kubernetes.io/cluster/eks-lab-cluster-module": "owned"
            },
            "tags_all": {
              "LAB": "tesi_mattia",
              "Name": "k8s-data-plane-sg",
              "infra": "terraform",
              "kubernetes.io/cluster/eks-lab-cluster-module": "owned"
            },
            "timeouts": null,
            "vpc_id": "vpc-04e6478969db0a23d"
          },
          "sensitive_attributes": [],
          "private": "eyJlMmJmYjczMC1lY2FhLTExZTYtOGY4OC0zNDM2M2JjN2M0YzAiOnsiY3JlYXRlIjo2MDAwMDAwMDAwMDAsImRlbGV0ZSI6OTAwMDAwMDAwMDAwfSwic2NoZW1hX3ZlcnNpb24iOiIxIn0=",
          "dependencies": [
            "module.vpc.aws_vpc.this"
          ],
          "create_before_destroy": true
        }
      ]
    },
    {
      "mode": "managed",
      "type": "aws_security_group_rule",
      "name": "control_plane_inbound",
      "provider": "provider[\"registry.terraform.io/hashicorp/aws\"]",
      "instances": [
        {
          "schema_version": 2,
          "attributes": {
            "cidr_blocks": [
              "10.0.0.0/24",
              "10.0.1.0/24"
            ],
            "description": "Ingress rule for worker Kubelets and pods",
            "from_port": 0,
            "id": "sgrule-2131082315",
            "ipv6_cidr_blocks": null,
            "prefix_list_ids": null,
            "protocol": "tcp",
            "security_group_id": "sg-0f68348a8d3e85c1d",
            "security_group_rule_id": "",
            "self": false,
            "source_security_group_id": null,
            "timeouts": null,
            "to_port": 65535,
            "type": "ingress"
          },
          "sensitive_attributes": [],
          "private": "eyJlMmJmYjczMC1lY2FhLTExZTYtOGY4OC0zNDM2M2JjN2M0YzAiOnsiY3JlYXRlIjozMDAwMDAwMDAwMDB9LCJzY2hlbWFfdmVyc2lvbiI6IjIifQ==",
          "dependencies": [
            "aws_security_group.control_plane_sg",
            "data.aws_availability_zones.avzs",
            "module.vpc.aws_subnet.private",
            "module.vpc.aws_vpc.this",
            "module.vpc.aws_vpc_ipv4_cidr_block_association.this"
          ]
        }
      ]
    },
    {
      "mode": "managed",
      "type": "aws_security_group_rule",
      "name": "control_plane_outbound",
      "provider": "provider[\"registry.terraform.io/hashicorp/aws\"]",
      "instances": [
        {
          "schema_version": 2,
          "attributes": {
            "cidr_blocks": [
              "16.12.59.0/24",
              "3.5.224.0/22",
              "16.12.18.0/23",
              "52.95.154.0/23",
              "16.12.20.0/24",
              "52.95.156.0/24",
              "10.0.0.0/16"
            ],
            "description": "Allow cluster control plane to send communication to the worker Kubelets and pods",
            "from_port": 0,
            "id": "sgrule-37721369",
            "ipv6_cidr_blocks": null,
            "prefix_list_ids": null,
            "protocol": "-1",
            "security_group_id": "sg-0f68348a8d3e85c1d",
            "security_group_rule_id": "",
            "self": false,
            "source_security_group_id": null,
            "timeouts": null,
            "to_port": 0,
            "type": "egress"
          },
          "sensitive_attributes": [],
          "private": "eyJlMmJmYjczMC1lY2FhLTExZTYtOGY4OC0zNDM2M2JjN2M0YzAiOnsiY3JlYXRlIjozMDAwMDAwMDAwMDB9LCJzY2hlbWFfdmVyc2lvbiI6IjIifQ==",
          "dependencies": [
            "aws_security_group.control_plane_sg",
            "aws_security_group.data_plane_sg",
            "data.aws_availability_zones.avzs",
            "module.vpc.aws_route_table.private",
            "module.vpc.aws_subnet.private",
            "module.vpc.aws_vpc.this",
            "module.vpc.aws_vpc_ipv4_cidr_block_association.this",
            "module.vpc_vpc-endpoints.aws_vpc_endpoint.this",
            "module.vpc_vpc-endpoints.data.aws_vpc_endpoint_service.this"
          ]
        }
      ]
    },
    {
      "mode": "managed",
      "type": "aws_security_group_rule",
      "name": "node_outbound",
      "provider": "provider[\"registry.terraform.io/hashicorp/aws\"]",
      "instances": [
        {
          "schema_version": 2,
          "attributes": {
            "cidr_blocks": [
              "16.12.59.0/24",
              "3.5.224.0/22",
              "16.12.18.0/23",
              "52.95.154.0/23",
              "16.12.20.0/24",
              "52.95.156.0/24",
              "10.0.0.0/16"
            ],
            "description": "Egress rule for worker Kubelets and pods",
            "from_port": 0,
            "id": "sgrule-3045117995",
            "ipv6_cidr_blocks": null,
            "prefix_list_ids": null,
            "protocol": "-1",
            "security_group_id": "sg-085cce31f1d250801",
            "security_group_rule_id": "",
            "self": false,
            "source_security_group_id": null,
            "timeouts": null,
            "to_port": 0,
            "type": "egress"
          },
          "sensitive_attributes": [],
          "private": "eyJlMmJmYjczMC1lY2FhLTExZTYtOGY4OC0zNDM2M2JjN2M0YzAiOnsiY3JlYXRlIjozMDAwMDAwMDAwMDB9LCJzY2hlbWFfdmVyc2lvbiI6IjIifQ==",
          "dependencies": [
            "aws_security_group.data_plane_sg",
            "data.aws_availability_zones.avzs",
            "module.vpc.aws_route_table.private",
            "module.vpc.aws_subnet.private",
            "module.vpc.aws_vpc.this",
            "module.vpc.aws_vpc_ipv4_cidr_block_association.this",
            "module.vpc_vpc-endpoints.aws_vpc_endpoint.this",
            "module.vpc_vpc-endpoints.data.aws_vpc_endpoint_service.this"
          ]
        }
      ]
    },
    {
      "mode": "managed",
      "type": "aws_security_group_rule",
      "name": "nodes",
      "provider": "provider[\"registry.terraform.io/hashicorp/aws\"]",
      "instances": [
        {
          "schema_version": 2,
          "attributes": {
            "cidr_blocks": [
              "10.0.0.0/24",
              "10.0.1.0/24"
            ],
            "description": "Allow nodes to communicate with each other",
            "from_port": 0,
            "id": "sgrule-3737306819",
            "ipv6_cidr_blocks": null,
            "prefix_list_ids": null,
            "protocol": "-1",
            "security_group_id": "sg-085cce31f1d250801",
            "security_group_rule_id": "",
            "self": false,
            "source_security_group_id": null,
            "timeouts": null,
            "to_port": 0,
            "type": "ingress"
          },
          "sensitive_attributes": [],
          "private": "eyJlMmJmYjczMC1lY2FhLTExZTYtOGY4OC0zNDM2M2JjN2M0YzAiOnsiY3JlYXRlIjozMDAwMDAwMDAwMDB9LCJzY2hlbWFfdmVyc2lvbiI6IjIifQ==",
          "dependencies": [
            "aws_security_group.data_plane_sg",
            "data.aws_availability_zones.avzs",
            "module.vpc.aws_subnet.private",
            "module.vpc.aws_vpc.this",
            "module.vpc.aws_vpc_ipv4_cidr_block_association.this"
          ]
        }
      ]
    },
    {
      "mode": "managed",
      "type": "aws_security_group_rule",
      "name": "nodes_inbound",
      "provider": "provider[\"registry.terraform.io/hashicorp/aws\"]",
      "instances": [
        {
          "schema_version": 2,
          "attributes": {
            "cidr_blocks": [
              "10.0.0.0/24",
              "10.0.1.0/24"
            ],
            "description": "Allow worker Kubelets and pods to receive communication from the cluster control plane",
            "from_port": 1025,
            "id": "sgrule-2101498287",
            "ipv6_cidr_blocks": null,
            "prefix_list_ids": null,
            "protocol": "tcp",
            "security_group_id": "sg-085cce31f1d250801",
            "security_group_rule_id": "",
            "self": false,
            "source_security_group_id": null,
            "timeouts": null,
            "to_port": 65535,
            "type": "ingress"
          },
          "sensitive_attributes": [],
          "private": "eyJlMmJmYjczMC1lY2FhLTExZTYtOGY4OC0zNDM2M2JjN2M0YzAiOnsiY3JlYXRlIjozMDAwMDAwMDAwMDB9LCJzY2hlbWFfdmVyc2lvbiI6IjIifQ==",
          "dependencies": [
            "aws_security_group.data_plane_sg",
            "data.aws_availability_zones.avzs",
            "module.vpc.aws_subnet.private",
            "module.vpc.aws_vpc.this",
            "module.vpc.aws_vpc_ipv4_cidr_block_association.this"
          ]
        }
      ]
    },
    {
      "module": "module.eks",
      "mode": "data",
      "type": "aws_caller_identity",
      "name": "current",
      "provider": "provider[\"registry.terraform.io/hashicorp/aws\"]",
      "instances": [
        {
          "schema_version": 0,
          "attributes": {
            "account_id": "891288190130",
            "arn": "arn:aws:iam::891288190130:user/ma.caracciolo@reply.it",
            "id": "891288190130",
            "user_id": "AIDA47BHKPSZB3DR4SBAK"
          },
          "sensitive_attributes": []
        }
      ]
    },
    {
      "module": "module.eks",
      "mode": "data",
      "type": "aws_eks_addon_version",
      "name": "this",
      "provider": "provider[\"registry.terraform.io/hashicorp/aws\"]",
      "instances": [
        {
          "index_key": "vpc-cni",
          "schema_version": 0,
          "attributes": {
            "addon_name": "vpc-cni",
            "id": "vpc-cni",
            "kubernetes_version": "1.23",
            "most_recent": false,
            "version": "v1.10.4-eksbuild.1"
          },
          "sensitive_attributes": []
        }
      ]
    },
    {
      "module": "module.eks",
      "mode": "data",
      "type": "aws_iam_policy_document",
      "name": "assume_role_policy",
      "provider": "provider[\"registry.terraform.io/hashicorp/aws\"]",
      "instances": [
        {
          "index_key": 0,
          "schema_version": 0,
          "attributes": {
            "id": "2764486067",
            "json": "{\n  \"Version\": \"2012-10-17\",\n  \"Statement\": [\n    {\n      \"Sid\": \"EKSClusterAssumeRole\",\n      \"Effect\": \"Allow\",\n      \"Action\": \"sts:AssumeRole\",\n      \"Principal\": {\n        \"Service\": \"eks.amazonaws.com\"\n      }\n    }\n  ]\n}",
            "override_json": null,
            "override_policy_documents": null,
            "policy_id": null,
            "source_json": null,
            "source_policy_documents": null,
            "statement": [
              {
                "actions": [
                  "sts:AssumeRole"
                ],
                "condition": [],
                "effect": "Allow",
                "not_actions": [],
                "not_principals": [],
                "not_resources": [],
                "principals": [
                  {
                    "identifiers": [
                      "eks.amazonaws.com"
                    ],
                    "type": "Service"
                  }
                ],
                "resources": [],
                "sid": "EKSClusterAssumeRole"
              }
            ],
            "version": "2012-10-17"
          },
          "sensitive_attributes": []
        }
      ]
    },
    {
      "module": "module.eks",
      "mode": "data",
      "type": "aws_partition",
      "name": "current",
      "provider": "provider[\"registry.terraform.io/hashicorp/aws\"]",
      "instances": [
        {
          "schema_version": 0,
          "attributes": {
            "dns_suffix": "amazonaws.com",
            "id": "aws",
            "partition": "aws",
            "reverse_dns_prefix": "com.amazonaws"
          },
          "sensitive_attributes": []
        }
      ]
    },
    {
      "module": "module.eks",
      "mode": "managed",
      "type": "aws_ec2_tag",
      "name": "cluster_primary_security_group",
      "provider": "provider[\"registry.terraform.io/hashicorp/aws\"]",
      "instances": [
        {
          "index_key": "LAB",
          "schema_version": 0,
          "attributes": {
            "id": "sg-092f8ab49331cda38,LAB",
            "key": "LAB",
            "resource_id": "sg-092f8ab49331cda38",
            "value": "tesi_mattia"
          },
          "sensitive_attributes": [],
          "private": "bnVsbA==",
          "dependencies": [
            "aws_security_group.control_plane_sg",
            "module.eks.aws_cloudwatch_log_group.this",
            "module.eks.aws_eks_cluster.this",
            "module.eks.aws_iam_role.this",
            "module.eks.aws_iam_role_policy_attachment.this",
            "module.eks.aws_security_group.cluster",
            "module.eks.aws_security_group_rule.cluster",
            "module.eks.aws_security_group_rule.node",
            "module.eks.data.aws_partition.current",
            "module.eks.module.kms.aws_kms_external_key.this",
            "module.eks.module.kms.aws_kms_key.this",
            "module.vpc.aws_subnet.private"
          ]
        },
        {
          "index_key": "infra",
          "schema_version": 0,
          "attributes": {
            "id": "sg-092f8ab49331cda38,infra",
            "key": "infra",
            "resource_id": "sg-092f8ab49331cda38",
            "value": "terraform"
          },
          "sensitive_attributes": [],
          "private": "bnVsbA==",
          "dependencies": [
            "aws_security_group.control_plane_sg",
            "module.eks.aws_cloudwatch_log_group.this",
            "module.eks.aws_eks_cluster.this",
            "module.eks.aws_iam_role.this",
            "module.eks.aws_iam_role_policy_attachment.this",
            "module.eks.aws_security_group.cluster",
            "module.eks.aws_security_group_rule.cluster",
            "module.eks.aws_security_group_rule.node",
            "module.eks.data.aws_partition.current",
            "module.eks.module.kms.aws_kms_external_key.this",
            "module.eks.module.kms.aws_kms_key.this",
            "module.vpc.aws_subnet.private"
          ]
        }
      ]
    },
    {
      "module": "module.eks",
      "mode": "managed",
      "type": "aws_eks_addon",
      "name": "this",
      "provider": "provider[\"registry.terraform.io/hashicorp/aws\"]",
      "instances": [
        {
          "index_key": "vpc-cni",
          "schema_version": 0,
          "attributes": {
            "addon_name": "vpc-cni",
            "addon_version": "v1.11.4-eksbuild.1",
            "arn": "arn:aws:eks:eu-west-3:891288190130:addon/eks-lab-cluster-module/vpc-cni/7ec2b14e-1a33-32a0-4bb9-c99abacb3a39",
            "cluster_name": "eks-lab-cluster-module",
            "created_at": "2022-12-30T10:38:03Z",
            "id": "eks-lab-cluster-module:vpc-cni",
            "modified_at": "2022-12-30T10:38:49Z",
            "preserve": null,
            "resolve_conflicts": "OVERWRITE",
            "service_account_role_arn": "",
            "tags": {
              "LAB": "tesi_mattia",
              "infra": "terraform"
            },
            "tags_all": {
              "LAB": "tesi_mattia",
              "infra": "terraform"
            },
            "timeouts": {
              "create": null,
              "delete": null,
              "update": null
            }
          },
          "sensitive_attributes": [],
          "private": "eyJlMmJmYjczMC1lY2FhLTExZTYtOGY4OC0zNDM2M2JjN2M0YzAiOnsiY3JlYXRlIjoxMjAwMDAwMDAwMDAwLCJkZWxldGUiOjI0MDAwMDAwMDAwMDAsInVwZGF0ZSI6MTIwMDAwMDAwMDAwMH19",
          "dependencies": [
            "aws_security_group.control_plane_sg",
            "aws_security_group.data_plane_sg",
            "module.eks.aws_cloudwatch_log_group.this",
            "module.eks.aws_eks_cluster.this",
            "module.eks.aws_iam_role.this",
            "module.eks.aws_iam_role_policy_attachment.this",
            "module.eks.aws_security_group.cluster",
            "module.eks.aws_security_group.node",
            "module.eks.aws_security_group_rule.cluster",
            "module.eks.aws_security_group_rule.node",
            "module.eks.data.aws_eks_addon_version.this",
            "module.eks.data.aws_partition.current",
            "module.eks.module.eks_managed_node_group.aws_eks_node_group.this",
            "module.eks.module.eks_managed_node_group.aws_iam_role.this",
            "module.eks.module.eks_managed_node_group.aws_iam_role_policy_attachment.additional",
            "module.eks.module.eks_managed_node_group.aws_iam_role_policy_attachment.this",
            "module.eks.module.eks_managed_node_group.aws_launch_template.this",
            "module.eks.module.eks_managed_node_group.data.aws_caller_identity.current",
            "module.eks.module.eks_managed_node_group.data.aws_iam_policy_document.assume_role_policy",
            "module.eks.module.eks_managed_node_group.data.aws_partition.current",
            "module.eks.module.eks_managed_node_group.module.user_data.data.cloudinit_config.linux_eks_managed_node_group",
            "module.eks.module.fargate_profile.aws_eks_fargate_profile.this",
            "module.eks.module.fargate_profile.aws_iam_role.this",
            "module.eks.module.fargate_profile.aws_iam_role_policy_attachment.additional",
            "module.eks.module.fargate_profile.aws_iam_role_policy_attachment.this",
            "module.eks.module.fargate_profile.data.aws_caller_identity.current",
            "module.eks.module.fargate_profile.data.aws_iam_policy_document.assume_role_policy",
            "module.eks.module.fargate_profile.data.aws_partition.current",
            "module.eks.module.kms.aws_kms_external_key.this",
            "module.eks.module.kms.aws_kms_key.this",
            "module.eks.module.self_managed_node_group.aws_autoscaling_group.this",
            "module.eks.module.self_managed_node_group.aws_autoscaling_schedule.this",
            "module.eks.module.self_managed_node_group.aws_iam_instance_profile.this",
            "module.eks.module.self_managed_node_group.aws_iam_role.this",
            "module.eks.module.self_managed_node_group.aws_iam_role_policy_attachment.additional",
            "module.eks.module.self_managed_node_group.aws_iam_role_policy_attachment.this",
            "module.eks.module.self_managed_node_group.aws_launch_template.this",
            "module.eks.module.self_managed_node_group.data.aws_ami.eks_default",
            "module.eks.module.self_managed_node_group.data.aws_caller_identity.current",
            "module.eks.module.self_managed_node_group.data.aws_iam_policy_document.assume_role_policy",
            "module.eks.module.self_managed_node_group.data.aws_partition.current",
            "module.eks.module.self_managed_node_group.module.user_data.data.cloudinit_config.linux_eks_managed_node_group",
            "module.vpc.aws_subnet.private"
          ]
        }
      ]
    },
    {
      "module": "module.eks",
      "mode": "managed",
      "type": "aws_eks_cluster",
      "name": "this",
      "provider": "provider[\"registry.terraform.io/hashicorp/aws\"]",
      "instances": [
        {
          "index_key": 0,
          "schema_version": 0,
          "attributes": {
            "arn": "arn:aws:eks:eu-west-3:891288190130:cluster/eks-lab-cluster-module",
            "certificate_authority": [
              {
                "data": "LS0tLS1CRUdJTiBDRVJUSUZJQ0FURS0tLS0tCk1JSUMvakNDQWVhZ0F3SUJBZ0lCQURBTkJna3Foa2lHOXcwQkFRc0ZBREFWTVJNd0VRWURWUVFERXdwcmRXSmwKY201bGRHVnpNQjRYRFRJeU1USXpNREV3TWpjME5Wb1hEVE15TVRJeU56RXdNamMwTlZvd0ZURVRNQkVHQTFVRQpBeE1LYTNWaVpYSnVaWFJsY3pDQ0FTSXdEUVlKS29aSWh2Y05BUUVCQlFBRGdnRVBBRENDQVFvQ2dnRUJBTDdmCmFqa290cW45bXBlbEpVU29RZG5Da0VnMm1uMWMvNG00U1EwQUlHK1NCeE9KcXZPeS9iZ2hTYm9LeUROUDB5MXoKNWQyQWJBQWppbzlyVzV4cFZYckNOVWlXdDNwZ0R3TDh0QXFCT0kxQnJMVGNBR0F6MGMwZFlvUC9JemlYWEM4ZgprekdXbTg4Y1kwZWF6ZUIzd1BsYUFuYWd0N2pVVXRsQ2lwQmFSYXBzcHNhMkZKaThvYU05U1NjcmNnNTRKMmI2CmltbnRFYzFrZi9UNGo4NDZTRzY2VE9UNWNpaVBrWXRIbWIxMlF3NUhsYXkwRVBxQ2NLaGVlVThGK2lHbVgrUmEKdTFKbXNQY3UrUVN4R0Fzc0M3K0pXdXd1aU9pb1RTZDV4RVUwUFFmd3gzQ1RkOTE2d1EvSENSc3FFanl4ZkFpWApRMDVhempaOXFXalU3dVF6UEUwQ0F3RUFBYU5aTUZjd0RnWURWUjBQQVFIL0JBUURBZ0trTUE4R0ExVWRFd0VCCi93UUZNQU1CQWY4d0hRWURWUjBPQkJZRUZIZVNrWE5TdGMwTExPZHZpSnBMK2huKzZpV2RNQlVHQTFVZEVRUU8KTUF5Q0NtdDFZbVZ5Ym1WMFpYTXdEUVlKS29aSWh2Y05BUUVMQlFBRGdnRUJBRnVEcFdpMkNnOTUrcWRwTU9CbwpRWGFFcThSUms3aEs3UHBydXlXVlBKQnJlU3ZNYTdkd1lKQ3RjYk9CSkVocXdPS2pCVE9zYm0xSUtsa1NmZlFPClBlN29GVjVicHRHTkhsK1hrYkhsdzJzaGp5SjIrYmR4VUttTHAvU1NkbnpzUGFUbjc1eEZaenNFU1hUNEsrbVgKYytRQXR0NGJ0Y1FZS3JwamtuZlNpUS9KajFtUndoTW9jb2RoV1pYajdxTGxZcGtwaXJSa2xGMXhFdDdTNHZBOApLdEJkSGNLMk9qR2JnaG50WkpHUHVqN0ZxcmlOc1d4SmNWWEoyMXZMMTd3TTZGTzFPU1hHVC9Edlc2VDdCOTlXCjUrMUNTVmVEUWxUWmdRck0vTEtGcVhQRXZLd0oxc3RGYXJyeThTaDZNNmo4bTViQ3JScGRvN0JyOEphYUpFMzQKK2NzPQotLS0tLUVORCBDRVJUSUZJQ0FURS0tLS0tCg=="
              }
            ],
            "cluster_id": null,
            "created_at": "2022-12-30 10:22:43.86 +0000 UTC",
            "enabled_cluster_log_types": [
              "api",
              "audit",
              "authenticator",
              "controllerManager",
              "scheduler"
            ],
            "encryption_config": [
              {
                "provider": [
                  {
                    "key_arn": "arn:aws:kms:eu-west-3:891288190130:key/56982464-63aa-4756-9631-36792d1140fa"
                  }
                ],
                "resources": [
                  "secrets"
                ]
              }
            ],
            "endpoint": "https://C4715EF0137710D585A5A2CC28B63F8C.gr7.eu-west-3.eks.amazonaws.com",
            "id": "eks-lab-cluster-module",
            "identity": [
              {
                "oidc": [
                  {
                    "issuer": "https://oidc.eks.eu-west-3.amazonaws.com/id/C4715EF0137710D585A5A2CC28B63F8C"
                  }
                ]
              }
            ],
            "kubernetes_network_config": [
              {
                "ip_family": "ipv4",
                "service_ipv4_cidr": "172.20.0.0/16",
                "service_ipv6_cidr": ""
              }
            ],
            "name": "eks-lab-cluster-module",
            "outpost_config": [],
            "platform_version": "eks.5",
            "role_arn": "arn:aws:iam::891288190130:role/eks-lab-cluster-module-cluster-20221230094116179500000003",
            "status": "ACTIVE",
            "tags": {
              "LAB": "tesi_mattia",
              "infra": "terraform"
            },
            "tags_all": {
              "LAB": "tesi_mattia",
              "infra": "terraform"
            },
            "timeouts": {
              "create": null,
              "delete": null,
              "update": null
            },
            "version": "1.23",
            "vpc_config": [
              {
                "cluster_security_group_id": "sg-092f8ab49331cda38",
                "endpoint_private_access": true,
                "endpoint_public_access": false,
                "public_access_cidrs": [
                  "0.0.0.0/0"
                ],
                "security_group_ids": [
                  "sg-0f68348a8d3e85c1d"
                ],
                "subnet_ids": [
                  "subnet-05241bb4630b17ff4",
                  "subnet-0d873c0f6a237c366"
                ],
                "vpc_id": "vpc-04e6478969db0a23d"
              }
            ]
          },
          "sensitive_attributes": [],
          "private": "eyJlMmJmYjczMC1lY2FhLTExZTYtOGY4OC0zNDM2M2JjN2M0YzAiOnsiY3JlYXRlIjoxODAwMDAwMDAwMDAwLCJkZWxldGUiOjkwMDAwMDAwMDAwMCwidXBkYXRlIjozNjAwMDAwMDAwMDAwfX0=",
          "dependencies": [
            "aws_security_group.control_plane_sg",
            "module.eks.aws_cloudwatch_log_group.this",
            "module.eks.aws_iam_role.this",
            "module.eks.aws_iam_role_policy_attachment.this",
            "module.eks.aws_security_group.cluster",
            "module.eks.aws_security_group_rule.cluster",
            "module.eks.aws_security_group_rule.node",
            "module.eks.data.aws_partition.current",
            "module.eks.module.kms.aws_kms_external_key.this",
            "module.eks.module.kms.aws_kms_key.this",
            "module.vpc.aws_subnet.private"
          ],
          "create_before_destroy": true
        }
      ]
    },
    {
      "module": "module.eks",
      "mode": "managed",
      "type": "aws_iam_policy",
      "name": "cluster_encryption",
      "provider": "provider[\"registry.terraform.io/hashicorp/aws\"]",
      "instances": [
        {
          "index_key": 0,
          "schema_version": 0,
          "attributes": {
            "arn": "arn:aws:iam::891288190130:policy/eks-lab-cluster-module-cluster-ClusterEncryption20221230094148016400000014",
            "description": "Cluster encryption policy to allow cluster role to utilize CMK provided",
            "id": "arn:aws:iam::891288190130:policy/eks-lab-cluster-module-cluster-ClusterEncryption20221230094148016400000014",
            "name": "eks-lab-cluster-module-cluster-ClusterEncryption20221230094148016400000014",
            "name_prefix": "eks-lab-cluster-module-cluster-ClusterEncryption",
            "path": "/",
            "policy": "{\"Statement\":[{\"Action\":[\"kms:Encrypt\",\"kms:Decrypt\",\"kms:ListGrants\",\"kms:DescribeKey\"],\"Effect\":\"Allow\",\"Resource\":\"arn:aws:kms:eu-west-3:891288190130:key/56982464-63aa-4756-9631-36792d1140fa\"}],\"Version\":\"2012-10-17\"}",
            "policy_id": "ANPA47BHKPSZJJKWYKZL4",
            "tags": {
              "LAB": "tesi_mattia",
              "infra": "terraform"
            },
            "tags_all": {
              "LAB": "tesi_mattia",
              "infra": "terraform"
            }
          },
          "sensitive_attributes": [],
          "private": "bnVsbA==",
          "dependencies": [
            "module.eks.aws_iam_role.this",
            "module.eks.data.aws_caller_identity.current",
            "module.eks.data.aws_iam_policy_document.assume_role_policy",
            "module.eks.data.aws_partition.current",
            "module.eks.module.kms.aws_kms_external_key.this",
            "module.eks.module.kms.aws_kms_key.this",
            "module.eks.module.kms.data.aws_caller_identity.current",
            "module.eks.module.kms.data.aws_iam_policy_document.this",
            "module.eks.module.kms.data.aws_partition.current"
          ]
        }
      ]
    },
    {
      "module": "module.eks",
      "mode": "managed",
      "type": "aws_iam_role",
      "name": "this",
      "provider": "provider[\"registry.terraform.io/hashicorp/aws\"]",
      "instances": [
        {
          "index_key": 0,
          "schema_version": 0,
          "attributes": {
            "arn": "arn:aws:iam::891288190130:role/eks-lab-cluster-module-cluster-20221230094116179500000003",
            "assume_role_policy": "{\"Statement\":[{\"Action\":\"sts:AssumeRole\",\"Effect\":\"Allow\",\"Principal\":{\"Service\":\"eks.amazonaws.com\"},\"Sid\":\"EKSClusterAssumeRole\"}],\"Version\":\"2012-10-17\"}",
            "create_date": "2022-12-30T09:41:15Z",
            "description": "",
            "force_detach_policies": true,
            "id": "eks-lab-cluster-module-cluster-20221230094116179500000003",
            "inline_policy": [],
            "managed_policy_arns": [
              "arn:aws:iam::891288190130:policy/eks-lab-cluster-module-cluster-ClusterEncryption20221230094148016400000014",
              "arn:aws:iam::aws:policy/AmazonEKSClusterPolicy",
              "arn:aws:iam::aws:policy/AmazonEKSVPCResourceController"
            ],
            "max_session_duration": 3600,
            "name": "eks-lab-cluster-module-cluster-20221230094116179500000003",
            "name_prefix": "eks-lab-cluster-module-cluster-",
            "path": "/",
            "permissions_boundary": null,
            "tags": {
              "LAB": "tesi_mattia",
              "Name": "eks-lab-cluster-module-cluster",
              "infra": "terraform"
            },
            "tags_all": {
              "LAB": "tesi_mattia",
              "Name": "eks-lab-cluster-module-cluster",
              "infra": "terraform"
            },
            "unique_id": "AROA47BHKPSZLW55Z3335"
          },
          "sensitive_attributes": [],
          "private": "bnVsbA==",
          "dependencies": [
            "module.eks.data.aws_iam_policy_document.assume_role_policy",
            "module.eks.data.aws_partition.current"
          ],
          "create_before_destroy": true
        }
      ]
    },
    {
      "module": "module.eks",
      "mode": "managed",
      "type": "aws_iam_role_policy_attachment",
      "name": "cluster_encryption",
      "provider": "provider[\"registry.terraform.io/hashicorp/aws\"]",
      "instances": [
        {
          "index_key": 0,
          "schema_version": 0,
          "attributes": {
            "id": "eks-lab-cluster-module-cluster-20221230094116179500000003-20221230094148682100000015",
            "policy_arn": "arn:aws:iam::891288190130:policy/eks-lab-cluster-module-cluster-ClusterEncryption20221230094148016400000014",
            "role": "eks-lab-cluster-module-cluster-20221230094116179500000003"
          },
          "sensitive_attributes": [],
          "private": "bnVsbA==",
          "dependencies": [
            "module.eks.aws_iam_policy.cluster_encryption",
            "module.eks.aws_iam_role.this",
            "module.eks.data.aws_caller_identity.current",
            "module.eks.data.aws_iam_policy_document.assume_role_policy",
            "module.eks.data.aws_partition.current",
            "module.eks.module.kms.aws_kms_external_key.this",
            "module.eks.module.kms.aws_kms_key.this",
            "module.eks.module.kms.data.aws_caller_identity.current",
            "module.eks.module.kms.data.aws_iam_policy_document.this",
            "module.eks.module.kms.data.aws_partition.current"
          ]
        }
      ]
    },
    {
      "module": "module.eks",
      "mode": "managed",
      "type": "aws_iam_role_policy_attachment",
      "name": "this",
      "provider": "provider[\"registry.terraform.io/hashicorp/aws\"]",
      "instances": [
        {
          "index_key": "AmazonEKSClusterPolicy",
          "schema_version": 0,
          "attributes": {
            "id": "eks-lab-cluster-module-cluster-20221230094116179500000003-2022123009411826170000000a",
            "policy_arn": "arn:aws:iam::aws:policy/AmazonEKSClusterPolicy",
            "role": "eks-lab-cluster-module-cluster-20221230094116179500000003"
          },
          "sensitive_attributes": [],
          "private": "bnVsbA==",
          "dependencies": [
            "module.eks.aws_iam_role.this",
            "module.eks.data.aws_iam_policy_document.assume_role_policy",
            "module.eks.data.aws_partition.current"
          ],
          "create_before_destroy": true
        },
        {
          "index_key": "AmazonEKSVPCResourceController",
          "schema_version": 0,
          "attributes": {
            "id": "eks-lab-cluster-module-cluster-20221230094116179500000003-20221230094118221600000009",
            "policy_arn": "arn:aws:iam::aws:policy/AmazonEKSVPCResourceController",
            "role": "eks-lab-cluster-module-cluster-20221230094116179500000003"
          },
          "sensitive_attributes": [],
          "private": "bnVsbA==",
          "dependencies": [
            "module.eks.aws_iam_role.this",
            "module.eks.data.aws_iam_policy_document.assume_role_policy",
            "module.eks.data.aws_partition.current"
          ],
          "create_before_destroy": true
        }
      ]
    },
    {
      "module": "module.eks.module.eks_managed_node_group[\"private-nodes\"]",
      "mode": "data",
      "type": "aws_caller_identity",
      "name": "current",
      "provider": "provider[\"registry.terraform.io/hashicorp/aws\"]",
      "instances": [
        {
          "schema_version": 0,
          "attributes": {
            "account_id": "891288190130",
            "arn": "arn:aws:iam::891288190130:user/ma.caracciolo@reply.it",
            "id": "891288190130",
            "user_id": "AIDA47BHKPSZB3DR4SBAK"
          },
          "sensitive_attributes": []
        }
      ]
    },
    {
      "module": "module.eks.module.eks_managed_node_group[\"private-nodes\"]",
      "mode": "data",
      "type": "aws_iam_policy_document",
      "name": "assume_role_policy",
      "provider": "provider[\"registry.terraform.io/hashicorp/aws\"]",
      "instances": [
        {
          "index_key": 0,
          "schema_version": 0,
          "attributes": {
            "id": "2560088296",
            "json": "{\n  \"Version\": \"2012-10-17\",\n  \"Statement\": [\n    {\n      \"Sid\": \"EKSNodeAssumeRole\",\n      \"Effect\": \"Allow\",\n      \"Action\": \"sts:AssumeRole\",\n      \"Principal\": {\n        \"Service\": \"ec2.amazonaws.com\"\n      }\n    }\n  ]\n}",
            "override_json": null,
            "override_policy_documents": null,
            "policy_id": null,
            "source_json": null,
            "source_policy_documents": null,
            "statement": [
              {
                "actions": [
                  "sts:AssumeRole"
                ],
                "condition": [],
                "effect": "Allow",
                "not_actions": [],
                "not_principals": [],
                "not_resources": [],
                "principals": [
                  {
                    "identifiers": [
                      "ec2.amazonaws.com"
                    ],
                    "type": "Service"
                  }
                ],
                "resources": [],
                "sid": "EKSNodeAssumeRole"
              }
            ],
            "version": "2012-10-17"
          },
          "sensitive_attributes": []
        }
      ]
    },
    {
      "module": "module.eks.module.eks_managed_node_group[\"private-nodes\"]",
      "mode": "data",
      "type": "aws_partition",
      "name": "current",
      "provider": "provider[\"registry.terraform.io/hashicorp/aws\"]",
      "instances": [
        {
          "schema_version": 0,
          "attributes": {
            "dns_suffix": "amazonaws.com",
            "id": "aws",
            "partition": "aws",
            "reverse_dns_prefix": "com.amazonaws"
          },
          "sensitive_attributes": []
        }
      ]
    },
    {
      "module": "module.eks.module.eks_managed_node_group[\"private-nodes\"]",
      "mode": "managed",
      "type": "aws_eks_node_group",
      "name": "this",
      "provider": "provider[\"registry.terraform.io/hashicorp/aws\"]",
      "instances": [
        {
          "index_key": 0,
          "schema_version": 0,
          "attributes": {
            "ami_type": "AL2_x86_64",
            "arn": "arn:aws:eks:eu-west-3:891288190130:nodegroup/eks-lab-cluster-module/private-nodes-20221230103247647400000003/a6c2b14b-b3e8-a103-5cc7-58be89b4b501",
            "capacity_type": "ON_DEMAND",
            "cluster_name": "eks-lab-cluster-module",
            "disk_size": 0,
            "force_update_version": null,
            "id": "eks-lab-cluster-module:private-nodes-20221230103247647400000003",
            "instance_types": [
              "t3a.small"
            ],
            "labels": null,
            "launch_template": [
              {
                "id": "lt-0534e422edbccc7aa",
                "name": "private-nodes-20221230103246995200000001",
                "version": "1"
              }
            ],
            "node_group_name": "private-nodes-20221230103247647400000003",
            "node_group_name_prefix": "private-nodes-",
            "node_role_arn": "arn:aws:iam::891288190130:role/private-nodes-eks-node-group-20221230094116174700000002",
            "release_version": "1.23.13-20221222",
            "remote_access": [],
            "resources": [
              {
                "autoscaling_groups": [
                  {
                    "name": "eks-private-nodes-20221230103247647400000003-a6c2b14b-b3e8-a103-5cc7-58be89b4b501"
                  }
                ],
                "remote_access_security_group_id": ""
              }
            ],
            "scaling_config": [
              {
                "desired_size": 1,
                "max_size": 2,
                "min_size": 1
              }
            ],
            "status": "ACTIVE",
            "subnet_ids": [
              "subnet-05241bb4630b17ff4",
              "subnet-0d873c0f6a237c366"
            ],
            "tags": {
              "LAB": "tesi_mattia",
              "Name": "private-nodes",
              "infra": "terraform"
            },
            "tags_all": {
              "LAB": "tesi_mattia",
              "Name": "private-nodes",
              "infra": "terraform"
            },
            "taint": [],
            "timeouts": {
              "create": null,
              "delete": null,
              "update": null
            },
            "update_config": [
              {
                "max_unavailable": 0,
                "max_unavailable_percentage": 33
              }
            ],
            "version": "1.23"
          },
          "sensitive_attributes": [],
          "private": "eyJlMmJmYjczMC1lY2FhLTExZTYtOGY4OC0zNDM2M2JjN2M0YzAiOnsiY3JlYXRlIjozNjAwMDAwMDAwMDAwLCJkZWxldGUiOjM2MDAwMDAwMDAwMDAsInVwZGF0ZSI6MzYwMDAwMDAwMDAwMH19",
          "dependencies": [
            "aws_security_group.control_plane_sg",
            "aws_security_group.data_plane_sg",
            "module.eks.aws_cloudwatch_log_group.this",
            "module.eks.aws_eks_cluster.this",
            "module.eks.aws_iam_role.this",
            "module.eks.aws_iam_role_policy_attachment.this",
            "module.eks.aws_security_group.cluster",
            "module.eks.aws_security_group.node",
            "module.eks.aws_security_group_rule.cluster",
            "module.eks.aws_security_group_rule.node",
            "module.eks.data.aws_partition.current",
            "module.eks.module.eks_managed_node_group.aws_iam_role.this",
            "module.eks.module.eks_managed_node_group.aws_iam_role_policy_attachment.this",
            "module.eks.module.eks_managed_node_group.aws_launch_template.this",
            "module.eks.module.eks_managed_node_group.data.aws_caller_identity.current",
            "module.eks.module.eks_managed_node_group.data.aws_partition.current",
            "module.eks.module.eks_managed_node_group.module.user_data.data.cloudinit_config.linux_eks_managed_node_group",
            "module.eks.module.kms.aws_kms_external_key.this",
            "module.eks.module.kms.aws_kms_key.this",
            "module.vpc.aws_subnet.private"
          ],
          "create_before_destroy": true
        }
      ]
    },
    {
      "module": "module.eks.module.eks_managed_node_group[\"private-nodes\"]",
      "mode": "managed",
      "type": "aws_iam_role",
      "name": "this",
      "provider": "provider[\"registry.terraform.io/hashicorp/aws\"]",
      "instances": [
        {
          "index_key": 0,
          "schema_version": 0,
          "attributes": {
            "arn": "arn:aws:iam::891288190130:role/private-nodes-eks-node-group-20221230094116174700000002",
            "assume_role_policy": "{\"Statement\":[{\"Action\":\"sts:AssumeRole\",\"Effect\":\"Allow\",\"Principal\":{\"Service\":\"ec2.amazonaws.com\"},\"Sid\":\"EKSNodeAssumeRole\"}],\"Version\":\"2012-10-17\"}",
            "create_date": "2022-12-30T09:41:14Z",
            "description": "EKS managed node group IAM role",
            "force_detach_policies": true,
            "id": "private-nodes-eks-node-group-20221230094116174700000002",
            "inline_policy": [],
            "managed_policy_arns": [
              "arn:aws:iam::aws:policy/AmazonEC2ContainerRegistryReadOnly",
              "arn:aws:iam::aws:policy/AmazonEKSWorkerNodePolicy",
              "arn:aws:iam::aws:policy/AmazonEKS_CNI_Policy",
              "arn:aws:iam::aws:policy/AmazonSSMManagedInstanceCore"
            ],
            "max_session_duration": 3600,
            "name": "private-nodes-eks-node-group-20221230094116174700000002",
            "name_prefix": "private-nodes-eks-node-group-",
            "path": "/",
            "permissions_boundary": null,
            "tags": {
              "LAB": "tesi_mattia",
              "infra": "terraform"
            },
            "tags_all": {
              "LAB": "tesi_mattia",
              "infra": "terraform"
            },
            "unique_id": "AROA47BHKPSZBVH3Y4DW2"
          },
          "sensitive_attributes": [],
          "private": "bnVsbA==",
          "dependencies": [
            "module.eks.module.eks_managed_node_group.data.aws_iam_policy_document.assume_role_policy",
            "module.eks.module.eks_managed_node_group.data.aws_partition.current"
          ],
          "create_before_destroy": true
        }
      ]
    },
    {
      "module": "module.eks.module.eks_managed_node_group[\"private-nodes\"]",
      "mode": "managed",
      "type": "aws_iam_role_policy_attachment",
      "name": "additional",
      "provider": "provider[\"registry.terraform.io/hashicorp/aws\"]",
      "instances": [
        {
          "index_key": "arn:aws:iam::aws:policy/AmazonSSMManagedInstanceCore",
          "schema_version": 0,
          "attributes": {
            "id": "private-nodes-eks-node-group-20221230094116174700000002-20221230094117885700000005",
            "policy_arn": "arn:aws:iam::aws:policy/AmazonSSMManagedInstanceCore",
            "role": "private-nodes-eks-node-group-20221230094116174700000002"
          },
          "sensitive_attributes": [],
          "private": "bnVsbA==",
          "dependencies": [
            "module.eks.module.eks_managed_node_group.aws_iam_role.this",
            "module.eks.module.eks_managed_node_group.data.aws_iam_policy_document.assume_role_policy",
            "module.eks.module.eks_managed_node_group.data.aws_partition.current"
          ]
        }
      ]
    },
    {
      "module": "module.eks.module.eks_managed_node_group[\"private-nodes\"]",
      "mode": "managed",
      "type": "aws_iam_role_policy_attachment",
      "name": "this",
      "provider": "provider[\"registry.terraform.io/hashicorp/aws\"]",
      "instances": [
        {
          "index_key": "arn:aws:iam::aws:policy/AmazonEC2ContainerRegistryReadOnly",
          "schema_version": 0,
          "attributes": {
            "id": "private-nodes-eks-node-group-20221230094116174700000002-20221230094118133100000008",
            "policy_arn": "arn:aws:iam::aws:policy/AmazonEC2ContainerRegistryReadOnly",
            "role": "private-nodes-eks-node-group-20221230094116174700000002"
          },
          "sensitive_attributes": [],
          "private": "bnVsbA==",
          "dependencies": [
            "module.eks.module.eks_managed_node_group.aws_iam_role.this",
            "module.eks.module.eks_managed_node_group.data.aws_caller_identity.current",
            "module.eks.module.eks_managed_node_group.data.aws_iam_policy_document.assume_role_policy",
            "module.eks.module.eks_managed_node_group.data.aws_partition.current"
          ],
          "create_before_destroy": true
        },
        {
          "index_key": "arn:aws:iam::aws:policy/AmazonEKSWorkerNodePolicy",
          "schema_version": 0,
          "attributes": {
            "id": "private-nodes-eks-node-group-20221230094116174700000002-20221230094118057600000007",
            "policy_arn": "arn:aws:iam::aws:policy/AmazonEKSWorkerNodePolicy",
            "role": "private-nodes-eks-node-group-20221230094116174700000002"
          },
          "sensitive_attributes": [],
          "private": "bnVsbA==",
          "dependencies": [
            "module.eks.module.eks_managed_node_group.aws_iam_role.this",
            "module.eks.module.eks_managed_node_group.data.aws_caller_identity.current",
            "module.eks.module.eks_managed_node_group.data.aws_iam_policy_document.assume_role_policy",
            "module.eks.module.eks_managed_node_group.data.aws_partition.current"
          ],
          "create_before_destroy": true
        },
        {
          "index_key": "arn:aws:iam::aws:policy/AmazonEKS_CNI_Policy",
          "schema_version": 0,
          "attributes": {
            "id": "private-nodes-eks-node-group-20221230094116174700000002-20221230094117954500000006",
            "policy_arn": "arn:aws:iam::aws:policy/AmazonEKS_CNI_Policy",
            "role": "private-nodes-eks-node-group-20221230094116174700000002"
          },
          "sensitive_attributes": [],
          "private": "bnVsbA==",
          "dependencies": [
            "module.eks.module.eks_managed_node_group.aws_iam_role.this",
            "module.eks.module.eks_managed_node_group.data.aws_caller_identity.current",
            "module.eks.module.eks_managed_node_group.data.aws_iam_policy_document.assume_role_policy",
            "module.eks.module.eks_managed_node_group.data.aws_partition.current"
          ],
          "create_before_destroy": true
        }
      ]
    },
    {
      "module": "module.eks.module.eks_managed_node_group[\"private-nodes\"]",
      "mode": "managed",
      "type": "aws_launch_template",
      "name": "this",
      "provider": "provider[\"registry.terraform.io/hashicorp/aws\"]",
      "instances": [
        {
          "index_key": 0,
          "schema_version": 0,
          "attributes": {
            "arn": "arn:aws:ec2:eu-west-3:891288190130:launch-template/lt-0534e422edbccc7aa",
            "block_device_mappings": [],
            "capacity_reservation_specification": [],
            "cpu_options": [],
            "credit_specification": [],
            "default_version": 1,
            "description": "Custom launch template for private-nodes EKS managed node group",
            "disable_api_stop": false,
            "disable_api_termination": false,
            "ebs_optimized": "",
            "elastic_gpu_specifications": [],
            "elastic_inference_accelerator": [],
            "enclave_options": [],
            "hibernation_options": [],
            "iam_instance_profile": [],
            "id": "lt-0534e422edbccc7aa",
            "image_id": "",
            "instance_initiated_shutdown_behavior": "",
            "instance_market_options": [],
            "instance_requirements": [],
            "instance_type": "",
            "kernel_id": "",
            "key_name": "",
            "latest_version": 1,
            "license_specification": [],
            "maintenance_options": [],
            "metadata_options": [
              {
                "http_endpoint": "enabled",
                "http_protocol_ipv6": "disabled",
                "http_put_response_hop_limit": 2,
                "http_tokens": "required",
                "instance_metadata_tags": "disabled"
              }
            ],
            "monitoring": [
              {
                "enabled": true
              }
            ],
            "name": "private-nodes-20221230103246995200000001",
            "name_prefix": "private-nodes-",
            "network_interfaces": [],
            "placement": [],
            "private_dns_name_options": [],
            "ram_disk_id": "",
            "security_group_names": null,
            "tag_specifications": [
              {
                "resource_type": "instance",
                "tags": {
                  "LAB": "tesi_mattia",
                  "Name": "private-nodes",
                  "infra": "terraform"
                }
              },
              {
                "resource_type": "network-interface",
                "tags": {
                  "LAB": "tesi_mattia",
                  "Name": "private-nodes",
                  "infra": "terraform"
                }
              },
              {
                "resource_type": "volume",
                "tags": {
                  "LAB": "tesi_mattia",
                  "Name": "private-nodes",
                  "infra": "terraform"
                }
              }
            ],
            "tags": {
              "LAB": "tesi_mattia",
              "infra": "terraform"
            },
            "tags_all": {
              "LAB": "tesi_mattia",
              "infra": "terraform"
            },
            "update_default_version": true,
            "user_data": "",
            "vpc_security_group_ids": [
              "sg-085cce31f1d250801"
            ]
          },
          "sensitive_attributes": [],
          "private": "bnVsbA==",
          "dependencies": [
            "aws_security_group.control_plane_sg",
            "aws_security_group.data_plane_sg",
            "module.eks.aws_cloudwatch_log_group.this",
            "module.eks.aws_eks_cluster.this",
            "module.eks.aws_iam_role.this",
            "module.eks.aws_iam_role_policy_attachment.this",
            "module.eks.aws_security_group.cluster",
            "module.eks.aws_security_group.node",
            "module.eks.aws_security_group_rule.cluster",
            "module.eks.aws_security_group_rule.node",
            "module.eks.data.aws_partition.current",
            "module.eks.module.eks_managed_node_group.aws_iam_role_policy_attachment.this",
            "module.eks.module.eks_managed_node_group.data.aws_caller_identity.current",
            "module.eks.module.eks_managed_node_group.data.aws_partition.current",
            "module.eks.module.eks_managed_node_group.module.user_data.data.cloudinit_config.linux_eks_managed_node_group",
            "module.eks.module.kms.aws_kms_external_key.this",
            "module.eks.module.kms.aws_kms_key.this",
            "module.vpc.aws_subnet.private"
          ],
          "create_before_destroy": true
        }
      ]
    },
    {
      "module": "module.eks.module.kms",
      "mode": "data",
      "type": "aws_caller_identity",
      "name": "current",
      "provider": "provider[\"registry.terraform.io/hashicorp/aws\"]",
      "instances": [
        {
          "schema_version": 0,
          "attributes": {
            "account_id": "891288190130",
            "arn": "arn:aws:iam::891288190130:user/ma.caracciolo@reply.it",
            "id": "891288190130",
            "user_id": "AIDA47BHKPSZB3DR4SBAK"
          },
          "sensitive_attributes": []
        }
      ]
    },
    {
      "module": "module.eks.module.kms",
      "mode": "data",
      "type": "aws_iam_policy_document",
      "name": "this",
      "provider": "provider[\"registry.terraform.io/hashicorp/aws\"]",
      "instances": [
        {
          "index_key": 0,
          "schema_version": 0,
          "attributes": {
            "id": "4176178964",
            "json": "{\n  \"Version\": \"2012-10-17\",\n  \"Statement\": [\n    {\n      \"Sid\": \"KeyAdministration\",\n      \"Effect\": \"Allow\",\n      \"Action\": [\n        \"kms:Update*\",\n        \"kms:UntagResource\",\n        \"kms:TagResource\",\n        \"kms:ScheduleKeyDeletion\",\n        \"kms:Revoke*\",\n        \"kms:Put*\",\n        \"kms:List*\",\n        \"kms:Get*\",\n        \"kms:Enable*\",\n        \"kms:Disable*\",\n        \"kms:Describe*\",\n        \"kms:Delete*\",\n        \"kms:Create*\",\n        \"kms:CancelKeyDeletion\"\n      ],\n      \"Resource\": \"*\",\n      \"Principal\": {\n        \"AWS\": \"arn:aws:iam::891288190130:user/ma.caracciolo@reply.it\"\n      }\n    },\n    {\n      \"Sid\": \"KeyUsage\",\n      \"Effect\": \"Allow\",\n      \"Action\": [\n        \"kms:ReEncrypt*\",\n        \"kms:GenerateDataKey*\",\n        \"kms:Encrypt\",\n        \"kms:DescribeKey\",\n        \"kms:Decrypt\"\n      ],\n      \"Resource\": \"*\",\n      \"Principal\": {\n        \"AWS\": \"arn:aws:iam::891288190130:role/eks-lab-cluster-module-cluster-20221230094116179500000003\"\n      }\n    }\n  ]\n}",
            "override_json": null,
            "override_policy_documents": null,
            "policy_id": null,
            "source_json": null,
            "source_policy_documents": null,
            "statement": [
              {
                "actions": [
                  "kms:CancelKeyDeletion",
                  "kms:Create*",
                  "kms:Delete*",
                  "kms:Describe*",
                  "kms:Disable*",
                  "kms:Enable*",
                  "kms:Get*",
                  "kms:List*",
                  "kms:Put*",
                  "kms:Revoke*",
                  "kms:ScheduleKeyDeletion",
                  "kms:TagResource",
                  "kms:UntagResource",
                  "kms:Update*"
                ],
                "condition": [],
                "effect": "Allow",
                "not_actions": [],
                "not_principals": [],
                "not_resources": [],
                "principals": [
                  {
                    "identifiers": [
                      "arn:aws:iam::891288190130:user/ma.caracciolo@reply.it"
                    ],
                    "type": "AWS"
                  }
                ],
                "resources": [
                  "*"
                ],
                "sid": "KeyAdministration"
              },
              {
                "actions": [
                  "kms:Decrypt",
                  "kms:DescribeKey",
                  "kms:Encrypt",
                  "kms:GenerateDataKey*",
                  "kms:ReEncrypt*"
                ],
                "condition": [],
                "effect": "Allow",
                "not_actions": [],
                "not_principals": [],
                "not_resources": [],
                "principals": [
                  {
                    "identifiers": [
                      "arn:aws:iam::891288190130:role/eks-lab-cluster-module-cluster-20221230094116179500000003"
                    ],
                    "type": "AWS"
                  }
                ],
                "resources": [
                  "*"
                ],
                "sid": "KeyUsage"
              }
            ],
            "version": "2012-10-17"
          },
          "sensitive_attributes": []
        }
      ]
    },
    {
      "module": "module.eks.module.kms",
      "mode": "data",
      "type": "aws_partition",
      "name": "current",
      "provider": "provider[\"registry.terraform.io/hashicorp/aws\"]",
      "instances": [
        {
          "schema_version": 0,
          "attributes": {
            "dns_suffix": "amazonaws.com",
            "id": "aws",
            "partition": "aws",
            "reverse_dns_prefix": "com.amazonaws"
          },
          "sensitive_attributes": []
        }
      ]
    },
    {
      "module": "module.eks.module.kms",
      "mode": "managed",
      "type": "aws_kms_alias",
      "name": "this",
      "provider": "provider[\"registry.terraform.io/hashicorp/aws\"]",
      "instances": [
        {
          "index_key": "cluster",
          "schema_version": 0,
          "attributes": {
            "arn": "arn:aws:kms:eu-west-3:891288190130:alias/eks/eks-lab-cluster-module",
            "id": "alias/eks/eks-lab-cluster-module",
            "name": "alias/eks/eks-lab-cluster-module",
            "name_prefix": "",
            "target_key_arn": "arn:aws:kms:eu-west-3:891288190130:key/56982464-63aa-4756-9631-36792d1140fa",
            "target_key_id": "56982464-63aa-4756-9631-36792d1140fa"
          },
          "sensitive_attributes": [],
          "private": "bnVsbA==",
          "dependencies": [
            "module.eks.aws_iam_role.this",
            "module.eks.data.aws_caller_identity.current",
            "module.eks.data.aws_iam_policy_document.assume_role_policy",
            "module.eks.data.aws_partition.current",
            "module.eks.module.kms.aws_kms_external_key.this",
            "module.eks.module.kms.aws_kms_key.this",
            "module.eks.module.kms.data.aws_caller_identity.current",
            "module.eks.module.kms.data.aws_iam_policy_document.this",
            "module.eks.module.kms.data.aws_partition.current"
          ]
        }
      ]
    },
    {
      "module": "module.eks.module.kms",
      "mode": "managed",
      "type": "aws_kms_key",
      "name": "this",
      "provider": "provider[\"registry.terraform.io/hashicorp/aws\"]",
      "instances": [
        {
          "index_key": 0,
          "schema_version": 0,
          "attributes": {
            "arn": "arn:aws:kms:eu-west-3:891288190130:key/56982464-63aa-4756-9631-36792d1140fa",
            "bypass_policy_lockout_safety_check": false,
            "custom_key_store_id": "",
            "customer_master_key_spec": "SYMMETRIC_DEFAULT",
            "deletion_window_in_days": null,
            "description": "eks-lab-cluster-module cluster encryption key",
            "enable_key_rotation": true,
            "id": "56982464-63aa-4756-9631-36792d1140fa",
            "is_enabled": true,
            "key_id": "56982464-63aa-4756-9631-36792d1140fa",
            "key_usage": "ENCRYPT_DECRYPT",
            "multi_region": false,
            "policy": "{\n  \"Version\": \"2012-10-17\",\n  \"Statement\": [\n    {\n      \"Sid\": \"KeyAdministration\",\n      \"Effect\": \"Allow\",\n      \"Action\": [\n        \"kms:Update*\",\n        \"kms:UntagResource\",\n        \"kms:TagResource\",\n        \"kms:ScheduleKeyDeletion\",\n        \"kms:Revoke*\",\n        \"kms:Put*\",\n        \"kms:List*\",\n        \"kms:Get*\",\n        \"kms:Enable*\",\n        \"kms:Disable*\",\n        \"kms:Describe*\",\n        \"kms:Delete*\",\n        \"kms:Create*\",\n        \"kms:CancelKeyDeletion\"\n      ],\n      \"Resource\": \"*\",\n      \"Principal\": {\n        \"AWS\": \"arn:aws:iam::891288190130:user/ma.caracciolo@reply.it\"\n      }\n    },\n    {\n      \"Sid\": \"KeyUsage\",\n      \"Effect\": \"Allow\",\n      \"Action\": [\n        \"kms:ReEncrypt*\",\n        \"kms:GenerateDataKey*\",\n        \"kms:Encrypt\",\n        \"kms:DescribeKey\",\n        \"kms:Decrypt\"\n      ],\n      \"Resource\": \"*\",\n      \"Principal\": {\n        \"AWS\": \"arn:aws:iam::891288190130:role/eks-lab-cluster-module-cluster-20221230094116179500000003\"\n      }\n    }\n  ]\n}",
            "tags": {
              "LAB": "tesi_mattia",
              "infra": "terraform"
            },
            "tags_all": {
              "LAB": "tesi_mattia",
              "infra": "terraform"
            }
          },
          "sensitive_attributes": [],
          "private": "bnVsbA==",
          "dependencies": [
            "module.eks.aws_iam_role.this",
            "module.eks.data.aws_caller_identity.current",
            "module.eks.data.aws_iam_policy_document.assume_role_policy",
            "module.eks.data.aws_partition.current",
            "module.eks.module.kms.data.aws_caller_identity.current",
            "module.eks.module.kms.data.aws_iam_policy_document.this",
            "module.eks.module.kms.data.aws_partition.current"
          ],
          "create_before_destroy": true
        }
      ]
    },
    {
      "module": "module.vpc",
      "mode": "managed",
      "type": "aws_default_security_group",
      "name": "this",
      "provider": "provider[\"registry.terraform.io/hashicorp/aws\"]",
      "instances": [
        {
          "index_key": 0,
          "schema_version": 1,
          "attributes": {
            "arn": "arn:aws:ec2:eu-west-3:891288190130:security-group/sg-01c969f258113a3db",
            "description": "default VPC security group",
            "egress": [],
            "id": "sg-01c969f258113a3db",
            "ingress": [],
            "name": "default",
            "name_prefix": "",
            "owner_id": "891288190130",
            "revoke_rules_on_delete": false,
            "tags": {
              "LAB": "tesi_mattia",
              "Name": "eks-lab-cluster-module-default-security-group",
              "infra": "terraform"
            },
            "tags_all": {
              "LAB": "tesi_mattia",
              "Name": "eks-lab-cluster-module-default-security-group",
              "infra": "terraform"
            },
            "vpc_id": "vpc-04e6478969db0a23d"
          },
          "sensitive_attributes": [],
          "private": "eyJzY2hlbWFfdmVyc2lvbiI6IjEifQ==",
          "dependencies": [
            "module.vpc.aws_vpc.this"
          ]
        }
      ]
    },
    {
      "module": "module.vpc",
      "mode": "managed",
      "type": "aws_flow_log",
      "name": "this",
      "provider": "provider[\"registry.terraform.io/hashicorp/aws\"]",
      "instances": [
        {
          "index_key": 0,
          "schema_version": 0,
          "attributes": {
            "arn": "arn:aws:ec2:eu-west-3:891288190130:vpc-flow-log/fl-007d8310009735b75",
            "destination_options": [
              {
                "file_format": "plain-text",
                "hive_compatible_partitions": false,
                "per_hour_partition": false
              }
            ],
            "eni_id": null,
            "iam_role_arn": "",
            "id": "fl-007d8310009735b75",
            "log_destination": "arn:aws:s3:::demo-infra-module-log20221230094116172900000001",
            "log_destination_type": "s3",
            "log_format": "${version} ${account-id} ${interface-id} ${srcaddr} ${dstaddr} ${srcport} ${dstport} ${protocol} ${packets} ${bytes} ${start} ${end} ${action} ${log-status}",
            "log_group_name": "",
            "max_aggregation_interval": 600,
            "subnet_id": null,
            "tags": {
              "LAB": "tesi_mattia",
              "infra": "terraform"
            },
            "tags_all": {
              "LAB": "tesi_mattia",
              "infra": "terraform"
            },
            "traffic_type": "ALL",
            "transit_gateway_attachment_id": null,
            "transit_gateway_id": null,
            "vpc_id": "vpc-04e6478969db0a23d"
          },
          "sensitive_attributes": [],
          "private": "bnVsbA==",
          "dependencies": [
            "aws_s3_bucket.log_bucket",
            "module.vpc.aws_cloudwatch_log_group.flow_log",
            "module.vpc.aws_iam_role.vpc_flow_log_cloudwatch",
            "module.vpc.aws_vpc.this",
            "module.vpc.aws_vpc_ipv4_cidr_block_association.this",
            "module.vpc.data.aws_iam_policy_document.flow_log_cloudwatch_assume_role"
          ]
        }
      ]
    },
    {
      "module": "module.vpc",
      "mode": "managed",
      "type": "aws_route_table",
      "name": "private",
      "provider": "provider[\"registry.terraform.io/hashicorp/aws\"]",
      "instances": [
        {
          "index_key": 0,
          "schema_version": 0,
          "attributes": {
            "arn": "arn:aws:ec2:eu-west-3:891288190130:route-table/rtb-066148ce85cecff75",
            "id": "rtb-066148ce85cecff75",
            "owner_id": "891288190130",
            "propagating_vgws": [],
            "route": [],
            "tags": {
              "LAB": "tesi_mattia",
              "Name": "-private-eu-west-3a",
              "infra": "terraform"
            },
            "tags_all": {
              "LAB": "tesi_mattia",
              "Name": "-private-eu-west-3a",
              "infra": "terraform"
            },
            "timeouts": null,
            "vpc_id": "vpc-04e6478969db0a23d"
          },
          "sensitive_attributes": [],
          "private": "eyJlMmJmYjczMC1lY2FhLTExZTYtOGY4OC0zNDM2M2JjN2M0YzAiOnsiY3JlYXRlIjozMDAwMDAwMDAwMDAsImRlbGV0ZSI6MzAwMDAwMDAwMDAwLCJ1cGRhdGUiOjEyMDAwMDAwMDAwMH19",
          "dependencies": [
            "data.aws_availability_zones.avzs",
            "module.vpc.aws_vpc.this",
            "module.vpc.aws_vpc_ipv4_cidr_block_association.this"
          ]
        },
        {
          "index_key": 1,
          "schema_version": 0,
          "attributes": {
            "arn": "arn:aws:ec2:eu-west-3:891288190130:route-table/rtb-02bb5b89bc267a939",
            "id": "rtb-02bb5b89bc267a939",
            "owner_id": "891288190130",
            "propagating_vgws": [],
            "route": [],
            "tags": {
              "LAB": "tesi_mattia",
              "Name": "-private-eu-west-3b",
              "infra": "terraform"
            },
            "tags_all": {
              "LAB": "tesi_mattia",
              "Name": "-private-eu-west-3b",
              "infra": "terraform"
            },
            "timeouts": null,
            "vpc_id": "vpc-04e6478969db0a23d"
          },
          "sensitive_attributes": [],
          "private": "eyJlMmJmYjczMC1lY2FhLTExZTYtOGY4OC0zNDM2M2JjN2M0YzAiOnsiY3JlYXRlIjozMDAwMDAwMDAwMDAsImRlbGV0ZSI6MzAwMDAwMDAwMDAwLCJ1cGRhdGUiOjEyMDAwMDAwMDAwMH19",
          "dependencies": [
            "data.aws_availability_zones.avzs",
            "module.vpc.aws_vpc.this",
            "module.vpc.aws_vpc_ipv4_cidr_block_association.this"
          ]
        }
      ]
    },
    {
      "module": "module.vpc",
      "mode": "managed",
      "type": "aws_route_table_association",
      "name": "private",
      "provider": "provider[\"registry.terraform.io/hashicorp/aws\"]",
      "instances": [
        {
          "index_key": 0,
          "schema_version": 0,
          "attributes": {
            "gateway_id": "",
            "id": "rtbassoc-073bbc058f9bd7c1a",
            "route_table_id": "rtb-066148ce85cecff75",
            "subnet_id": "subnet-05241bb4630b17ff4"
          },
          "sensitive_attributes": [],
          "private": "bnVsbA==",
          "dependencies": [
            "data.aws_availability_zones.avzs",
            "module.vpc.aws_route_table.private",
            "module.vpc.aws_subnet.private",
            "module.vpc.aws_vpc.this",
            "module.vpc.aws_vpc_ipv4_cidr_block_association.this"
          ]
        },
        {
          "index_key": 1,
          "schema_version": 0,
          "attributes": {
            "gateway_id": "",
            "id": "rtbassoc-07c22c451324060ea",
            "route_table_id": "rtb-02bb5b89bc267a939",
            "subnet_id": "subnet-0d873c0f6a237c366"
          },
          "sensitive_attributes": [],
          "private": "bnVsbA==",
          "dependencies": [
            "data.aws_availability_zones.avzs",
            "module.vpc.aws_route_table.private",
            "module.vpc.aws_subnet.private",
            "module.vpc.aws_vpc.this",
            "module.vpc.aws_vpc_ipv4_cidr_block_association.this"
          ]
        }
      ]
    },
    {
      "module": "module.vpc",
      "mode": "managed",
      "type": "aws_subnet",
      "name": "private",
      "provider": "provider[\"registry.terraform.io/hashicorp/aws\"]",
      "instances": [
        {
          "index_key": 0,
          "schema_version": 1,
          "attributes": {
            "arn": "arn:aws:ec2:eu-west-3:891288190130:subnet/subnet-05241bb4630b17ff4",
            "assign_ipv6_address_on_creation": false,
            "availability_zone": "eu-west-3a",
            "availability_zone_id": "euw3-az1",
            "cidr_block": "10.0.0.0/24",
            "customer_owned_ipv4_pool": "",
            "enable_dns64": false,
            "enable_resource_name_dns_a_record_on_launch": false,
            "enable_resource_name_dns_aaaa_record_on_launch": false,
            "id": "subnet-05241bb4630b17ff4",
            "ipv6_cidr_block": "",
            "ipv6_cidr_block_association_id": "",
            "ipv6_native": false,
            "map_customer_owned_ip_on_launch": false,
            "map_public_ip_on_launch": false,
            "outpost_arn": "",
            "owner_id": "891288190130",
            "private_dns_hostname_type_on_launch": "ip-name",
            "tags": {
              "LAB": "tesi_mattia",
              "Name": "private-subnet-0",
              "infra": "terraform",
              "kubernetes.io/cluster/eks-lab-cluster-module": "owned"
            },
            "tags_all": {
              "LAB": "tesi_mattia",
              "Name": "private-subnet-0",
              "infra": "terraform",
              "kubernetes.io/cluster/eks-lab-cluster-module": "owned"
            },
            "timeouts": null,
            "vpc_id": "vpc-04e6478969db0a23d"
          },
          "sensitive_attributes": [],
          "private": "eyJlMmJmYjczMC1lY2FhLTExZTYtOGY4OC0zNDM2M2JjN2M0YzAiOnsiY3JlYXRlIjo2MDAwMDAwMDAwMDAsImRlbGV0ZSI6MTIwMDAwMDAwMDAwMH0sInNjaGVtYV92ZXJzaW9uIjoiMSJ9",
          "dependencies": [
            "data.aws_availability_zones.avzs",
            "module.vpc.aws_vpc.this",
            "module.vpc.aws_vpc_ipv4_cidr_block_association.this"
          ],
          "create_before_destroy": true
        },
        {
          "index_key": 1,
          "schema_version": 1,
          "attributes": {
            "arn": "arn:aws:ec2:eu-west-3:891288190130:subnet/subnet-0d873c0f6a237c366",
            "assign_ipv6_address_on_creation": false,
            "availability_zone": "eu-west-3b",
            "availability_zone_id": "euw3-az2",
            "cidr_block": "10.0.1.0/24",
            "customer_owned_ipv4_pool": "",
            "enable_dns64": false,
            "enable_resource_name_dns_a_record_on_launch": false,
            "enable_resource_name_dns_aaaa_record_on_launch": false,
            "id": "subnet-0d873c0f6a237c366",
            "ipv6_cidr_block": "",
            "ipv6_cidr_block_association_id": "",
            "ipv6_native": false,
            "map_customer_owned_ip_on_launch": false,
            "map_public_ip_on_launch": false,
            "outpost_arn": "",
            "owner_id": "891288190130",
            "private_dns_hostname_type_on_launch": "ip-name",
            "tags": {
              "LAB": "tesi_mattia",
              "Name": "private-subnet-1",
              "infra": "terraform",
              "kubernetes.io/cluster/eks-lab-cluster-module": "owned"
            },
            "tags_all": {
              "LAB": "tesi_mattia",
              "Name": "private-subnet-1",
              "infra": "terraform",
              "kubernetes.io/cluster/eks-lab-cluster-module": "owned"
            },
            "timeouts": null,
            "vpc_id": "vpc-04e6478969db0a23d"
          },
          "sensitive_attributes": [],
          "private": "eyJlMmJmYjczMC1lY2FhLTExZTYtOGY4OC0zNDM2M2JjN2M0YzAiOnsiY3JlYXRlIjo2MDAwMDAwMDAwMDAsImRlbGV0ZSI6MTIwMDAwMDAwMDAwMH0sInNjaGVtYV92ZXJzaW9uIjoiMSJ9",
          "dependencies": [
            "data.aws_availability_zones.avzs",
            "module.vpc.aws_vpc.this",
            "module.vpc.aws_vpc_ipv4_cidr_block_association.this"
          ],
          "create_before_destroy": true
        }
      ]
    },
    {
      "module": "module.vpc",
      "mode": "managed",
      "type": "aws_vpc",
      "name": "this",
      "provider": "provider[\"registry.terraform.io/hashicorp/aws\"]",
      "instances": [
        {
          "index_key": 0,
          "schema_version": 1,
          "attributes": {
            "arn": "arn:aws:ec2:eu-west-3:891288190130:vpc/vpc-04e6478969db0a23d",
            "assign_generated_ipv6_cidr_block": false,
            "cidr_block": "10.0.0.0/16",
            "default_network_acl_id": "acl-0230a1346b06d9144",
            "default_route_table_id": "rtb-01edb32ebdac40b26",
            "default_security_group_id": "sg-01c969f258113a3db",
            "dhcp_options_id": "dopt-0541c88831367b83c",
            "enable_classiclink": false,
            "enable_classiclink_dns_support": false,
            "enable_dns_hostnames": true,
            "enable_dns_support": true,
            "enable_network_address_usage_metrics": false,
            "id": "vpc-04e6478969db0a23d",
            "instance_tenancy": "default",
            "ipv4_ipam_pool_id": null,
            "ipv4_netmask_length": null,
            "ipv6_association_id": "",
            "ipv6_cidr_block": "",
            "ipv6_cidr_block_network_border_group": "",
            "ipv6_ipam_pool_id": "",
            "ipv6_netmask_length": 0,
            "main_route_table_id": "rtb-01edb32ebdac40b26",
            "owner_id": "891288190130",
            "tags": {
              "LAB": "tesi_mattia",
              "Name": "eks-lab-vpc-module",
              "infra": "terraform",
              "kubernetes.io/cluster/eks-lab-cluster-module": "owned"
            },
            "tags_all": {
              "LAB": "tesi_mattia",
              "Name": "eks-lab-vpc-module",
              "infra": "terraform",
              "kubernetes.io/cluster/eks-lab-cluster-module": "owned"
            }
          },
          "sensitive_attributes": [],
          "private": "eyJzY2hlbWFfdmVyc2lvbiI6IjEifQ==",
          "create_before_destroy": true
        }
      ]
    },
    {
      "module": "module.vpc_vpc-endpoints",
      "mode": "data",
      "type": "aws_vpc_endpoint_service",
      "name": "this",
      "provider": "provider[\"registry.terraform.io/hashicorp/aws\"]",
      "instances": [
        {
          "index_key": "ec2",
          "schema_version": 0,
          "attributes": {
            "acceptance_required": false,
            "arn": "arn:aws:ec2:eu-west-3:891288190130:vpc-endpoint-service/vpce-svc-024f54d3277e67f52",
            "availability_zones": [
              "eu-west-3a",
              "eu-west-3b",
              "eu-west-3c"
            ],
            "base_endpoint_dns_names": [
              "ec2.eu-west-3.vpce.amazonaws.com"
            ],
            "filter": [
              {
                "name": "service-type",
                "values": [
                  "Interface"
                ]
              }
            ],
            "id": "3270251806",
            "manages_vpc_endpoints": false,
            "owner": "amazon",
            "private_dns_name": "ec2.eu-west-3.amazonaws.com",
            "service": "ec2",
            "service_id": "vpce-svc-024f54d3277e67f52",
            "service_name": "com.amazonaws.eu-west-3.ec2",
            "service_type": "Interface",
            "supported_ip_address_types": [
              "ipv4"
            ],
            "tags": {},
            "timeouts": null,
            "vpc_endpoint_policy_supported": true
          },
          "sensitive_attributes": []
        },
        {
          "index_key": "ec2messages",
          "schema_version": 0,
          "attributes": {
            "acceptance_required": false,
            "arn": "arn:aws:ec2:eu-west-3:891288190130:vpc-endpoint-service/vpce-svc-011549e151c562552",
            "availability_zones": [
              "eu-west-3a",
              "eu-west-3b",
              "eu-west-3c"
            ],
            "base_endpoint_dns_names": [
              "ec2messages.eu-west-3.vpce.amazonaws.com"
            ],
            "filter": [
              {
                "name": "service-type",
                "values": [
                  "Interface"
                ]
              }
            ],
            "id": "1971777188",
            "manages_vpc_endpoints": false,
            "owner": "amazon",
            "private_dns_name": "ec2messages.eu-west-3.amazonaws.com",
            "service": "ec2messages",
            "service_id": "vpce-svc-011549e151c562552",
            "service_name": "com.amazonaws.eu-west-3.ec2messages",
            "service_type": "Interface",
            "supported_ip_address_types": [
              "ipv4"
            ],
            "tags": {},
            "timeouts": null,
            "vpc_endpoint_policy_supported": true
          },
          "sensitive_attributes": []
        },
        {
          "index_key": "ecr_api",
          "schema_version": 0,
          "attributes": {
            "acceptance_required": false,
            "arn": "arn:aws:ec2:eu-west-3:891288190130:vpc-endpoint-service/vpce-svc-0f83218bd6a0f25ee",
            "availability_zones": [
              "eu-west-3a",
              "eu-west-3b",
              "eu-west-3c"
            ],
            "base_endpoint_dns_names": [
              "api.ecr.eu-west-3.vpce.amazonaws.com"
            ],
            "filter": [
              {
                "name": "service-type",
                "values": [
                  "Interface"
                ]
              }
            ],
            "id": "1184104462",
            "manages_vpc_endpoints": false,
            "owner": "amazon",
            "private_dns_name": "api.ecr.eu-west-3.amazonaws.com",
            "service": "ecr.api",
            "service_id": "vpce-svc-0f83218bd6a0f25ee",
            "service_name": "com.amazonaws.eu-west-3.ecr.api",
            "service_type": "Interface",
            "supported_ip_address_types": [
              "ipv4"
            ],
            "tags": {},
            "timeouts": null,
            "vpc_endpoint_policy_supported": true
          },
          "sensitive_attributes": []
        },
        {
          "index_key": "ecr_dkr",
          "schema_version": 0,
          "attributes": {
            "acceptance_required": false,
            "arn": "arn:aws:ec2:eu-west-3:891288190130:vpc-endpoint-service/vpce-svc-0ca0e7b151c88c02d",
            "availability_zones": [
              "eu-west-3a",
              "eu-west-3b",
              "eu-west-3c"
            ],
            "base_endpoint_dns_names": [
              "dkr.ecr.eu-west-3.vpce.amazonaws.com"
            ],
            "filter": [
              {
                "name": "service-type",
                "values": [
                  "Interface"
                ]
              }
            ],
            "id": "1661780115",
            "manages_vpc_endpoints": false,
            "owner": "amazon",
            "private_dns_name": "*.dkr.ecr.eu-west-3.amazonaws.com",
            "service": "ecr.dkr",
            "service_id": "vpce-svc-0ca0e7b151c88c02d",
            "service_name": "com.amazonaws.eu-west-3.ecr.dkr",
            "service_type": "Interface",
            "supported_ip_address_types": [
              "ipv4"
            ],
            "tags": {},
            "timeouts": null,
            "vpc_endpoint_policy_supported": true
          },
          "sensitive_attributes": []
        },
        {
          "index_key": "s3",
          "schema_version": 0,
          "attributes": {
            "acceptance_required": false,
            "arn": "arn:aws:ec2:eu-west-3:891288190130:vpc-endpoint-service/vpce-svc-0c256dc02558f84be",
            "availability_zones": [
              "eu-west-3a",
              "eu-west-3b",
              "eu-west-3c"
            ],
            "base_endpoint_dns_names": [
              "s3.eu-west-3.amazonaws.com"
            ],
            "filter": [
              {
                "name": "service-type",
                "values": [
                  "Gateway"
                ]
              }
            ],
            "id": "1131621771",
            "manages_vpc_endpoints": false,
            "owner": "amazon",
            "private_dns_name": "",
            "service": "s3",
            "service_id": "vpce-svc-0c256dc02558f84be",
            "service_name": "com.amazonaws.eu-west-3.s3",
            "service_type": "Gateway",
            "supported_ip_address_types": [
              "ipv4"
            ],
            "tags": {},
            "timeouts": null,
            "vpc_endpoint_policy_supported": true
          },
          "sensitive_attributes": []
        },
        {
          "index_key": "ssm",
          "schema_version": 0,
          "attributes": {
            "acceptance_required": false,
            "arn": "arn:aws:ec2:eu-west-3:891288190130:vpc-endpoint-service/vpce-svc-0d385f5bf4c3656e5",
            "availability_zones": [
              "eu-west-3a",
              "eu-west-3b",
              "eu-west-3c"
            ],
            "base_endpoint_dns_names": [
              "ssm.eu-west-3.vpce.amazonaws.com"
            ],
            "filter": [
              {
                "name": "service-type",
                "values": [
                  "Interface"
                ]
              }
            ],
            "id": "1800508648",
            "manages_vpc_endpoints": false,
            "owner": "amazon",
            "private_dns_name": "ssm.eu-west-3.amazonaws.com",
            "service": "ssm",
            "service_id": "vpce-svc-0d385f5bf4c3656e5",
            "service_name": "com.amazonaws.eu-west-3.ssm",
            "service_type": "Interface",
            "supported_ip_address_types": [
              "ipv4"
            ],
            "tags": {},
            "timeouts": null,
            "vpc_endpoint_policy_supported": true
          },
          "sensitive_attributes": []
        },
        {
          "index_key": "ssmmessages",
          "schema_version": 0,
          "attributes": {
            "acceptance_required": false,
            "arn": "arn:aws:ec2:eu-west-3:891288190130:vpc-endpoint-service/vpce-svc-0eadcb4a6e4ddf662",
            "availability_zones": [
              "eu-west-3a",
              "eu-west-3b",
              "eu-west-3c"
            ],
            "base_endpoint_dns_names": [
              "ssmmessages.eu-west-3.vpce.amazonaws.com"
            ],
            "filter": [
              {
                "name": "service-type",
                "values": [
                  "Interface"
                ]
              }
            ],
            "id": "3112234851",
            "manages_vpc_endpoints": false,
            "owner": "amazon",
            "private_dns_name": "ssmmessages.eu-west-3.amazonaws.com",
            "service": "ssmmessages",
            "service_id": "vpce-svc-0eadcb4a6e4ddf662",
            "service_name": "com.amazonaws.eu-west-3.ssmmessages",
            "service_type": "Interface",
            "supported_ip_address_types": [
              "ipv4"
            ],
            "tags": {},
            "timeouts": null,
            "vpc_endpoint_policy_supported": true
          },
          "sensitive_attributes": []
        },
        {
          "index_key": "sts",
          "schema_version": 0,
          "attributes": {
            "acceptance_required": false,
            "arn": "arn:aws:ec2:eu-west-3:891288190130:vpc-endpoint-service/vpce-svc-0dc6edc1051719f89",
            "availability_zones": [
              "eu-west-3a",
              "eu-west-3b",
              "eu-west-3c"
            ],
            "base_endpoint_dns_names": [
              "sts.eu-west-3.vpce.amazonaws.com"
            ],
            "filter": [
              {
                "name": "service-type",
                "values": [
                  "Interface"
                ]
              }
            ],
            "id": "3726589772",
            "manages_vpc_endpoints": false,
            "owner": "amazon",
            "private_dns_name": "sts.eu-west-3.amazonaws.com",
            "service": "sts",
            "service_id": "vpce-svc-0dc6edc1051719f89",
            "service_name": "com.amazonaws.eu-west-3.sts",
            "service_type": "Interface",
            "supported_ip_address_types": [
              "ipv4"
            ],
            "tags": {},
            "timeouts": null,
            "vpc_endpoint_policy_supported": true
          },
          "sensitive_attributes": []
        }
      ]
    },
    {
      "module": "module.vpc_vpc-endpoints",
      "mode": "managed",
      "type": "aws_vpc_endpoint",
      "name": "this",
      "provider": "provider[\"registry.terraform.io/hashicorp/aws\"]",
      "instances": [
        {
          "index_key": "ec2",
          "schema_version": 0,
          "attributes": {
            "arn": "arn:aws:ec2:eu-west-3:891288190130:vpc-endpoint/vpce-068cbd9d7cacea0a6",
            "auto_accept": null,
            "cidr_blocks": [],
            "dns_entry": [
              {
                "dns_name": "vpce-068cbd9d7cacea0a6-4zzpxiwn.ec2.eu-west-3.vpce.amazonaws.com",
                "hosted_zone_id": "Z1DWHTMFP0WECP"
              },
              {
                "dns_name": "vpce-068cbd9d7cacea0a6-4zzpxiwn-eu-west-3a.ec2.eu-west-3.vpce.amazonaws.com",
                "hosted_zone_id": "Z1DWHTMFP0WECP"
              },
              {
                "dns_name": "vpce-068cbd9d7cacea0a6-4zzpxiwn-eu-west-3b.ec2.eu-west-3.vpce.amazonaws.com",
                "hosted_zone_id": "Z1DWHTMFP0WECP"
              },
              {
                "dns_name": "ec2.eu-west-3.amazonaws.com",
                "hosted_zone_id": "Z02850143IKNOFJUS8LIY"
              }
            ],
            "dns_options": [
              {
                "dns_record_ip_type": "ipv4"
              }
            ],
            "id": "vpce-068cbd9d7cacea0a6",
            "ip_address_type": "ipv4",
            "network_interface_ids": [
              "eni-016201b0b211195be",
              "eni-0e3a119e68b8d0086"
            ],
            "owner_id": "891288190130",
            "policy": "{\"Statement\":[{\"Action\":\"*\",\"Effect\":\"Allow\",\"Principal\":\"*\",\"Resource\":\"*\"}]}",
            "prefix_list_id": null,
            "private_dns_enabled": true,
            "requester_managed": false,
            "route_table_ids": [],
            "security_group_ids": [
              "sg-085cce31f1d250801"
            ],
            "service_name": "com.amazonaws.eu-west-3.ec2",
            "state": "available",
            "subnet_ids": [
              "subnet-05241bb4630b17ff4",
              "subnet-0d873c0f6a237c366"
            ],
            "tags": {
              "LAB": "tesi_mattia",
              "Name": "ec2",
              "infra": "terraform"
            },
            "tags_all": {
              "LAB": "tesi_mattia",
              "Name": "ec2",
              "infra": "terraform"
            },
            "timeouts": {
              "create": "10m",
              "delete": "10m",
              "update": "10m"
            },
            "vpc_endpoint_type": "Interface",
            "vpc_id": "vpc-04e6478969db0a23d"
          },
          "sensitive_attributes": [],
          "private": "eyJlMmJmYjczMC1lY2FhLTExZTYtOGY4OC0zNDM2M2JjN2M0YzAiOnsiY3JlYXRlIjo2MDAwMDAwMDAwMDAsImRlbGV0ZSI6NjAwMDAwMDAwMDAwLCJ1cGRhdGUiOjYwMDAwMDAwMDAwMH19",
          "dependencies": [
            "aws_security_group.data_plane_sg",
            "data.aws_availability_zones.avzs",
            "module.vpc.aws_route_table.private",
            "module.vpc.aws_subnet.private",
            "module.vpc.aws_vpc.this",
            "module.vpc.aws_vpc_ipv4_cidr_block_association.this",
            "module.vpc_vpc-endpoints.data.aws_vpc_endpoint_service.this"
          ]
        },
        {
          "index_key": "ec2messages",
          "schema_version": 0,
          "attributes": {
            "arn": "arn:aws:ec2:eu-west-3:891288190130:vpc-endpoint/vpce-07405b3ae720a9058",
            "auto_accept": null,
            "cidr_blocks": [],
            "dns_entry": [
              {
                "dns_name": "vpce-07405b3ae720a9058-oueao4o9.ec2messages.eu-west-3.vpce.amazonaws.com",
                "hosted_zone_id": "Z1DWHTMFP0WECP"
              },
              {
                "dns_name": "vpce-07405b3ae720a9058-oueao4o9-eu-west-3a.ec2messages.eu-west-3.vpce.amazonaws.com",
                "hosted_zone_id": "Z1DWHTMFP0WECP"
              },
              {
                "dns_name": "vpce-07405b3ae720a9058-oueao4o9-eu-west-3b.ec2messages.eu-west-3.vpce.amazonaws.com",
                "hosted_zone_id": "Z1DWHTMFP0WECP"
              },
              {
                "dns_name": "ec2messages.eu-west-3.amazonaws.com",
                "hosted_zone_id": "Z02357971XZ0AC9I9DMY3"
              }
            ],
            "dns_options": [
              {
                "dns_record_ip_type": "ipv4"
              }
            ],
            "id": "vpce-07405b3ae720a9058",
            "ip_address_type": "ipv4",
            "network_interface_ids": [
              "eni-09cf85c15f5962284",
              "eni-0b1f4f506c8ca73df"
            ],
            "owner_id": "891288190130",
            "policy": "{\"Statement\":[{\"Action\":\"*\",\"Effect\":\"Allow\",\"Principal\":\"*\",\"Resource\":\"*\"}]}",
            "prefix_list_id": null,
            "private_dns_enabled": true,
            "requester_managed": false,
            "route_table_ids": [],
            "security_group_ids": [
              "sg-085cce31f1d250801"
            ],
            "service_name": "com.amazonaws.eu-west-3.ec2messages",
            "state": "available",
            "subnet_ids": [
              "subnet-05241bb4630b17ff4",
              "subnet-0d873c0f6a237c366"
            ],
            "tags": {
              "LAB": "tesi_mattia",
              "Name": "ec2messages",
              "infra": "terraform"
            },
            "tags_all": {
              "LAB": "tesi_mattia",
              "Name": "ec2messages",
              "infra": "terraform"
            },
            "timeouts": {
              "create": "10m",
              "delete": "10m",
              "update": "10m"
            },
            "vpc_endpoint_type": "Interface",
            "vpc_id": "vpc-04e6478969db0a23d"
          },
          "sensitive_attributes": [],
          "private": "eyJlMmJmYjczMC1lY2FhLTExZTYtOGY4OC0zNDM2M2JjN2M0YzAiOnsiY3JlYXRlIjo2MDAwMDAwMDAwMDAsImRlbGV0ZSI6NjAwMDAwMDAwMDAwLCJ1cGRhdGUiOjYwMDAwMDAwMDAwMH19",
          "dependencies": [
            "aws_security_group.data_plane_sg",
            "data.aws_availability_zones.avzs",
            "module.vpc.aws_route_table.private",
            "module.vpc.aws_subnet.private",
            "module.vpc.aws_vpc.this",
            "module.vpc.aws_vpc_ipv4_cidr_block_association.this",
            "module.vpc_vpc-endpoints.data.aws_vpc_endpoint_service.this"
          ]
        },
        {
          "index_key": "ecr_api",
          "schema_version": 0,
          "attributes": {
            "arn": "arn:aws:ec2:eu-west-3:891288190130:vpc-endpoint/vpce-023dfa2b35b4c66ab",
            "auto_accept": null,
            "cidr_blocks": [],
            "dns_entry": [
              {
                "dns_name": "vpce-023dfa2b35b4c66ab-4nnupjzd.api.ecr.eu-west-3.vpce.amazonaws.com",
                "hosted_zone_id": "Z1DWHTMFP0WECP"
              },
              {
                "dns_name": "vpce-023dfa2b35b4c66ab-4nnupjzd-eu-west-3b.api.ecr.eu-west-3.vpce.amazonaws.com",
                "hosted_zone_id": "Z1DWHTMFP0WECP"
              },
              {
                "dns_name": "vpce-023dfa2b35b4c66ab-4nnupjzd-eu-west-3a.api.ecr.eu-west-3.vpce.amazonaws.com",
                "hosted_zone_id": "Z1DWHTMFP0WECP"
              },
              {
                "dns_name": "api.ecr.eu-west-3.amazonaws.com",
                "hosted_zone_id": "Z02367512C991QHVR9D10"
              }
            ],
            "dns_options": [
              {
                "dns_record_ip_type": "ipv4"
              }
            ],
            "id": "vpce-023dfa2b35b4c66ab",
            "ip_address_type": "ipv4",
            "network_interface_ids": [
              "eni-0acafab3112fe0ae8",
              "eni-0c239ca530431b7e0"
            ],
            "owner_id": "891288190130",
            "policy": "{\"Statement\":[{\"Action\":\"*\",\"Effect\":\"Allow\",\"Principal\":\"*\",\"Resource\":\"*\"}]}",
            "prefix_list_id": null,
            "private_dns_enabled": true,
            "requester_managed": false,
            "route_table_ids": [],
            "security_group_ids": [
              "sg-085cce31f1d250801"
            ],
            "service_name": "com.amazonaws.eu-west-3.ecr.api",
            "state": "available",
            "subnet_ids": [
              "subnet-05241bb4630b17ff4",
              "subnet-0d873c0f6a237c366"
            ],
            "tags": {
              "LAB": "tesi_mattia",
              "Name": "ecr_api",
              "infra": "terraform"
            },
            "tags_all": {
              "LAB": "tesi_mattia",
              "Name": "ecr_api",
              "infra": "terraform"
            },
            "timeouts": {
              "create": "10m",
              "delete": "10m",
              "update": "10m"
            },
            "vpc_endpoint_type": "Interface",
            "vpc_id": "vpc-04e6478969db0a23d"
          },
          "sensitive_attributes": [],
          "private": "eyJlMmJmYjczMC1lY2FhLTExZTYtOGY4OC0zNDM2M2JjN2M0YzAiOnsiY3JlYXRlIjo2MDAwMDAwMDAwMDAsImRlbGV0ZSI6NjAwMDAwMDAwMDAwLCJ1cGRhdGUiOjYwMDAwMDAwMDAwMH19",
          "dependencies": [
            "aws_security_group.data_plane_sg",
            "data.aws_availability_zones.avzs",
            "module.vpc.aws_route_table.private",
            "module.vpc.aws_subnet.private",
            "module.vpc.aws_vpc.this",
            "module.vpc.aws_vpc_ipv4_cidr_block_association.this",
            "module.vpc_vpc-endpoints.data.aws_vpc_endpoint_service.this"
          ]
        },
        {
          "index_key": "ecr_dkr",
          "schema_version": 0,
          "attributes": {
            "arn": "arn:aws:ec2:eu-west-3:891288190130:vpc-endpoint/vpce-064521495246b4da6",
            "auto_accept": null,
            "cidr_blocks": [],
            "dns_entry": [
              {
                "dns_name": "vpce-064521495246b4da6-ywlg055b.dkr.ecr.eu-west-3.vpce.amazonaws.com",
                "hosted_zone_id": "Z1DWHTMFP0WECP"
              },
              {
                "dns_name": "vpce-064521495246b4da6-ywlg055b-eu-west-3a.dkr.ecr.eu-west-3.vpce.amazonaws.com",
                "hosted_zone_id": "Z1DWHTMFP0WECP"
              },
              {
                "dns_name": "vpce-064521495246b4da6-ywlg055b-eu-west-3b.dkr.ecr.eu-west-3.vpce.amazonaws.com",
                "hosted_zone_id": "Z1DWHTMFP0WECP"
              },
              {
                "dns_name": "dkr.ecr.eu-west-3.amazonaws.com",
                "hosted_zone_id": "Z02859511OC4NCLRQQBTZ"
              },
              {
                "dns_name": "*.dkr.ecr.eu-west-3.amazonaws.com",
                "hosted_zone_id": "Z02859511OC4NCLRQQBTZ"
              }
            ],
            "dns_options": [
              {
                "dns_record_ip_type": "ipv4"
              }
            ],
            "id": "vpce-064521495246b4da6",
            "ip_address_type": "ipv4",
            "network_interface_ids": [
              "eni-006db1213e4cc0e3a",
              "eni-0fcc2baa3a8587c9a"
            ],
            "owner_id": "891288190130",
            "policy": "{\"Statement\":[{\"Action\":\"*\",\"Effect\":\"Allow\",\"Principal\":\"*\",\"Resource\":\"*\"}]}",
            "prefix_list_id": null,
            "private_dns_enabled": true,
            "requester_managed": false,
            "route_table_ids": [],
            "security_group_ids": [
              "sg-085cce31f1d250801"
            ],
            "service_name": "com.amazonaws.eu-west-3.ecr.dkr",
            "state": "available",
            "subnet_ids": [
              "subnet-05241bb4630b17ff4",
              "subnet-0d873c0f6a237c366"
            ],
            "tags": {
              "LAB": "tesi_mattia",
              "Name": "ecr_dkr",
              "infra": "terraform"
            },
            "tags_all": {
              "LAB": "tesi_mattia",
              "Name": "ecr_dkr",
              "infra": "terraform"
            },
            "timeouts": {
              "create": "10m",
              "delete": "10m",
              "update": "10m"
            },
            "vpc_endpoint_type": "Interface",
            "vpc_id": "vpc-04e6478969db0a23d"
          },
          "sensitive_attributes": [],
          "private": "eyJlMmJmYjczMC1lY2FhLTExZTYtOGY4OC0zNDM2M2JjN2M0YzAiOnsiY3JlYXRlIjo2MDAwMDAwMDAwMDAsImRlbGV0ZSI6NjAwMDAwMDAwMDAwLCJ1cGRhdGUiOjYwMDAwMDAwMDAwMH19",
          "dependencies": [
            "aws_security_group.data_plane_sg",
            "data.aws_availability_zones.avzs",
            "module.vpc.aws_route_table.private",
            "module.vpc.aws_subnet.private",
            "module.vpc.aws_vpc.this",
            "module.vpc.aws_vpc_ipv4_cidr_block_association.this",
            "module.vpc_vpc-endpoints.data.aws_vpc_endpoint_service.this"
          ]
        },
        {
          "index_key": "s3",
          "schema_version": 0,
          "attributes": {
            "arn": "arn:aws:ec2:eu-west-3:891288190130:vpc-endpoint/vpce-0bb3fff3510da6d70",
            "auto_accept": null,
            "cidr_blocks": [
              "16.12.59.0/24",
              "3.5.224.0/22",
              "16.12.18.0/23",
              "52.95.154.0/23",
              "16.12.20.0/24",
              "52.95.156.0/24"
            ],
            "dns_entry": [],
            "dns_options": [],
            "id": "vpce-0bb3fff3510da6d70",
            "ip_address_type": "",
            "network_interface_ids": [],
            "owner_id": "891288190130",
            "policy": "{\"Statement\":[{\"Action\":\"*\",\"Effect\":\"Allow\",\"Principal\":\"*\",\"Resource\":\"*\"}],\"Version\":\"2008-10-17\"}",
            "prefix_list_id": "pl-23ad484a",
            "private_dns_enabled": false,
            "requester_managed": false,
            "route_table_ids": [
              "rtb-02bb5b89bc267a939",
              "rtb-066148ce85cecff75"
            ],
            "security_group_ids": [],
            "service_name": "com.amazonaws.eu-west-3.s3",
            "state": "available",
            "subnet_ids": [],
            "tags": {
              "LAB": "tesi_mattia",
              "Name": "s3",
              "infra": "terraform"
            },
            "tags_all": {
              "LAB": "tesi_mattia",
              "Name": "s3",
              "infra": "terraform"
            },
            "timeouts": {
              "create": "10m",
              "delete": "10m",
              "update": "10m"
            },
            "vpc_endpoint_type": "Gateway",
            "vpc_id": "vpc-04e6478969db0a23d"
          },
          "sensitive_attributes": [],
          "private": "eyJlMmJmYjczMC1lY2FhLTExZTYtOGY4OC0zNDM2M2JjN2M0YzAiOnsiY3JlYXRlIjo2MDAwMDAwMDAwMDAsImRlbGV0ZSI6NjAwMDAwMDAwMDAwLCJ1cGRhdGUiOjYwMDAwMDAwMDAwMH19",
          "dependencies": [
            "aws_security_group.data_plane_sg",
            "data.aws_availability_zones.avzs",
            "module.vpc.aws_route_table.private",
            "module.vpc.aws_subnet.private",
            "module.vpc.aws_vpc.this",
            "module.vpc.aws_vpc_ipv4_cidr_block_association.this",
            "module.vpc_vpc-endpoints.data.aws_vpc_endpoint_service.this"
          ]
        },
        {
          "index_key": "ssm",
          "schema_version": 0,
          "attributes": {
            "arn": "arn:aws:ec2:eu-west-3:891288190130:vpc-endpoint/vpce-0beac8a2f913fd231",
            "auto_accept": null,
            "cidr_blocks": [],
            "dns_entry": [
              {
                "dns_name": "vpce-0beac8a2f913fd231-gx5w8eua.ssm.eu-west-3.vpce.amazonaws.com",
                "hosted_zone_id": "Z1DWHTMFP0WECP"
              },
              {
                "dns_name": "vpce-0beac8a2f913fd231-gx5w8eua-eu-west-3b.ssm.eu-west-3.vpce.amazonaws.com",
                "hosted_zone_id": "Z1DWHTMFP0WECP"
              },
              {
                "dns_name": "vpce-0beac8a2f913fd231-gx5w8eua-eu-west-3a.ssm.eu-west-3.vpce.amazonaws.com",
                "hosted_zone_id": "Z1DWHTMFP0WECP"
              },
              {
                "dns_name": "ssm.eu-west-3.amazonaws.com",
                "hosted_zone_id": "Z029922733ARCPPNC2M6P"
              }
            ],
            "dns_options": [
              {
                "dns_record_ip_type": "ipv4"
              }
            ],
            "id": "vpce-0beac8a2f913fd231",
            "ip_address_type": "ipv4",
            "network_interface_ids": [
              "eni-039eb4b6522e36e0b",
              "eni-0d256ad23bdb133e1"
            ],
            "owner_id": "891288190130",
            "policy": "{\"Statement\":[{\"Action\":\"*\",\"Effect\":\"Allow\",\"Principal\":\"*\",\"Resource\":\"*\"}]}",
            "prefix_list_id": null,
            "private_dns_enabled": true,
            "requester_managed": false,
            "route_table_ids": [],
            "security_group_ids": [
              "sg-085cce31f1d250801"
            ],
            "service_name": "com.amazonaws.eu-west-3.ssm",
            "state": "available",
            "subnet_ids": [
              "subnet-05241bb4630b17ff4",
              "subnet-0d873c0f6a237c366"
            ],
            "tags": {
              "LAB": "tesi_mattia",
              "Name": "ssm",
              "infra": "terraform"
            },
            "tags_all": {
              "LAB": "tesi_mattia",
              "Name": "ssm",
              "infra": "terraform"
            },
            "timeouts": {
              "create": "10m",
              "delete": "10m",
              "update": "10m"
            },
            "vpc_endpoint_type": "Interface",
            "vpc_id": "vpc-04e6478969db0a23d"
          },
          "sensitive_attributes": [],
          "private": "eyJlMmJmYjczMC1lY2FhLTExZTYtOGY4OC0zNDM2M2JjN2M0YzAiOnsiY3JlYXRlIjo2MDAwMDAwMDAwMDAsImRlbGV0ZSI6NjAwMDAwMDAwMDAwLCJ1cGRhdGUiOjYwMDAwMDAwMDAwMH19",
          "dependencies": [
            "aws_security_group.data_plane_sg",
            "data.aws_availability_zones.avzs",
            "module.vpc.aws_route_table.private",
            "module.vpc.aws_subnet.private",
            "module.vpc.aws_vpc.this",
            "module.vpc.aws_vpc_ipv4_cidr_block_association.this",
            "module.vpc_vpc-endpoints.data.aws_vpc_endpoint_service.this"
          ]
        },
        {
          "index_key": "ssmmessages",
          "schema_version": 0,
          "attributes": {
            "arn": "arn:aws:ec2:eu-west-3:891288190130:vpc-endpoint/vpce-0872a0b8acf68fbcc",
            "auto_accept": null,
            "cidr_blocks": [],
            "dns_entry": [
              {
                "dns_name": "vpce-0872a0b8acf68fbcc-51aazp41.ssmmessages.eu-west-3.vpce.amazonaws.com",
                "hosted_zone_id": "Z1DWHTMFP0WECP"
              },
              {
                "dns_name": "vpce-0872a0b8acf68fbcc-51aazp41-eu-west-3a.ssmmessages.eu-west-3.vpce.amazonaws.com",
                "hosted_zone_id": "Z1DWHTMFP0WECP"
              },
              {
                "dns_name": "vpce-0872a0b8acf68fbcc-51aazp41-eu-west-3b.ssmmessages.eu-west-3.vpce.amazonaws.com",
                "hosted_zone_id": "Z1DWHTMFP0WECP"
              },
              {
                "dns_name": "ssmmessages.eu-west-3.amazonaws.com",
                "hosted_zone_id": "Z02371731Z3TBO8F9JBWT"
              }
            ],
            "dns_options": [
              {
                "dns_record_ip_type": "ipv4"
              }
            ],
            "id": "vpce-0872a0b8acf68fbcc",
            "ip_address_type": "ipv4",
            "network_interface_ids": [
              "eni-032cc08588a40ae0e",
              "eni-054191850c05586b4"
            ],
            "owner_id": "891288190130",
            "policy": "{\"Statement\":[{\"Action\":\"*\",\"Effect\":\"Allow\",\"Principal\":\"*\",\"Resource\":\"*\"}]}",
            "prefix_list_id": null,
            "private_dns_enabled": true,
            "requester_managed": false,
            "route_table_ids": [],
            "security_group_ids": [
              "sg-085cce31f1d250801"
            ],
            "service_name": "com.amazonaws.eu-west-3.ssmmessages",
            "state": "available",
            "subnet_ids": [
              "subnet-05241bb4630b17ff4",
              "subnet-0d873c0f6a237c366"
            ],
            "tags": {
              "LAB": "tesi_mattia",
              "Name": "ssmmessages",
              "infra": "terraform"
            },
            "tags_all": {
              "LAB": "tesi_mattia",
              "Name": "ssmmessages",
              "infra": "terraform"
            },
            "timeouts": {
              "create": "10m",
              "delete": "10m",
              "update": "10m"
            },
            "vpc_endpoint_type": "Interface",
            "vpc_id": "vpc-04e6478969db0a23d"
          },
          "sensitive_attributes": [],
          "private": "eyJlMmJmYjczMC1lY2FhLTExZTYtOGY4OC0zNDM2M2JjN2M0YzAiOnsiY3JlYXRlIjo2MDAwMDAwMDAwMDAsImRlbGV0ZSI6NjAwMDAwMDAwMDAwLCJ1cGRhdGUiOjYwMDAwMDAwMDAwMH19",
          "dependencies": [
            "aws_security_group.data_plane_sg",
            "data.aws_availability_zones.avzs",
            "module.vpc.aws_route_table.private",
            "module.vpc.aws_subnet.private",
            "module.vpc.aws_vpc.this",
            "module.vpc.aws_vpc_ipv4_cidr_block_association.this",
            "module.vpc_vpc-endpoints.data.aws_vpc_endpoint_service.this"
          ]
        },
        {
          "index_key": "sts",
          "schema_version": 0,
          "attributes": {
            "arn": "arn:aws:ec2:eu-west-3:891288190130:vpc-endpoint/vpce-077449bd4bbb20a00",
            "auto_accept": null,
            "cidr_blocks": [],
            "dns_entry": [
              {
                "dns_name": "vpce-077449bd4bbb20a00-oglgcr8t.sts.eu-west-3.vpce.amazonaws.com",
                "hosted_zone_id": "Z1DWHTMFP0WECP"
              },
              {
                "dns_name": "vpce-077449bd4bbb20a00-oglgcr8t-eu-west-3b.sts.eu-west-3.vpce.amazonaws.com",
                "hosted_zone_id": "Z1DWHTMFP0WECP"
              },
              {
                "dns_name": "vpce-077449bd4bbb20a00-oglgcr8t-eu-west-3a.sts.eu-west-3.vpce.amazonaws.com",
                "hosted_zone_id": "Z1DWHTMFP0WECP"
              },
              {
                "dns_name": "sts.eu-west-3.amazonaws.com",
                "hosted_zone_id": "Z02847272YYH58B0BU6CZ"
              }
            ],
            "dns_options": [
              {
                "dns_record_ip_type": "ipv4"
              }
            ],
            "id": "vpce-077449bd4bbb20a00",
            "ip_address_type": "ipv4",
            "network_interface_ids": [
              "eni-08864491e6a0dd3fb",
              "eni-0d3cbba5bdb262460"
            ],
            "owner_id": "891288190130",
            "policy": "{\"Statement\":[{\"Action\":\"*\",\"Effect\":\"Allow\",\"Principal\":\"*\",\"Resource\":\"*\"}]}",
            "prefix_list_id": null,
            "private_dns_enabled": true,
            "requester_managed": false,
            "route_table_ids": [],
            "security_group_ids": [
              "sg-085cce31f1d250801"
            ],
            "service_name": "com.amazonaws.eu-west-3.sts",
            "state": "available",
            "subnet_ids": [
              "subnet-05241bb4630b17ff4",
              "subnet-0d873c0f6a237c366"
            ],
            "tags": {
              "LAB": "tesi_mattia",
              "Name": "sts",
              "infra": "terraform"
            },
            "tags_all": {
              "LAB": "tesi_mattia",
              "Name": "sts",
              "infra": "terraform"
            },
            "timeouts": {
              "create": "10m",
              "delete": "10m",
              "update": "10m"
            },
            "vpc_endpoint_type": "Interface",
            "vpc_id": "vpc-04e6478969db0a23d"
          },
          "sensitive_attributes": [],
          "private": "eyJlMmJmYjczMC1lY2FhLTExZTYtOGY4OC0zNDM2M2JjN2M0YzAiOnsiY3JlYXRlIjo2MDAwMDAwMDAwMDAsImRlbGV0ZSI6NjAwMDAwMDAwMDAwLCJ1cGRhdGUiOjYwMDAwMDAwMDAwMH19",
          "dependencies": [
            "aws_security_group.data_plane_sg",
            "data.aws_availability_zones.avzs",
            "module.vpc.aws_route_table.private",
            "module.vpc.aws_subnet.private",
            "module.vpc.aws_vpc.this",
            "module.vpc.aws_vpc_ipv4_cidr_block_association.this",
            "module.vpc_vpc-endpoints.data.aws_vpc_endpoint_service.this"
          ]
        }
      ]
    }
  ],
  "check_results": null
}
