{
  "version": 4,
  "terraform_version": "1.3.6",
  "serial": 164,
  "lineage": "126ed4ce-5005-ddf9-fc87-04060103a23f",
  "outputs": {},
  "resources": [
    {
      "mode": "data",
      "type": "aws_availability_zones",
      "name": "available",
      "provider": "provider[\"registry.terraform.io/hashicorp/aws\"]",
      "instances": [
        {
          "schema_version": 0,
          "attributes": {
            "all_availability_zones": null,
            "exclude_names": null,
            "exclude_zone_ids": null,
            "filter": null,
            "group_names": [
              "eu-west-3"
            ],
            "id": "eu-west-3",
            "names": [
              "eu-west-3a",
              "eu-west-3b",
              "eu-west-3c"
            ],
            "state": null,
            "timeouts": null,
            "zone_ids": [
              "euw3-az1",
              "euw3-az2",
              "euw3-az3"
            ]
          },
          "sensitive_attributes": []
        }
      ]
    },
    {
      "mode": "data",
      "type": "aws_availability_zones",
      "name": "avzs",
      "provider": "provider[\"registry.terraform.io/hashicorp/aws\"]",
      "instances": [
        {
          "schema_version": 0,
          "attributes": {
            "all_availability_zones": true,
            "exclude_names": null,
            "exclude_zone_ids": null,
            "filter": null,
            "group_names": [
              "eu-west-3"
            ],
            "id": "eu-west-3",
            "names": [
              "eu-west-3a",
              "eu-west-3b",
              "eu-west-3c"
            ],
            "state": null,
            "timeouts": null,
            "zone_ids": [
              "euw3-az1",
              "euw3-az2",
              "euw3-az3"
            ]
          },
          "sensitive_attributes": []
        }
      ]
    },
    {
      "mode": "managed",
      "type": "aws_security_group",
      "name": "control_plane_sg",
      "provider": "provider[\"registry.terraform.io/hashicorp/aws\"]",
      "instances": [
        {
          "schema_version": 1,
          "attributes": {
            "arn": "arn:aws:ec2:eu-west-3:891288190130:security-group/sg-01132dd5defb08773",
            "description": "Managed by Terraform",
            "egress": [
              {
                "cidr_blocks": [
                  "0.0.0.0/0"
                ],
                "description": "",
                "from_port": 0,
                "ipv6_cidr_blocks": [],
                "prefix_list_ids": [],
                "protocol": "-1",
                "security_groups": [],
                "self": false,
                "to_port": 0
              }
            ],
            "id": "sg-01132dd5defb08773",
            "ingress": [
              {
                "cidr_blocks": [
                  "10.0.0.0/24",
                  "10.0.1.0/24"
                ],
                "description": "",
                "from_port": 0,
                "ipv6_cidr_blocks": [],
                "prefix_list_ids": [],
                "protocol": "tcp",
                "security_groups": [],
                "self": false,
                "to_port": 65535
              }
            ],
            "name": "k8s-control-plane-sg",
            "name_prefix": "",
            "owner_id": "891288190130",
            "revoke_rules_on_delete": false,
            "tags": {
              "LAB": "tesi_mattia",
              "Name": "k8s-control-plane-sg",
              "infra": "terraform",
              "kubernetes.io/cluster/eks-lab-cluster-module": "owned"
            },
            "tags_all": {
              "LAB": "tesi_mattia",
              "Name": "k8s-control-plane-sg",
              "infra": "terraform",
              "kubernetes.io/cluster/eks-lab-cluster-module": "owned"
            },
            "timeouts": null,
            "vpc_id": "vpc-0f8bb019fe8c47ce4"
          },
          "sensitive_attributes": [],
          "private": "eyJlMmJmYjczMC1lY2FhLTExZTYtOGY4OC0zNDM2M2JjN2M0YzAiOnsiY3JlYXRlIjo2MDAwMDAwMDAwMDAsImRlbGV0ZSI6OTAwMDAwMDAwMDAwfSwic2NoZW1hX3ZlcnNpb24iOiIxIn0=",
          "dependencies": [
            "module.vpc.aws_vpc.this"
          ],
          "create_before_destroy": true
        }
      ]
    },
    {
      "mode": "managed",
      "type": "aws_security_group",
      "name": "data_plane_sg",
      "provider": "provider[\"registry.terraform.io/hashicorp/aws\"]",
      "instances": [
        {
          "schema_version": 1,
          "attributes": {
            "arn": "arn:aws:ec2:eu-west-3:891288190130:security-group/sg-034139ddf92f84639",
            "description": "Managed by Terraform",
            "egress": [
              {
                "cidr_blocks": [
                  "0.0.0.0/0"
                ],
                "description": "",
                "from_port": 0,
                "ipv6_cidr_blocks": [],
                "prefix_list_ids": [],
                "protocol": "-1",
                "security_groups": [],
                "self": false,
                "to_port": 0
              }
            ],
            "id": "sg-034139ddf92f84639",
            "ingress": [
              {
                "cidr_blocks": [
                  "10.0.0.0/24",
                  "10.0.1.0/24"
                ],
                "description": "Allow nodes to communicate with each other",
                "from_port": 0,
                "ipv6_cidr_blocks": [],
                "prefix_list_ids": [],
                "protocol": "-1",
                "security_groups": [],
                "self": false,
                "to_port": 0
              },
              {
                "cidr_blocks": [
                  "10.0.0.0/24",
                  "10.0.1.0/24"
                ],
                "description": "Allow worker Kubelets and pods to receive communication from the cluster control plane",
                "from_port": 1025,
                "ipv6_cidr_blocks": [],
                "prefix_list_ids": [],
                "protocol": "tcp",
                "security_groups": [],
                "self": false,
                "to_port": 65535
              }
            ],
            "name": "k8s-data-plane-sg",
            "name_prefix": "",
            "owner_id": "891288190130",
            "revoke_rules_on_delete": false,
            "tags": {
              "LAB": "tesi_mattia",
              "Name": "k8s-data-plane-sg",
              "infra": "terraform",
              "kubernetes.io/cluster/eks-lab-cluster-module": "owned"
            },
            "tags_all": {
              "LAB": "tesi_mattia",
              "Name": "k8s-data-plane-sg",
              "infra": "terraform",
              "kubernetes.io/cluster/eks-lab-cluster-module": "owned"
            },
            "timeouts": null,
            "vpc_id": "vpc-0f8bb019fe8c47ce4"
          },
          "sensitive_attributes": [],
          "private": "eyJlMmJmYjczMC1lY2FhLTExZTYtOGY4OC0zNDM2M2JjN2M0YzAiOnsiY3JlYXRlIjo2MDAwMDAwMDAwMDAsImRlbGV0ZSI6OTAwMDAwMDAwMDAwfSwic2NoZW1hX3ZlcnNpb24iOiIxIn0=",
          "dependencies": [
            "module.vpc.aws_vpc.this"
          ],
          "create_before_destroy": true
        }
      ]
    },
    {
      "mode": "managed",
      "type": "aws_security_group_rule",
      "name": "control_plane_inbound",
      "provider": "provider[\"registry.terraform.io/hashicorp/aws\"]",
      "instances": [
        {
          "schema_version": 2,
          "attributes": {
            "cidr_blocks": [
              "10.0.0.0/24",
              "10.0.1.0/24"
            ],
            "description": "",
            "from_port": 0,
            "id": "sgrule-3472515946",
            "ipv6_cidr_blocks": null,
            "prefix_list_ids": null,
            "protocol": "tcp",
            "security_group_id": "sg-01132dd5defb08773",
            "security_group_rule_id": "",
            "self": false,
            "source_security_group_id": null,
            "timeouts": null,
            "to_port": 65535,
            "type": "ingress"
          },
          "sensitive_attributes": [],
          "private": "eyJlMmJmYjczMC1lY2FhLTExZTYtOGY4OC0zNDM2M2JjN2M0YzAiOnsiY3JlYXRlIjozMDAwMDAwMDAwMDB9LCJzY2hlbWFfdmVyc2lvbiI6IjIifQ==",
          "dependencies": [
            "aws_security_group.control_plane_sg",
            "data.aws_availability_zones.avzs",
            "module.vpc.aws_subnet.private",
            "module.vpc.aws_vpc.this",
            "module.vpc.aws_vpc_ipv4_cidr_block_association.this"
          ]
        }
      ]
    },
    {
      "mode": "managed",
      "type": "aws_security_group_rule",
      "name": "control_plane_outbound",
      "provider": "provider[\"registry.terraform.io/hashicorp/aws\"]",
      "instances": [
        {
          "schema_version": 2,
          "attributes": {
            "cidr_blocks": [
              "0.0.0.0/0"
            ],
            "description": "",
            "from_port": 0,
            "id": "sgrule-434011201",
            "ipv6_cidr_blocks": null,
            "prefix_list_ids": null,
            "protocol": "-1",
            "security_group_id": "sg-01132dd5defb08773",
            "security_group_rule_id": "sgr-01ccde1c0a7501acd",
            "self": false,
            "source_security_group_id": null,
            "timeouts": null,
            "to_port": 0,
            "type": "egress"
          },
          "sensitive_attributes": [],
          "private": "eyJlMmJmYjczMC1lY2FhLTExZTYtOGY4OC0zNDM2M2JjN2M0YzAiOnsiY3JlYXRlIjozMDAwMDAwMDAwMDB9LCJzY2hlbWFfdmVyc2lvbiI6IjIifQ==",
          "dependencies": [
            "aws_security_group.control_plane_sg",
            "module.vpc.aws_vpc.this"
          ]
        }
      ]
    },
    {
      "mode": "managed",
      "type": "aws_security_group_rule",
      "name": "node_outbound",
      "provider": "provider[\"registry.terraform.io/hashicorp/aws\"]",
      "instances": [
        {
          "schema_version": 2,
          "attributes": {
            "cidr_blocks": [
              "0.0.0.0/0"
            ],
            "description": "",
            "from_port": 0,
            "id": "sgrule-2628823570",
            "ipv6_cidr_blocks": null,
            "prefix_list_ids": null,
            "protocol": "-1",
            "security_group_id": "sg-034139ddf92f84639",
            "security_group_rule_id": "sgr-034646ce922f19eb3",
            "self": false,
            "source_security_group_id": null,
            "timeouts": null,
            "to_port": 0,
            "type": "egress"
          },
          "sensitive_attributes": [],
          "private": "eyJlMmJmYjczMC1lY2FhLTExZTYtOGY4OC0zNDM2M2JjN2M0YzAiOnsiY3JlYXRlIjozMDAwMDAwMDAwMDB9LCJzY2hlbWFfdmVyc2lvbiI6IjIifQ==",
          "dependencies": [
            "aws_security_group.data_plane_sg",
            "module.vpc.aws_vpc.this"
          ]
        }
      ]
    },
    {
      "mode": "managed",
      "type": "aws_security_group_rule",
      "name": "nodes",
      "provider": "provider[\"registry.terraform.io/hashicorp/aws\"]",
      "instances": [
        {
          "schema_version": 2,
          "attributes": {
            "cidr_blocks": [
              "10.0.0.0/24",
              "10.0.1.0/24"
            ],
            "description": "Allow nodes to communicate with each other",
            "from_port": 0,
            "id": "sgrule-711113710",
            "ipv6_cidr_blocks": null,
            "prefix_list_ids": null,
            "protocol": "-1",
            "security_group_id": "sg-034139ddf92f84639",
            "security_group_rule_id": "",
            "self": false,
            "source_security_group_id": null,
            "timeouts": null,
            "to_port": 0,
            "type": "ingress"
          },
          "sensitive_attributes": [],
          "private": "eyJlMmJmYjczMC1lY2FhLTExZTYtOGY4OC0zNDM2M2JjN2M0YzAiOnsiY3JlYXRlIjozMDAwMDAwMDAwMDB9LCJzY2hlbWFfdmVyc2lvbiI6IjIifQ==",
          "dependencies": [
            "aws_security_group.data_plane_sg",
            "data.aws_availability_zones.avzs",
            "module.vpc.aws_subnet.private",
            "module.vpc.aws_vpc.this",
            "module.vpc.aws_vpc_ipv4_cidr_block_association.this"
          ]
        }
      ]
    },
    {
      "mode": "managed",
      "type": "aws_security_group_rule",
      "name": "nodes_inbound",
      "provider": "provider[\"registry.terraform.io/hashicorp/aws\"]",
      "instances": [
        {
          "schema_version": 2,
          "attributes": {
            "cidr_blocks": [
              "10.0.0.0/24",
              "10.0.1.0/24"
            ],
            "description": "Allow worker Kubelets and pods to receive communication from the cluster control plane",
            "from_port": 1025,
            "id": "sgrule-2888305674",
            "ipv6_cidr_blocks": null,
            "prefix_list_ids": null,
            "protocol": "tcp",
            "security_group_id": "sg-034139ddf92f84639",
            "security_group_rule_id": "",
            "self": false,
            "source_security_group_id": null,
            "timeouts": null,
            "to_port": 65535,
            "type": "ingress"
          },
          "sensitive_attributes": [],
          "private": "eyJlMmJmYjczMC1lY2FhLTExZTYtOGY4OC0zNDM2M2JjN2M0YzAiOnsiY3JlYXRlIjozMDAwMDAwMDAwMDB9LCJzY2hlbWFfdmVyc2lvbiI6IjIifQ==",
          "dependencies": [
            "aws_security_group.data_plane_sg",
            "data.aws_availability_zones.avzs",
            "module.vpc.aws_subnet.private",
            "module.vpc.aws_vpc.this",
            "module.vpc.aws_vpc_ipv4_cidr_block_association.this"
          ]
        }
      ]
    },
    {
      "module": "module.eks",
      "mode": "data",
      "type": "aws_caller_identity",
      "name": "current",
      "provider": "provider[\"registry.terraform.io/hashicorp/aws\"]",
      "instances": [
        {
          "schema_version": 0,
          "attributes": {
            "account_id": "891288190130",
            "arn": "arn:aws:iam::891288190130:user/ma.caracciolo@reply.it",
            "id": "891288190130",
            "user_id": "AIDA47BHKPSZB3DR4SBAK"
          },
          "sensitive_attributes": []
        }
      ]
    },
    {
      "module": "module.eks",
      "mode": "data",
      "type": "aws_eks_addon_version",
      "name": "this",
      "provider": "provider[\"registry.terraform.io/hashicorp/aws\"]",
      "instances": [
        {
          "index_key": "vpc-cni",
          "schema_version": 0,
          "attributes": {
            "addon_name": "vpc-cni",
            "id": "vpc-cni",
            "kubernetes_version": "1.23",
            "most_recent": false,
            "version": "v1.10.4-eksbuild.1"
          },
          "sensitive_attributes": []
        }
      ]
    },
    {
      "module": "module.eks",
      "mode": "data",
      "type": "aws_iam_policy_document",
      "name": "assume_role_policy",
      "provider": "provider[\"registry.terraform.io/hashicorp/aws\"]",
      "instances": [
        {
          "index_key": 0,
          "schema_version": 0,
          "attributes": {
            "id": "2764486067",
            "json": "{\n  \"Version\": \"2012-10-17\",\n  \"Statement\": [\n    {\n      \"Sid\": \"EKSClusterAssumeRole\",\n      \"Effect\": \"Allow\",\n      \"Action\": \"sts:AssumeRole\",\n      \"Principal\": {\n        \"Service\": \"eks.amazonaws.com\"\n      }\n    }\n  ]\n}",
            "override_json": null,
            "override_policy_documents": null,
            "policy_id": null,
            "source_json": null,
            "source_policy_documents": null,
            "statement": [
              {
                "actions": [
                  "sts:AssumeRole"
                ],
                "condition": [],
                "effect": "Allow",
                "not_actions": [],
                "not_principals": [],
                "not_resources": [],
                "principals": [
                  {
                    "identifiers": [
                      "eks.amazonaws.com"
                    ],
                    "type": "Service"
                  }
                ],
                "resources": [],
                "sid": "EKSClusterAssumeRole"
              }
            ],
            "version": "2012-10-17"
          },
          "sensitive_attributes": []
        }
      ]
    },
    {
      "module": "module.eks",
      "mode": "data",
      "type": "aws_partition",
      "name": "current",
      "provider": "provider[\"registry.terraform.io/hashicorp/aws\"]",
      "instances": [
        {
          "schema_version": 0,
          "attributes": {
            "dns_suffix": "amazonaws.com",
            "id": "aws",
            "partition": "aws",
            "reverse_dns_prefix": "com.amazonaws"
          },
          "sensitive_attributes": []
        }
      ]
    },
    {
      "module": "module.eks",
      "mode": "managed",
      "type": "aws_ec2_tag",
      "name": "cluster_primary_security_group",
      "provider": "provider[\"registry.terraform.io/hashicorp/aws\"]",
      "instances": [
        {
          "index_key": "LAB",
          "schema_version": 0,
          "attributes": {
            "id": "sg-0d4138a4e4d3d0c54,LAB",
            "key": "LAB",
            "resource_id": "sg-0d4138a4e4d3d0c54",
            "value": "tesi_mattia"
          },
          "sensitive_attributes": [],
          "private": "bnVsbA==",
          "dependencies": [
            "aws_security_group.control_plane_sg",
            "aws_security_group.data_plane_sg",
            "data.aws_availability_zones.avzs",
            "module.eks.aws_cloudwatch_log_group.this",
            "module.eks.aws_eks_cluster.this",
            "module.eks.aws_iam_role.this",
            "module.eks.aws_iam_role_policy_attachment.this",
            "module.eks.aws_security_group.cluster",
            "module.eks.aws_security_group.node",
            "module.eks.aws_security_group_rule.cluster",
            "module.eks.aws_security_group_rule.node",
            "module.eks.data.aws_caller_identity.current",
            "module.eks.data.aws_iam_policy_document.assume_role_policy",
            "module.eks.data.aws_partition.current",
            "module.eks.module.kms.aws_kms_external_key.this",
            "module.eks.module.kms.aws_kms_key.this",
            "module.eks.module.kms.data.aws_caller_identity.current",
            "module.eks.module.kms.data.aws_iam_policy_document.this",
            "module.eks.module.kms.data.aws_partition.current",
            "module.vpc.aws_subnet.private",
            "module.vpc.aws_vpc.this",
            "module.vpc.aws_vpc_ipv4_cidr_block_association.this"
          ]
        },
        {
          "index_key": "infra",
          "schema_version": 0,
          "attributes": {
            "id": "sg-0d4138a4e4d3d0c54,infra",
            "key": "infra",
            "resource_id": "sg-0d4138a4e4d3d0c54",
            "value": "terraform"
          },
          "sensitive_attributes": [],
          "private": "bnVsbA==",
          "dependencies": [
            "aws_security_group.control_plane_sg",
            "aws_security_group.data_plane_sg",
            "data.aws_availability_zones.avzs",
            "module.eks.aws_cloudwatch_log_group.this",
            "module.eks.aws_eks_cluster.this",
            "module.eks.aws_iam_role.this",
            "module.eks.aws_iam_role_policy_attachment.this",
            "module.eks.aws_security_group.cluster",
            "module.eks.aws_security_group.node",
            "module.eks.aws_security_group_rule.cluster",
            "module.eks.aws_security_group_rule.node",
            "module.eks.data.aws_caller_identity.current",
            "module.eks.data.aws_iam_policy_document.assume_role_policy",
            "module.eks.data.aws_partition.current",
            "module.eks.module.kms.aws_kms_external_key.this",
            "module.eks.module.kms.aws_kms_key.this",
            "module.eks.module.kms.data.aws_caller_identity.current",
            "module.eks.module.kms.data.aws_iam_policy_document.this",
            "module.eks.module.kms.data.aws_partition.current",
            "module.vpc.aws_subnet.private",
            "module.vpc.aws_vpc.this",
            "module.vpc.aws_vpc_ipv4_cidr_block_association.this"
          ]
        }
      ]
    },
    {
      "module": "module.eks",
      "mode": "managed",
      "type": "aws_eks_addon",
      "name": "this",
      "provider": "provider[\"registry.terraform.io/hashicorp/aws\"]",
      "instances": [
        {
          "index_key": "vpc-cni",
          "schema_version": 0,
          "attributes": {
            "addon_name": "vpc-cni",
            "addon_version": "v1.12.0-eksbuild.1",
            "arn": "arn:aws:eks:eu-west-3:891288190130:addon/eks-lab-cluster-module/vpc-cni/18c28b30-881f-980d-16be-df67cb7aadb9",
            "cluster_name": "eks-lab-cluster-module",
            "created_at": "2022-12-15T15:22:18Z",
            "id": "eks-lab-cluster-module:vpc-cni",
            "modified_at": "2022-12-15T15:23:19Z",
            "preserve": null,
            "resolve_conflicts": "OVERWRITE",
            "service_account_role_arn": "",
            "tags": {
              "LAB": "tesi_mattia",
              "infra": "terraform"
            },
            "tags_all": {
              "LAB": "tesi_mattia",
              "infra": "terraform"
            },
            "timeouts": {
              "create": null,
              "delete": null,
              "update": null
            }
          },
          "sensitive_attributes": [],
          "private": "eyJlMmJmYjczMC1lY2FhLTExZTYtOGY4OC0zNDM2M2JjN2M0YzAiOnsiY3JlYXRlIjoxMjAwMDAwMDAwMDAwLCJkZWxldGUiOjI0MDAwMDAwMDAwMDAsInVwZGF0ZSI6MTIwMDAwMDAwMDAwMH19",
          "dependencies": [
            "aws_security_group.control_plane_sg",
            "aws_security_group.data_plane_sg",
            "data.aws_availability_zones.avzs",
            "module.eks.aws_cloudwatch_log_group.this",
            "module.eks.aws_eks_cluster.this",
            "module.eks.aws_iam_role.this",
            "module.eks.aws_iam_role_policy_attachment.this",
            "module.eks.aws_security_group.cluster",
            "module.eks.aws_security_group.node",
            "module.eks.aws_security_group_rule.cluster",
            "module.eks.aws_security_group_rule.node",
            "module.eks.data.aws_caller_identity.current",
            "module.eks.data.aws_eks_addon_version.this",
            "module.eks.data.aws_iam_policy_document.assume_role_policy",
            "module.eks.data.aws_partition.current",
            "module.eks.module.eks_managed_node_group.aws_eks_node_group.this",
            "module.eks.module.eks_managed_node_group.aws_iam_role.this",
            "module.eks.module.eks_managed_node_group.aws_iam_role_policy_attachment.additional",
            "module.eks.module.eks_managed_node_group.aws_iam_role_policy_attachment.this",
            "module.eks.module.eks_managed_node_group.aws_launch_template.this",
            "module.eks.module.eks_managed_node_group.data.aws_caller_identity.current",
            "module.eks.module.eks_managed_node_group.data.aws_iam_policy_document.assume_role_policy",
            "module.eks.module.eks_managed_node_group.data.aws_partition.current",
            "module.eks.module.eks_managed_node_group.module.user_data.data.cloudinit_config.linux_eks_managed_node_group",
            "module.eks.module.fargate_profile.aws_eks_fargate_profile.this",
            "module.eks.module.fargate_profile.aws_iam_role.this",
            "module.eks.module.fargate_profile.aws_iam_role_policy_attachment.additional",
            "module.eks.module.fargate_profile.aws_iam_role_policy_attachment.this",
            "module.eks.module.fargate_profile.data.aws_caller_identity.current",
            "module.eks.module.fargate_profile.data.aws_iam_policy_document.assume_role_policy",
            "module.eks.module.fargate_profile.data.aws_partition.current",
            "module.eks.module.kms.aws_kms_external_key.this",
            "module.eks.module.kms.aws_kms_key.this",
            "module.eks.module.kms.data.aws_caller_identity.current",
            "module.eks.module.kms.data.aws_iam_policy_document.this",
            "module.eks.module.kms.data.aws_partition.current",
            "module.eks.module.self_managed_node_group.aws_autoscaling_group.this",
            "module.eks.module.self_managed_node_group.aws_autoscaling_schedule.this",
            "module.eks.module.self_managed_node_group.aws_iam_instance_profile.this",
            "module.eks.module.self_managed_node_group.aws_iam_role.this",
            "module.eks.module.self_managed_node_group.aws_iam_role_policy_attachment.additional",
            "module.eks.module.self_managed_node_group.aws_iam_role_policy_attachment.this",
            "module.eks.module.self_managed_node_group.aws_launch_template.this",
            "module.eks.module.self_managed_node_group.data.aws_ami.eks_default",
            "module.eks.module.self_managed_node_group.data.aws_caller_identity.current",
            "module.eks.module.self_managed_node_group.data.aws_iam_policy_document.assume_role_policy",
            "module.eks.module.self_managed_node_group.data.aws_partition.current",
            "module.eks.module.self_managed_node_group.module.user_data.data.cloudinit_config.linux_eks_managed_node_group",
            "module.vpc.aws_subnet.private",
            "module.vpc.aws_vpc.this",
            "module.vpc.aws_vpc_ipv4_cidr_block_association.this"
          ]
        }
      ]
    },
    {
      "module": "module.eks",
      "mode": "managed",
      "type": "aws_eks_cluster",
      "name": "this",
      "provider": "provider[\"registry.terraform.io/hashicorp/aws\"]",
      "instances": [
        {
          "index_key": 0,
          "schema_version": 0,
          "attributes": {
            "arn": "arn:aws:eks:eu-west-3:891288190130:cluster/eks-lab-cluster-module",
            "certificate_authority": [
              {
                "data": "LS0tLS1CRUdJTiBDRVJUSUZJQ0FURS0tLS0tCk1JSUMvakNDQWVhZ0F3SUJBZ0lCQURBTkJna3Foa2lHOXcwQkFRc0ZBREFWTVJNd0VRWURWUVFERXdwcmRXSmwKY201bGRHVnpNQjRYRFRJeU1USXhOVEUxTVRBeU9Wb1hEVE15TVRJeE1qRTFNVEF5T1Zvd0ZURVRNQkVHQTFVRQpBeE1LYTNWaVpYSnVaWFJsY3pDQ0FTSXdEUVlKS29aSWh2Y05BUUVCQlFBRGdnRVBBRENDQVFvQ2dnRUJBS3NECjBPSUFRcEZnWkhXUHM5NEl1d2kxanhmbzJLaEV1dGVFTXBmM3BFc0NFTis5SDUwZmFZRFk1RzkxNEgvYS9OU1MKaE84QmpPQ0k2cGdaYjR3Qmx5c3EzczByL1hrSTRuaUZMZ1NKTnRLRHRlVDZoOFV1NC84TTIxc1NKVnp5RXdDWQpQQVNuRVErQjU3VUhKemhwTTRhcy95Sm84bTBhOFFpdXpzT1dNQzQ0V3VoTFFzNXFkLzlVQlFLeVZVRmZoNTBmCmxDVmFYSWNFd01nWnM3b2crY0FQL3VsVTNUbU9ZTVlCOUNMRml3NUQvMmF6ME95MEQ2QklTQUJBVHlSYm8rblkKQmN0K2ZvV1JqblRqZzI1enN2aWZCL0U4bjFGWGN1QzQ2bmxoNE1RWnBvbHY0MjE4bnQ5VjkvSTIwREJjWjFQeApjTHI4aUhpdndvSTdwUzdpZEJVQ0F3RUFBYU5aTUZjd0RnWURWUjBQQVFIL0JBUURBZ0trTUE4R0ExVWRFd0VCCi93UUZNQU1CQWY4d0hRWURWUjBPQkJZRUZCQXJycEsyV1ljQ2lYaWhhbEw2ZzF3Z2JJQ0NNQlVHQTFVZEVRUU8KTUF5Q0NtdDFZbVZ5Ym1WMFpYTXdEUVlKS29aSWh2Y05BUUVMQlFBRGdnRUJBSUlMU0VsNHIyaVBzRWFrVGp1OApoRHdqcElPME8wTFFwV29QQ1ZhbG5hQ05Ra3MwRE0vdU9ydEs0V011MDJvVVlXdUJUQ3ZQOXhkdDgzWmsyUlVNCjBQSWZZWm1taHo1TmdTdTVrYWNTd2JZV0NUMkVWOVRaNDNpVTU4QVpMMU1tV2kzeTFncTU1M3FvKzRnSzh6cTIKWVNnU0RuNm9OVEJ1K0RiN3VWQVhDQjY5WTAxWmh6NGhKek5PV1hCSEJ1NmRka3JCbFdmVjNscW1OUGsvNDM0bgowbHIrTjE0dVRFWnJPaWFTSmFnREdHdEFYK1Z0aHpjalJua0FzNityRzNFSlF6VUdvVlQxMkxrZUFNUjV6QWxUCm9QMU1ZbFNoT0d1eGNpRUJiVmZBc3Yya1BlWUluVVA1ME1KbGprb3V3RUh1ZVZSQnFMRXJ4a1lXSU1MNldFa1kKaURBPQotLS0tLUVORCBDRVJUSUZJQ0FURS0tLS0tCg=="
              }
            ],
            "cluster_id": null,
            "created_at": "2022-12-15 15:05:17.981 +0000 UTC",
            "enabled_cluster_log_types": [
              "api",
              "audit",
              "authenticator"
            ],
            "encryption_config": [
              {
                "provider": [
                  {
                    "key_arn": "arn:aws:kms:eu-west-3:891288190130:key/76eae5fe-8722-40bd-b18b-923f8857f791"
                  }
                ],
                "resources": [
                  "secrets"
                ]
              }
            ],
            "endpoint": "https://BC692A3F143922124C6DC44A153239A3.gr7.eu-west-3.eks.amazonaws.com",
            "id": "eks-lab-cluster-module",
            "identity": [
              {
                "oidc": [
                  {
                    "issuer": "https://oidc.eks.eu-west-3.amazonaws.com/id/BC692A3F143922124C6DC44A153239A3"
                  }
                ]
              }
            ],
            "kubernetes_network_config": [
              {
                "ip_family": "ipv4",
                "service_ipv4_cidr": "172.20.0.0/16",
                "service_ipv6_cidr": ""
              }
            ],
            "name": "eks-lab-cluster-module",
            "outpost_config": [],
            "platform_version": "eks.5",
            "role_arn": "arn:aws:iam::891288190130:role/eks-lab-cluster-module-cluster-20221215150444460400000002",
            "status": "ACTIVE",
            "tags": {
              "LAB": "tesi_mattia",
              "infra": "terraform"
            },
            "tags_all": {
              "LAB": "tesi_mattia",
              "infra": "terraform"
            },
            "timeouts": {
              "create": null,
              "delete": null,
              "update": null
            },
            "version": "1.23",
            "vpc_config": [
              {
                "cluster_security_group_id": "sg-0d4138a4e4d3d0c54",
                "endpoint_private_access": true,
                "endpoint_public_access": false,
                "public_access_cidrs": [
                  "0.0.0.0/0"
                ],
                "security_group_ids": [
                  "sg-01132dd5defb08773"
                ],
                "subnet_ids": [
                  "subnet-0825f04beb900ef9d",
                  "subnet-0e6c5d86e7d9c4fe9"
                ],
                "vpc_id": "vpc-0f8bb019fe8c47ce4"
              }
            ]
          },
          "sensitive_attributes": [],
          "private": "eyJlMmJmYjczMC1lY2FhLTExZTYtOGY4OC0zNDM2M2JjN2M0YzAiOnsiY3JlYXRlIjoxODAwMDAwMDAwMDAwLCJkZWxldGUiOjkwMDAwMDAwMDAwMCwidXBkYXRlIjozNjAwMDAwMDAwMDAwfX0=",
          "dependencies": [
            "aws_security_group.control_plane_sg",
            "aws_security_group.data_plane_sg",
            "data.aws_availability_zones.avzs",
            "module.eks.aws_cloudwatch_log_group.this",
            "module.eks.aws_iam_role.this",
            "module.eks.aws_iam_role_policy_attachment.this",
            "module.eks.aws_security_group.cluster",
            "module.eks.aws_security_group.node",
            "module.eks.aws_security_group_rule.cluster",
            "module.eks.aws_security_group_rule.node",
            "module.eks.data.aws_caller_identity.current",
            "module.eks.data.aws_iam_policy_document.assume_role_policy",
            "module.eks.data.aws_partition.current",
            "module.eks.module.kms.aws_kms_external_key.this",
            "module.eks.module.kms.aws_kms_key.this",
            "module.eks.module.kms.data.aws_caller_identity.current",
            "module.eks.module.kms.data.aws_iam_policy_document.this",
            "module.eks.module.kms.data.aws_partition.current",
            "module.vpc.aws_subnet.private",
            "module.vpc.aws_vpc.this",
            "module.vpc.aws_vpc_ipv4_cidr_block_association.this"
          ],
          "create_before_destroy": true
        }
      ]
    },
    {
      "module": "module.eks",
      "mode": "managed",
      "type": "aws_iam_policy",
      "name": "cluster_encryption",
      "provider": "provider[\"registry.terraform.io/hashicorp/aws\"]",
      "instances": [
        {
          "index_key": 0,
          "schema_version": 0,
          "attributes": {
            "arn": "arn:aws:iam::891288190130:policy/eks-lab-cluster-module-cluster-ClusterEncryption20221215150517056800000010",
            "description": "Cluster encryption policy to allow cluster role to utilize CMK provided",
            "id": "arn:aws:iam::891288190130:policy/eks-lab-cluster-module-cluster-ClusterEncryption20221215150517056800000010",
            "name": "eks-lab-cluster-module-cluster-ClusterEncryption20221215150517056800000010",
            "name_prefix": "eks-lab-cluster-module-cluster-ClusterEncryption",
            "path": "/",
            "policy": "{\"Statement\":[{\"Action\":[\"kms:Encrypt\",\"kms:Decrypt\",\"kms:ListGrants\",\"kms:DescribeKey\"],\"Effect\":\"Allow\",\"Resource\":\"arn:aws:kms:eu-west-3:891288190130:key/76eae5fe-8722-40bd-b18b-923f8857f791\"}],\"Version\":\"2012-10-17\"}",
            "policy_id": "ANPA47BHKPSZOTYZU3LYM",
            "tags": {
              "LAB": "tesi_mattia",
              "infra": "terraform"
            },
            "tags_all": {
              "LAB": "tesi_mattia",
              "infra": "terraform"
            }
          },
          "sensitive_attributes": [],
          "private": "bnVsbA==",
          "dependencies": [
            "module.eks.aws_iam_role.this",
            "module.eks.data.aws_caller_identity.current",
            "module.eks.data.aws_iam_policy_document.assume_role_policy",
            "module.eks.data.aws_partition.current",
            "module.eks.module.kms.aws_kms_external_key.this",
            "module.eks.module.kms.aws_kms_key.this",
            "module.eks.module.kms.data.aws_caller_identity.current",
            "module.eks.module.kms.data.aws_iam_policy_document.this",
            "module.eks.module.kms.data.aws_partition.current"
          ]
        }
      ]
    },
    {
      "module": "module.eks",
      "mode": "managed",
      "type": "aws_iam_role",
      "name": "this",
      "provider": "provider[\"registry.terraform.io/hashicorp/aws\"]",
      "instances": [
        {
          "index_key": 0,
          "schema_version": 0,
          "attributes": {
            "arn": "arn:aws:iam::891288190130:role/eks-lab-cluster-module-cluster-20221215150444460400000002",
            "assume_role_policy": "{\"Statement\":[{\"Action\":\"sts:AssumeRole\",\"Effect\":\"Allow\",\"Principal\":{\"Service\":\"eks.amazonaws.com\"},\"Sid\":\"EKSClusterAssumeRole\"}],\"Version\":\"2012-10-17\"}",
            "create_date": "2022-12-15T15:04:43Z",
            "description": "",
            "force_detach_policies": true,
            "id": "eks-lab-cluster-module-cluster-20221215150444460400000002",
            "inline_policy": [],
            "managed_policy_arns": [
              "arn:aws:iam::891288190130:policy/eks-lab-cluster-module-cluster-ClusterEncryption20221215150517056800000010",
              "arn:aws:iam::aws:policy/AmazonEKSClusterPolicy",
              "arn:aws:iam::aws:policy/AmazonEKSVPCResourceController"
            ],
            "max_session_duration": 3600,
            "name": "eks-lab-cluster-module-cluster-20221215150444460400000002",
            "name_prefix": "eks-lab-cluster-module-cluster-",
            "path": "/",
            "permissions_boundary": null,
            "tags": {
              "LAB": "tesi_mattia",
              "Name": "eks-lab-cluster-module-cluster",
              "infra": "terraform"
            },
            "tags_all": {
              "LAB": "tesi_mattia",
              "Name": "eks-lab-cluster-module-cluster",
              "infra": "terraform"
            },
            "unique_id": "AROA47BHKPSZOVNNG26FH"
          },
          "sensitive_attributes": [],
          "private": "bnVsbA==",
          "dependencies": [
            "module.eks.data.aws_iam_policy_document.assume_role_policy",
            "module.eks.data.aws_partition.current"
          ],
          "create_before_destroy": true
        }
      ]
    },
    {
      "module": "module.eks",
      "mode": "managed",
      "type": "aws_iam_role_policy_attachment",
      "name": "cluster_encryption",
      "provider": "provider[\"registry.terraform.io/hashicorp/aws\"]",
      "instances": [
        {
          "index_key": 0,
          "schema_version": 0,
          "attributes": {
            "id": "eks-lab-cluster-module-cluster-20221215150444460400000002-20221215150518033000000011",
            "policy_arn": "arn:aws:iam::891288190130:policy/eks-lab-cluster-module-cluster-ClusterEncryption20221215150517056800000010",
            "role": "eks-lab-cluster-module-cluster-20221215150444460400000002"
          },
          "sensitive_attributes": [],
          "private": "bnVsbA==",
          "dependencies": [
            "module.eks.aws_iam_policy.cluster_encryption",
            "module.eks.aws_iam_role.this",
            "module.eks.data.aws_caller_identity.current",
            "module.eks.data.aws_iam_policy_document.assume_role_policy",
            "module.eks.data.aws_partition.current",
            "module.eks.module.kms.aws_kms_external_key.this",
            "module.eks.module.kms.aws_kms_key.this",
            "module.eks.module.kms.data.aws_caller_identity.current",
            "module.eks.module.kms.data.aws_iam_policy_document.this",
            "module.eks.module.kms.data.aws_partition.current"
          ]
        }
      ]
    },
    {
      "module": "module.eks",
      "mode": "managed",
      "type": "aws_iam_role_policy_attachment",
      "name": "this",
      "provider": "provider[\"registry.terraform.io/hashicorp/aws\"]",
      "instances": [
        {
          "index_key": "AmazonEKSClusterPolicy",
          "schema_version": 0,
          "attributes": {
            "id": "eks-lab-cluster-module-cluster-20221215150444460400000002-20221215150446603300000007",
            "policy_arn": "arn:aws:iam::aws:policy/AmazonEKSClusterPolicy",
            "role": "eks-lab-cluster-module-cluster-20221215150444460400000002"
          },
          "sensitive_attributes": [],
          "private": "bnVsbA==",
          "dependencies": [
            "module.eks.aws_iam_role.this",
            "module.eks.data.aws_iam_policy_document.assume_role_policy",
            "module.eks.data.aws_partition.current"
          ],
          "create_before_destroy": true
        },
        {
          "index_key": "AmazonEKSVPCResourceController",
          "schema_version": 0,
          "attributes": {
            "id": "eks-lab-cluster-module-cluster-20221215150444460400000002-20221215150446732800000008",
            "policy_arn": "arn:aws:iam::aws:policy/AmazonEKSVPCResourceController",
            "role": "eks-lab-cluster-module-cluster-20221215150444460400000002"
          },
          "sensitive_attributes": [],
          "private": "bnVsbA==",
          "dependencies": [
            "module.eks.aws_iam_role.this",
            "module.eks.data.aws_iam_policy_document.assume_role_policy",
            "module.eks.data.aws_partition.current"
          ],
          "create_before_destroy": true
        }
      ]
    },
    {
      "module": "module.eks.module.eks_managed_node_group[\"private-nodes\"]",
      "mode": "data",
      "type": "aws_caller_identity",
      "name": "current",
      "provider": "provider[\"registry.terraform.io/hashicorp/aws\"]",
      "instances": [
        {
          "schema_version": 0,
          "attributes": {
            "account_id": "891288190130",
            "arn": "arn:aws:iam::891288190130:user/ma.caracciolo@reply.it",
            "id": "891288190130",
            "user_id": "AIDA47BHKPSZB3DR4SBAK"
          },
          "sensitive_attributes": []
        }
      ]
    },
    {
      "module": "module.eks.module.eks_managed_node_group[\"private-nodes\"]",
      "mode": "data",
      "type": "aws_iam_policy_document",
      "name": "assume_role_policy",
      "provider": "provider[\"registry.terraform.io/hashicorp/aws\"]",
      "instances": [
        {
          "index_key": 0,
          "schema_version": 0,
          "attributes": {
            "id": "2560088296",
            "json": "{\n  \"Version\": \"2012-10-17\",\n  \"Statement\": [\n    {\n      \"Sid\": \"EKSNodeAssumeRole\",\n      \"Effect\": \"Allow\",\n      \"Action\": \"sts:AssumeRole\",\n      \"Principal\": {\n        \"Service\": \"ec2.amazonaws.com\"\n      }\n    }\n  ]\n}",
            "override_json": null,
            "override_policy_documents": null,
            "policy_id": null,
            "source_json": null,
            "source_policy_documents": null,
            "statement": [
              {
                "actions": [
                  "sts:AssumeRole"
                ],
                "condition": [],
                "effect": "Allow",
                "not_actions": [],
                "not_principals": [],
                "not_resources": [],
                "principals": [
                  {
                    "identifiers": [
                      "ec2.amazonaws.com"
                    ],
                    "type": "Service"
                  }
                ],
                "resources": [],
                "sid": "EKSNodeAssumeRole"
              }
            ],
            "version": "2012-10-17"
          },
          "sensitive_attributes": []
        }
      ]
    },
    {
      "module": "module.eks.module.eks_managed_node_group[\"private-nodes\"]",
      "mode": "data",
      "type": "aws_partition",
      "name": "current",
      "provider": "provider[\"registry.terraform.io/hashicorp/aws\"]",
      "instances": [
        {
          "schema_version": 0,
          "attributes": {
            "dns_suffix": "amazonaws.com",
            "id": "aws",
            "partition": "aws",
            "reverse_dns_prefix": "com.amazonaws"
          },
          "sensitive_attributes": []
        }
      ]
    },
    {
      "module": "module.eks.module.eks_managed_node_group[\"private-nodes\"]",
      "mode": "managed",
      "type": "aws_eks_node_group",
      "name": "this",
      "provider": "provider[\"registry.terraform.io/hashicorp/aws\"]",
      "instances": [
        {
          "index_key": 0,
          "schema_version": 0,
          "attributes": {
            "ami_type": "AL2_x86_64",
            "arn": "arn:aws:eks:eu-west-3:891288190130:nodegroup/eks-lab-cluster-module/private-nodes-20221215151953640400000001/0ac28b2f-6fbb-9942-fde1-bf7cdbb61c01",
            "capacity_type": "ON_DEMAND",
            "cluster_name": "eks-lab-cluster-module",
            "disk_size": 0,
            "force_update_version": null,
            "id": "eks-lab-cluster-module:private-nodes-20221215151953640400000001",
            "instance_types": [
              "t3a.small"
            ],
            "labels": {},
            "launch_template": [
              {
                "id": "lt-0f62491ab42b7b6e1",
                "name": "private-nodes-20221215151528811500000012",
                "version": "1"
              }
            ],
            "node_group_name": "private-nodes-20221215151953640400000001",
            "node_group_name_prefix": "private-nodes-",
            "node_role_arn": "arn:aws:iam::891288190130:role/private-nodes-eks-node-group-20221215150444397600000001",
            "release_version": "1.23.13-20221112",
            "remote_access": [],
            "resources": [
              {
                "autoscaling_groups": [
                  {
                    "name": "eks-private-nodes-20221215151953640400000001-0ac28b2f-6fbb-9942-fde1-bf7cdbb61c01"
                  }
                ],
                "remote_access_security_group_id": ""
              }
            ],
            "scaling_config": [
              {
                "desired_size": 1,
                "max_size": 2,
                "min_size": 1
              }
            ],
            "status": "ACTIVE",
            "subnet_ids": [
              "subnet-0825f04beb900ef9d",
              "subnet-0e6c5d86e7d9c4fe9"
            ],
            "tags": {
              "LAB": "tesi_mattia",
              "Name": "private-nodes",
              "infra": "terraform"
            },
            "tags_all": {
              "LAB": "tesi_mattia",
              "Name": "private-nodes",
              "infra": "terraform"
            },
            "taint": [],
            "timeouts": {
              "create": null,
              "delete": null,
              "update": null
            },
            "update_config": [
              {
                "max_unavailable": 0,
                "max_unavailable_percentage": 33
              }
            ],
            "version": "1.23"
          },
          "sensitive_attributes": [],
          "private": "eyJlMmJmYjczMC1lY2FhLTExZTYtOGY4OC0zNDM2M2JjN2M0YzAiOnsiY3JlYXRlIjozNjAwMDAwMDAwMDAwLCJkZWxldGUiOjM2MDAwMDAwMDAwMDAsInVwZGF0ZSI6MzYwMDAwMDAwMDAwMH19",
          "dependencies": [
            "aws_security_group.control_plane_sg",
            "aws_security_group.data_plane_sg",
            "data.aws_availability_zones.avzs",
            "module.eks.aws_cloudwatch_log_group.this",
            "module.eks.aws_eks_cluster.this",
            "module.eks.aws_iam_role.this",
            "module.eks.aws_iam_role_policy_attachment.this",
            "module.eks.aws_security_group.cluster",
            "module.eks.aws_security_group.node",
            "module.eks.aws_security_group_rule.cluster",
            "module.eks.aws_security_group_rule.node",
            "module.eks.data.aws_caller_identity.current",
            "module.eks.data.aws_iam_policy_document.assume_role_policy",
            "module.eks.data.aws_partition.current",
            "module.eks.module.eks_managed_node_group.aws_iam_role.this",
            "module.eks.module.eks_managed_node_group.aws_iam_role_policy_attachment.this",
            "module.eks.module.eks_managed_node_group.aws_launch_template.this",
            "module.eks.module.eks_managed_node_group.data.aws_caller_identity.current",
            "module.eks.module.eks_managed_node_group.data.aws_iam_policy_document.assume_role_policy",
            "module.eks.module.eks_managed_node_group.data.aws_partition.current",
            "module.eks.module.eks_managed_node_group.module.user_data.data.cloudinit_config.linux_eks_managed_node_group",
            "module.eks.module.kms.aws_kms_external_key.this",
            "module.eks.module.kms.aws_kms_key.this",
            "module.eks.module.kms.data.aws_caller_identity.current",
            "module.eks.module.kms.data.aws_iam_policy_document.this",
            "module.eks.module.kms.data.aws_partition.current",
            "module.vpc.aws_subnet.private",
            "module.vpc.aws_vpc.this",
            "module.vpc.aws_vpc_ipv4_cidr_block_association.this"
          ],
          "create_before_destroy": true
        }
      ]
    },
    {
      "module": "module.eks.module.eks_managed_node_group[\"private-nodes\"]",
      "mode": "managed",
      "type": "aws_iam_role",
      "name": "this",
      "provider": "provider[\"registry.terraform.io/hashicorp/aws\"]",
      "instances": [
        {
          "index_key": 0,
          "schema_version": 0,
          "attributes": {
            "arn": "arn:aws:iam::891288190130:role/private-nodes-eks-node-group-20221215150444397600000001",
            "assume_role_policy": "{\"Statement\":[{\"Action\":\"sts:AssumeRole\",\"Effect\":\"Allow\",\"Principal\":{\"Service\":\"ec2.amazonaws.com\"},\"Sid\":\"EKSNodeAssumeRole\"}],\"Version\":\"2012-10-17\"}",
            "create_date": "2022-12-15T15:04:43Z",
            "description": "EKS managed node group IAM role",
            "force_detach_policies": true,
            "id": "private-nodes-eks-node-group-20221215150444397600000001",
            "inline_policy": [],
            "managed_policy_arns": [
              "arn:aws:iam::aws:policy/AmazonEC2ContainerRegistryReadOnly",
              "arn:aws:iam::aws:policy/AmazonEKSWorkerNodePolicy",
              "arn:aws:iam::aws:policy/AmazonEKS_CNI_Policy",
              "arn:aws:iam::aws:policy/AmazonSSMManagedInstanceCore"
            ],
            "max_session_duration": 3600,
            "name": "private-nodes-eks-node-group-20221215150444397600000001",
            "name_prefix": "private-nodes-eks-node-group-",
            "path": "/",
            "permissions_boundary": null,
            "tags": {
              "LAB": "tesi_mattia",
              "infra": "terraform"
            },
            "tags_all": {
              "LAB": "tesi_mattia",
              "infra": "terraform"
            },
            "unique_id": "AROA47BHKPSZECOQE3IRF"
          },
          "sensitive_attributes": [],
          "private": "bnVsbA==",
          "dependencies": [
            "module.eks.module.eks_managed_node_group.data.aws_iam_policy_document.assume_role_policy",
            "module.eks.module.eks_managed_node_group.data.aws_partition.current"
          ],
          "create_before_destroy": true
        }
      ]
    },
    {
      "module": "module.eks.module.eks_managed_node_group[\"private-nodes\"]",
      "mode": "managed",
      "type": "aws_iam_role_policy_attachment",
      "name": "additional",
      "provider": "provider[\"registry.terraform.io/hashicorp/aws\"]",
      "instances": [
        {
          "index_key": "arn:aws:iam::aws:policy/AmazonSSMManagedInstanceCore",
          "schema_version": 0,
          "attributes": {
            "id": "private-nodes-eks-node-group-20221215150444397600000001-20221215150446436600000005",
            "policy_arn": "arn:aws:iam::aws:policy/AmazonSSMManagedInstanceCore",
            "role": "private-nodes-eks-node-group-20221215150444397600000001"
          },
          "sensitive_attributes": [],
          "private": "bnVsbA==",
          "dependencies": [
            "module.eks.module.eks_managed_node_group.aws_iam_role.this",
            "module.eks.module.eks_managed_node_group.data.aws_iam_policy_document.assume_role_policy",
            "module.eks.module.eks_managed_node_group.data.aws_partition.current"
          ]
        }
      ]
    },
    {
      "module": "module.eks.module.eks_managed_node_group[\"private-nodes\"]",
      "mode": "managed",
      "type": "aws_iam_role_policy_attachment",
      "name": "this",
      "provider": "provider[\"registry.terraform.io/hashicorp/aws\"]",
      "instances": [
        {
          "index_key": "arn:aws:iam::aws:policy/AmazonEC2ContainerRegistryReadOnly",
          "schema_version": 0,
          "attributes": {
            "id": "private-nodes-eks-node-group-20221215150444397600000001-20221215150446499500000006",
            "policy_arn": "arn:aws:iam::aws:policy/AmazonEC2ContainerRegistryReadOnly",
            "role": "private-nodes-eks-node-group-20221215150444397600000001"
          },
          "sensitive_attributes": [],
          "private": "bnVsbA==",
          "dependencies": [
            "module.eks.module.eks_managed_node_group.aws_iam_role.this",
            "module.eks.module.eks_managed_node_group.data.aws_caller_identity.current",
            "module.eks.module.eks_managed_node_group.data.aws_iam_policy_document.assume_role_policy",
            "module.eks.module.eks_managed_node_group.data.aws_partition.current"
          ],
          "create_before_destroy": true
        },
        {
          "index_key": "arn:aws:iam::aws:policy/AmazonEKSWorkerNodePolicy",
          "schema_version": 0,
          "attributes": {
            "id": "private-nodes-eks-node-group-20221215150444397600000001-20221215150446262300000003",
            "policy_arn": "arn:aws:iam::aws:policy/AmazonEKSWorkerNodePolicy",
            "role": "private-nodes-eks-node-group-20221215150444397600000001"
          },
          "sensitive_attributes": [],
          "private": "bnVsbA==",
          "dependencies": [
            "module.eks.module.eks_managed_node_group.aws_iam_role.this",
            "module.eks.module.eks_managed_node_group.data.aws_caller_identity.current",
            "module.eks.module.eks_managed_node_group.data.aws_iam_policy_document.assume_role_policy",
            "module.eks.module.eks_managed_node_group.data.aws_partition.current"
          ],
          "create_before_destroy": true
        },
        {
          "index_key": "arn:aws:iam::aws:policy/AmazonEKS_CNI_Policy",
          "schema_version": 0,
          "attributes": {
            "id": "private-nodes-eks-node-group-20221215150444397600000001-20221215150446285200000004",
            "policy_arn": "arn:aws:iam::aws:policy/AmazonEKS_CNI_Policy",
            "role": "private-nodes-eks-node-group-20221215150444397600000001"
          },
          "sensitive_attributes": [],
          "private": "bnVsbA==",
          "dependencies": [
            "module.eks.module.eks_managed_node_group.aws_iam_role.this",
            "module.eks.module.eks_managed_node_group.data.aws_caller_identity.current",
            "module.eks.module.eks_managed_node_group.data.aws_iam_policy_document.assume_role_policy",
            "module.eks.module.eks_managed_node_group.data.aws_partition.current"
          ],
          "create_before_destroy": true
        }
      ]
    },
    {
      "module": "module.eks.module.eks_managed_node_group[\"private-nodes\"]",
      "mode": "managed",
      "type": "aws_launch_template",
      "name": "this",
      "provider": "provider[\"registry.terraform.io/hashicorp/aws\"]",
      "instances": [
        {
          "index_key": 0,
          "schema_version": 0,
          "attributes": {
            "arn": "arn:aws:ec2:eu-west-3:891288190130:launch-template/lt-0f62491ab42b7b6e1",
            "block_device_mappings": [],
            "capacity_reservation_specification": [],
            "cpu_options": [],
            "credit_specification": [],
            "default_version": 1,
            "description": "Custom launch template for private-nodes EKS managed node group",
            "disable_api_stop": false,
            "disable_api_termination": false,
            "ebs_optimized": "",
            "elastic_gpu_specifications": [],
            "elastic_inference_accelerator": [],
            "enclave_options": [],
            "hibernation_options": [],
            "iam_instance_profile": [],
            "id": "lt-0f62491ab42b7b6e1",
            "image_id": "",
            "instance_initiated_shutdown_behavior": "",
            "instance_market_options": [],
            "instance_requirements": [],
            "instance_type": "",
            "kernel_id": "",
            "key_name": "",
            "latest_version": 1,
            "license_specification": [],
            "maintenance_options": [],
            "metadata_options": [
              {
                "http_endpoint": "enabled",
                "http_protocol_ipv6": "disabled",
                "http_put_response_hop_limit": 2,
                "http_tokens": "required",
                "instance_metadata_tags": "disabled"
              }
            ],
            "monitoring": [
              {
                "enabled": true
              }
            ],
            "name": "private-nodes-20221215151528811500000012",
            "name_prefix": "private-nodes-",
            "network_interfaces": [],
            "placement": [],
            "private_dns_name_options": [],
            "ram_disk_id": "",
            "security_group_names": [],
            "tag_specifications": [
              {
                "resource_type": "instance",
                "tags": {
                  "LAB": "tesi_mattia",
                  "Name": "private-nodes",
                  "infra": "terraform"
                }
              },
              {
                "resource_type": "network-interface",
                "tags": {
                  "LAB": "tesi_mattia",
                  "Name": "private-nodes",
                  "infra": "terraform"
                }
              },
              {
                "resource_type": "volume",
                "tags": {
                  "LAB": "tesi_mattia",
                  "Name": "private-nodes",
                  "infra": "terraform"
                }
              }
            ],
            "tags": {
              "LAB": "tesi_mattia",
              "infra": "terraform"
            },
            "tags_all": {
              "LAB": "tesi_mattia",
              "infra": "terraform"
            },
            "update_default_version": true,
            "user_data": "",
            "vpc_security_group_ids": [
              "sg-034139ddf92f84639"
            ]
          },
          "sensitive_attributes": [],
          "private": "bnVsbA==",
          "dependencies": [
            "aws_security_group.control_plane_sg",
            "aws_security_group.data_plane_sg",
            "data.aws_availability_zones.avzs",
            "module.eks.aws_cloudwatch_log_group.this",
            "module.eks.aws_eks_cluster.this",
            "module.eks.aws_iam_role.this",
            "module.eks.aws_iam_role_policy_attachment.this",
            "module.eks.aws_security_group.cluster",
            "module.eks.aws_security_group.node",
            "module.eks.aws_security_group_rule.cluster",
            "module.eks.aws_security_group_rule.node",
            "module.eks.data.aws_caller_identity.current",
            "module.eks.data.aws_iam_policy_document.assume_role_policy",
            "module.eks.data.aws_partition.current",
            "module.eks.module.eks_managed_node_group.aws_iam_role.this",
            "module.eks.module.eks_managed_node_group.aws_iam_role_policy_attachment.this",
            "module.eks.module.eks_managed_node_group.data.aws_caller_identity.current",
            "module.eks.module.eks_managed_node_group.data.aws_iam_policy_document.assume_role_policy",
            "module.eks.module.eks_managed_node_group.data.aws_partition.current",
            "module.eks.module.eks_managed_node_group.module.user_data.data.cloudinit_config.linux_eks_managed_node_group",
            "module.eks.module.kms.aws_kms_external_key.this",
            "module.eks.module.kms.aws_kms_key.this",
            "module.eks.module.kms.data.aws_caller_identity.current",
            "module.eks.module.kms.data.aws_iam_policy_document.this",
            "module.eks.module.kms.data.aws_partition.current",
            "module.vpc.aws_subnet.private",
            "module.vpc.aws_vpc.this",
            "module.vpc.aws_vpc_ipv4_cidr_block_association.this"
          ],
          "create_before_destroy": true
        }
      ]
    },
    {
      "module": "module.eks.module.kms",
      "mode": "data",
      "type": "aws_caller_identity",
      "name": "current",
      "provider": "provider[\"registry.terraform.io/hashicorp/aws\"]",
      "instances": [
        {
          "schema_version": 0,
          "attributes": {
            "account_id": "891288190130",
            "arn": "arn:aws:iam::891288190130:user/ma.caracciolo@reply.it",
            "id": "891288190130",
            "user_id": "AIDA47BHKPSZB3DR4SBAK"
          },
          "sensitive_attributes": []
        }
      ]
    },
    {
      "module": "module.eks.module.kms",
      "mode": "data",
      "type": "aws_iam_policy_document",
      "name": "this",
      "provider": "provider[\"registry.terraform.io/hashicorp/aws\"]",
      "instances": [
        {
          "index_key": 0,
          "schema_version": 0,
          "attributes": {
            "id": "2905167428",
            "json": "{\n  \"Version\": \"2012-10-17\",\n  \"Statement\": [\n    {\n      \"Sid\": \"KeyAdministration\",\n      \"Effect\": \"Allow\",\n      \"Action\": [\n        \"kms:Update*\",\n        \"kms:UntagResource\",\n        \"kms:TagResource\",\n        \"kms:ScheduleKeyDeletion\",\n        \"kms:Revoke*\",\n        \"kms:Put*\",\n        \"kms:List*\",\n        \"kms:Get*\",\n        \"kms:Enable*\",\n        \"kms:Disable*\",\n        \"kms:Describe*\",\n        \"kms:Delete*\",\n        \"kms:Create*\",\n        \"kms:CancelKeyDeletion\"\n      ],\n      \"Resource\": \"*\",\n      \"Principal\": {\n        \"AWS\": \"arn:aws:iam::891288190130:user/ma.caracciolo@reply.it\"\n      }\n    },\n    {\n      \"Sid\": \"KeyUsage\",\n      \"Effect\": \"Allow\",\n      \"Action\": [\n        \"kms:ReEncrypt*\",\n        \"kms:GenerateDataKey*\",\n        \"kms:Encrypt\",\n        \"kms:DescribeKey\",\n        \"kms:Decrypt\"\n      ],\n      \"Resource\": \"*\",\n      \"Principal\": {\n        \"AWS\": \"arn:aws:iam::891288190130:role/eks-lab-cluster-module-cluster-20221215150444460400000002\"\n      }\n    }\n  ]\n}",
            "override_json": null,
            "override_policy_documents": null,
            "policy_id": null,
            "source_json": null,
            "source_policy_documents": null,
            "statement": [
              {
                "actions": [
                  "kms:CancelKeyDeletion",
                  "kms:Create*",
                  "kms:Delete*",
                  "kms:Describe*",
                  "kms:Disable*",
                  "kms:Enable*",
                  "kms:Get*",
                  "kms:List*",
                  "kms:Put*",
                  "kms:Revoke*",
                  "kms:ScheduleKeyDeletion",
                  "kms:TagResource",
                  "kms:UntagResource",
                  "kms:Update*"
                ],
                "condition": [],
                "effect": "Allow",
                "not_actions": [],
                "not_principals": [],
                "not_resources": [],
                "principals": [
                  {
                    "identifiers": [
                      "arn:aws:iam::891288190130:user/ma.caracciolo@reply.it"
                    ],
                    "type": "AWS"
                  }
                ],
                "resources": [
                  "*"
                ],
                "sid": "KeyAdministration"
              },
              {
                "actions": [
                  "kms:Decrypt",
                  "kms:DescribeKey",
                  "kms:Encrypt",
                  "kms:GenerateDataKey*",
                  "kms:ReEncrypt*"
                ],
                "condition": [],
                "effect": "Allow",
                "not_actions": [],
                "not_principals": [],
                "not_resources": [],
                "principals": [
                  {
                    "identifiers": [
                      "arn:aws:iam::891288190130:role/eks-lab-cluster-module-cluster-20221215150444460400000002"
                    ],
                    "type": "AWS"
                  }
                ],
                "resources": [
                  "*"
                ],
                "sid": "KeyUsage"
              }
            ],
            "version": "2012-10-17"
          },
          "sensitive_attributes": []
        }
      ]
    },
    {
      "module": "module.eks.module.kms",
      "mode": "data",
      "type": "aws_partition",
      "name": "current",
      "provider": "provider[\"registry.terraform.io/hashicorp/aws\"]",
      "instances": [
        {
          "schema_version": 0,
          "attributes": {
            "dns_suffix": "amazonaws.com",
            "id": "aws",
            "partition": "aws",
            "reverse_dns_prefix": "com.amazonaws"
          },
          "sensitive_attributes": []
        }
      ]
    },
    {
      "module": "module.eks.module.kms",
      "mode": "managed",
      "type": "aws_kms_alias",
      "name": "this",
      "provider": "provider[\"registry.terraform.io/hashicorp/aws\"]",
      "instances": [
        {
          "index_key": "cluster",
          "schema_version": 0,
          "attributes": {
            "arn": "arn:aws:kms:eu-west-3:891288190130:alias/eks/eks-lab-cluster-module",
            "id": "alias/eks/eks-lab-cluster-module",
            "name": "alias/eks/eks-lab-cluster-module",
            "name_prefix": "",
            "target_key_arn": "arn:aws:kms:eu-west-3:891288190130:key/76eae5fe-8722-40bd-b18b-923f8857f791",
            "target_key_id": "76eae5fe-8722-40bd-b18b-923f8857f791"
          },
          "sensitive_attributes": [],
          "private": "bnVsbA==",
          "dependencies": [
            "module.eks.aws_iam_role.this",
            "module.eks.data.aws_caller_identity.current",
            "module.eks.data.aws_iam_policy_document.assume_role_policy",
            "module.eks.data.aws_partition.current",
            "module.eks.module.kms.aws_kms_external_key.this",
            "module.eks.module.kms.aws_kms_key.this",
            "module.eks.module.kms.data.aws_caller_identity.current",
            "module.eks.module.kms.data.aws_iam_policy_document.this",
            "module.eks.module.kms.data.aws_partition.current"
          ]
        }
      ]
    },
    {
      "module": "module.eks.module.kms",
      "mode": "managed",
      "type": "aws_kms_key",
      "name": "this",
      "provider": "provider[\"registry.terraform.io/hashicorp/aws\"]",
      "instances": [
        {
          "index_key": 0,
          "schema_version": 0,
          "attributes": {
            "arn": "arn:aws:kms:eu-west-3:891288190130:key/76eae5fe-8722-40bd-b18b-923f8857f791",
            "bypass_policy_lockout_safety_check": false,
            "custom_key_store_id": "",
            "customer_master_key_spec": "SYMMETRIC_DEFAULT",
            "deletion_window_in_days": null,
            "description": "eks-lab-cluster-module cluster encryption key",
            "enable_key_rotation": true,
            "id": "76eae5fe-8722-40bd-b18b-923f8857f791",
            "is_enabled": true,
            "key_id": "76eae5fe-8722-40bd-b18b-923f8857f791",
            "key_usage": "ENCRYPT_DECRYPT",
            "multi_region": false,
            "policy": "{\n  \"Version\": \"2012-10-17\",\n  \"Statement\": [\n    {\n      \"Sid\": \"KeyAdministration\",\n      \"Effect\": \"Allow\",\n      \"Action\": [\n        \"kms:Update*\",\n        \"kms:UntagResource\",\n        \"kms:TagResource\",\n        \"kms:ScheduleKeyDeletion\",\n        \"kms:Revoke*\",\n        \"kms:Put*\",\n        \"kms:List*\",\n        \"kms:Get*\",\n        \"kms:Enable*\",\n        \"kms:Disable*\",\n        \"kms:Describe*\",\n        \"kms:Delete*\",\n        \"kms:Create*\",\n        \"kms:CancelKeyDeletion\"\n      ],\n      \"Resource\": \"*\",\n      \"Principal\": {\n        \"AWS\": \"arn:aws:iam::891288190130:user/ma.caracciolo@reply.it\"\n      }\n    },\n    {\n      \"Sid\": \"KeyUsage\",\n      \"Effect\": \"Allow\",\n      \"Action\": [\n        \"kms:ReEncrypt*\",\n        \"kms:GenerateDataKey*\",\n        \"kms:Encrypt\",\n        \"kms:DescribeKey\",\n        \"kms:Decrypt\"\n      ],\n      \"Resource\": \"*\",\n      \"Principal\": {\n        \"AWS\": \"arn:aws:iam::891288190130:role/eks-lab-cluster-module-cluster-20221215150444460400000002\"\n      }\n    }\n  ]\n}",
            "tags": {
              "LAB": "tesi_mattia",
              "infra": "terraform"
            },
            "tags_all": {
              "LAB": "tesi_mattia",
              "infra": "terraform"
            }
          },
          "sensitive_attributes": [],
          "private": "bnVsbA==",
          "dependencies": [
            "module.eks.aws_iam_role.this",
            "module.eks.data.aws_caller_identity.current",
            "module.eks.data.aws_iam_policy_document.assume_role_policy",
            "module.eks.data.aws_partition.current",
            "module.eks.module.kms.data.aws_caller_identity.current",
            "module.eks.module.kms.data.aws_iam_policy_document.this",
            "module.eks.module.kms.data.aws_partition.current"
          ],
          "create_before_destroy": true
        }
      ]
    },
    {
      "module": "module.vpc",
      "mode": "managed",
      "type": "aws_route_table",
      "name": "private",
      "provider": "provider[\"registry.terraform.io/hashicorp/aws\"]",
      "instances": [
        {
          "index_key": 0,
          "schema_version": 0,
          "attributes": {
            "arn": "arn:aws:ec2:eu-west-3:891288190130:route-table/rtb-0856f7ba5412c1591",
            "id": "rtb-0856f7ba5412c1591",
            "owner_id": "891288190130",
            "propagating_vgws": [],
            "route": [],
            "tags": {
              "LAB": "tesi_mattia",
              "Name": "-private-eu-west-3a",
              "infra": "terraform"
            },
            "tags_all": {
              "LAB": "tesi_mattia",
              "Name": "-private-eu-west-3a",
              "infra": "terraform"
            },
            "timeouts": null,
            "vpc_id": "vpc-0f8bb019fe8c47ce4"
          },
          "sensitive_attributes": [],
          "private": "eyJlMmJmYjczMC1lY2FhLTExZTYtOGY4OC0zNDM2M2JjN2M0YzAiOnsiY3JlYXRlIjozMDAwMDAwMDAwMDAsImRlbGV0ZSI6MzAwMDAwMDAwMDAwLCJ1cGRhdGUiOjEyMDAwMDAwMDAwMH19",
          "dependencies": [
            "data.aws_availability_zones.avzs",
            "module.vpc.aws_vpc.this",
            "module.vpc.aws_vpc_ipv4_cidr_block_association.this"
          ]
        },
        {
          "index_key": 1,
          "schema_version": 0,
          "attributes": {
            "arn": "arn:aws:ec2:eu-west-3:891288190130:route-table/rtb-0be75331170e09bd6",
            "id": "rtb-0be75331170e09bd6",
            "owner_id": "891288190130",
            "propagating_vgws": [],
            "route": [],
            "tags": {
              "LAB": "tesi_mattia",
              "Name": "-private-eu-west-3b",
              "infra": "terraform"
            },
            "tags_all": {
              "LAB": "tesi_mattia",
              "Name": "-private-eu-west-3b",
              "infra": "terraform"
            },
            "timeouts": null,
            "vpc_id": "vpc-0f8bb019fe8c47ce4"
          },
          "sensitive_attributes": [],
          "private": "eyJlMmJmYjczMC1lY2FhLTExZTYtOGY4OC0zNDM2M2JjN2M0YzAiOnsiY3JlYXRlIjozMDAwMDAwMDAwMDAsImRlbGV0ZSI6MzAwMDAwMDAwMDAwLCJ1cGRhdGUiOjEyMDAwMDAwMDAwMH19",
          "dependencies": [
            "data.aws_availability_zones.avzs",
            "module.vpc.aws_vpc.this",
            "module.vpc.aws_vpc_ipv4_cidr_block_association.this"
          ]
        }
      ]
    },
    {
      "module": "module.vpc",
      "mode": "managed",
      "type": "aws_route_table_association",
      "name": "private",
      "provider": "provider[\"registry.terraform.io/hashicorp/aws\"]",
      "instances": [
        {
          "index_key": 0,
          "schema_version": 0,
          "attributes": {
            "gateway_id": "",
            "id": "rtbassoc-08cc4c9c2db83f1f5",
            "route_table_id": "rtb-0856f7ba5412c1591",
            "subnet_id": "subnet-0825f04beb900ef9d"
          },
          "sensitive_attributes": [],
          "private": "bnVsbA==",
          "dependencies": [
            "data.aws_availability_zones.avzs",
            "module.vpc.aws_route_table.private",
            "module.vpc.aws_subnet.private",
            "module.vpc.aws_vpc.this",
            "module.vpc.aws_vpc_ipv4_cidr_block_association.this"
          ]
        },
        {
          "index_key": 1,
          "schema_version": 0,
          "attributes": {
            "gateway_id": "",
            "id": "rtbassoc-035bfe3ce1ebc5c31",
            "route_table_id": "rtb-0be75331170e09bd6",
            "subnet_id": "subnet-0e6c5d86e7d9c4fe9"
          },
          "sensitive_attributes": [],
          "private": "bnVsbA==",
          "dependencies": [
            "data.aws_availability_zones.avzs",
            "module.vpc.aws_route_table.private",
            "module.vpc.aws_subnet.private",
            "module.vpc.aws_vpc.this",
            "module.vpc.aws_vpc_ipv4_cidr_block_association.this"
          ]
        }
      ]
    },
    {
      "module": "module.vpc",
      "mode": "managed",
      "type": "aws_subnet",
      "name": "private",
      "provider": "provider[\"registry.terraform.io/hashicorp/aws\"]",
      "instances": [
        {
          "index_key": 0,
          "schema_version": 1,
          "attributes": {
            "arn": "arn:aws:ec2:eu-west-3:891288190130:subnet/subnet-0825f04beb900ef9d",
            "assign_ipv6_address_on_creation": false,
            "availability_zone": "eu-west-3a",
            "availability_zone_id": "euw3-az1",
            "cidr_block": "10.0.0.0/24",
            "customer_owned_ipv4_pool": "",
            "enable_dns64": false,
            "enable_resource_name_dns_a_record_on_launch": false,
            "enable_resource_name_dns_aaaa_record_on_launch": false,
            "id": "subnet-0825f04beb900ef9d",
            "ipv6_cidr_block": "",
            "ipv6_cidr_block_association_id": "",
            "ipv6_native": false,
            "map_customer_owned_ip_on_launch": false,
            "map_public_ip_on_launch": false,
            "outpost_arn": "",
            "owner_id": "891288190130",
            "private_dns_hostname_type_on_launch": "ip-name",
            "tags": {
              "LAB": "tesi_mattia",
              "Name": "private-subnet-0",
              "infra": "terraform",
              "kubernetes.io/cluster/eks-lab-cluster-module": "owned"
            },
            "tags_all": {
              "LAB": "tesi_mattia",
              "Name": "private-subnet-0",
              "infra": "terraform",
              "kubernetes.io/cluster/eks-lab-cluster-module": "owned"
            },
            "timeouts": null,
            "vpc_id": "vpc-0f8bb019fe8c47ce4"
          },
          "sensitive_attributes": [],
          "private": "eyJlMmJmYjczMC1lY2FhLTExZTYtOGY4OC0zNDM2M2JjN2M0YzAiOnsiY3JlYXRlIjo2MDAwMDAwMDAwMDAsImRlbGV0ZSI6MTIwMDAwMDAwMDAwMH0sInNjaGVtYV92ZXJzaW9uIjoiMSJ9",
          "dependencies": [
            "data.aws_availability_zones.avzs",
            "module.vpc.aws_vpc.this",
            "module.vpc.aws_vpc_ipv4_cidr_block_association.this"
          ],
          "create_before_destroy": true
        },
        {
          "index_key": 1,
          "schema_version": 1,
          "attributes": {
            "arn": "arn:aws:ec2:eu-west-3:891288190130:subnet/subnet-0e6c5d86e7d9c4fe9",
            "assign_ipv6_address_on_creation": false,
            "availability_zone": "eu-west-3b",
            "availability_zone_id": "euw3-az2",
            "cidr_block": "10.0.1.0/24",
            "customer_owned_ipv4_pool": "",
            "enable_dns64": false,
            "enable_resource_name_dns_a_record_on_launch": false,
            "enable_resource_name_dns_aaaa_record_on_launch": false,
            "id": "subnet-0e6c5d86e7d9c4fe9",
            "ipv6_cidr_block": "",
            "ipv6_cidr_block_association_id": "",
            "ipv6_native": false,
            "map_customer_owned_ip_on_launch": false,
            "map_public_ip_on_launch": false,
            "outpost_arn": "",
            "owner_id": "891288190130",
            "private_dns_hostname_type_on_launch": "ip-name",
            "tags": {
              "LAB": "tesi_mattia",
              "Name": "private-subnet-1",
              "infra": "terraform",
              "kubernetes.io/cluster/eks-lab-cluster-module": "owned"
            },
            "tags_all": {
              "LAB": "tesi_mattia",
              "Name": "private-subnet-1",
              "infra": "terraform",
              "kubernetes.io/cluster/eks-lab-cluster-module": "owned"
            },
            "timeouts": null,
            "vpc_id": "vpc-0f8bb019fe8c47ce4"
          },
          "sensitive_attributes": [],
          "private": "eyJlMmJmYjczMC1lY2FhLTExZTYtOGY4OC0zNDM2M2JjN2M0YzAiOnsiY3JlYXRlIjo2MDAwMDAwMDAwMDAsImRlbGV0ZSI6MTIwMDAwMDAwMDAwMH0sInNjaGVtYV92ZXJzaW9uIjoiMSJ9",
          "dependencies": [
            "data.aws_availability_zones.avzs",
            "module.vpc.aws_vpc.this",
            "module.vpc.aws_vpc_ipv4_cidr_block_association.this"
          ],
          "create_before_destroy": true
        }
      ]
    },
    {
      "module": "module.vpc",
      "mode": "managed",
      "type": "aws_vpc",
      "name": "this",
      "provider": "provider[\"registry.terraform.io/hashicorp/aws\"]",
      "instances": [
        {
          "index_key": 0,
          "schema_version": 1,
          "attributes": {
            "arn": "arn:aws:ec2:eu-west-3:891288190130:vpc/vpc-0f8bb019fe8c47ce4",
            "assign_generated_ipv6_cidr_block": false,
            "cidr_block": "10.0.0.0/16",
            "default_network_acl_id": "acl-09b95f5fa8303b0b8",
            "default_route_table_id": "rtb-0151b51661752db70",
            "default_security_group_id": "sg-04ebb001b82369a9b",
            "dhcp_options_id": "dopt-0541c88831367b83c",
            "enable_classiclink": false,
            "enable_classiclink_dns_support": false,
            "enable_dns_hostnames": true,
            "enable_dns_support": true,
            "enable_network_address_usage_metrics": false,
            "id": "vpc-0f8bb019fe8c47ce4",
            "instance_tenancy": "default",
            "ipv4_ipam_pool_id": null,
            "ipv4_netmask_length": null,
            "ipv6_association_id": "",
            "ipv6_cidr_block": "",
            "ipv6_cidr_block_network_border_group": "",
            "ipv6_ipam_pool_id": "",
            "ipv6_netmask_length": 0,
            "main_route_table_id": "rtb-0151b51661752db70",
            "owner_id": "891288190130",
            "tags": {
              "LAB": "tesi_mattia",
              "Name": "eks-lab-vpc-module",
              "infra": "terraform",
              "kubernetes.io/cluster/eks-lab-cluster-module": "owned"
            },
            "tags_all": {
              "LAB": "tesi_mattia",
              "Name": "eks-lab-vpc-module",
              "infra": "terraform",
              "kubernetes.io/cluster/eks-lab-cluster-module": "owned"
            }
          },
          "sensitive_attributes": [],
          "private": "eyJzY2hlbWFfdmVyc2lvbiI6IjEifQ==",
          "create_before_destroy": true
        }
      ]
    },
    {
      "module": "module.vpc_vpc-endpoints",
      "mode": "data",
      "type": "aws_vpc_endpoint_service",
      "name": "this",
      "provider": "provider[\"registry.terraform.io/hashicorp/aws\"]",
      "instances": [
        {
          "index_key": "ec2",
          "schema_version": 0,
          "attributes": {
            "acceptance_required": false,
            "arn": "arn:aws:ec2:eu-west-3:891288190130:vpc-endpoint-service/vpce-svc-024f54d3277e67f52",
            "availability_zones": [
              "eu-west-3a",
              "eu-west-3b",
              "eu-west-3c"
            ],
            "base_endpoint_dns_names": [
              "ec2.eu-west-3.vpce.amazonaws.com"
            ],
            "filter": [
              {
                "name": "service-type",
                "values": [
                  "Interface"
                ]
              }
            ],
            "id": "3270251806",
            "manages_vpc_endpoints": false,
            "owner": "amazon",
            "private_dns_name": "ec2.eu-west-3.amazonaws.com",
            "service": "ec2",
            "service_id": "vpce-svc-024f54d3277e67f52",
            "service_name": "com.amazonaws.eu-west-3.ec2",
            "service_type": "Interface",
            "supported_ip_address_types": [
              "ipv4"
            ],
            "tags": {},
            "timeouts": null,
            "vpc_endpoint_policy_supported": true
          },
          "sensitive_attributes": []
        },
        {
          "index_key": "ec2messages",
          "schema_version": 0,
          "attributes": {
            "acceptance_required": false,
            "arn": "arn:aws:ec2:eu-west-3:891288190130:vpc-endpoint-service/vpce-svc-011549e151c562552",
            "availability_zones": [
              "eu-west-3a",
              "eu-west-3b",
              "eu-west-3c"
            ],
            "base_endpoint_dns_names": [
              "ec2messages.eu-west-3.vpce.amazonaws.com"
            ],
            "filter": [
              {
                "name": "service-type",
                "values": [
                  "Interface"
                ]
              }
            ],
            "id": "1971777188",
            "manages_vpc_endpoints": false,
            "owner": "amazon",
            "private_dns_name": "ec2messages.eu-west-3.amazonaws.com",
            "service": "ec2messages",
            "service_id": "vpce-svc-011549e151c562552",
            "service_name": "com.amazonaws.eu-west-3.ec2messages",
            "service_type": "Interface",
            "supported_ip_address_types": [
              "ipv4"
            ],
            "tags": {},
            "timeouts": null,
            "vpc_endpoint_policy_supported": true
          },
          "sensitive_attributes": []
        },
        {
          "index_key": "ecr_api",
          "schema_version": 0,
          "attributes": {
            "acceptance_required": false,
            "arn": "arn:aws:ec2:eu-west-3:891288190130:vpc-endpoint-service/vpce-svc-0f83218bd6a0f25ee",
            "availability_zones": [
              "eu-west-3a",
              "eu-west-3b",
              "eu-west-3c"
            ],
            "base_endpoint_dns_names": [
              "api.ecr.eu-west-3.vpce.amazonaws.com"
            ],
            "filter": [
              {
                "name": "service-type",
                "values": [
                  "Interface"
                ]
              }
            ],
            "id": "1184104462",
            "manages_vpc_endpoints": false,
            "owner": "amazon",
            "private_dns_name": "api.ecr.eu-west-3.amazonaws.com",
            "service": "ecr.api",
            "service_id": "vpce-svc-0f83218bd6a0f25ee",
            "service_name": "com.amazonaws.eu-west-3.ecr.api",
            "service_type": "Interface",
            "supported_ip_address_types": [
              "ipv4"
            ],
            "tags": {},
            "timeouts": null,
            "vpc_endpoint_policy_supported": true
          },
          "sensitive_attributes": []
        },
        {
          "index_key": "ecr_dkr",
          "schema_version": 0,
          "attributes": {
            "acceptance_required": false,
            "arn": "arn:aws:ec2:eu-west-3:891288190130:vpc-endpoint-service/vpce-svc-0ca0e7b151c88c02d",
            "availability_zones": [
              "eu-west-3a",
              "eu-west-3b",
              "eu-west-3c"
            ],
            "base_endpoint_dns_names": [
              "dkr.ecr.eu-west-3.vpce.amazonaws.com"
            ],
            "filter": [
              {
                "name": "service-type",
                "values": [
                  "Interface"
                ]
              }
            ],
            "id": "1661780115",
            "manages_vpc_endpoints": false,
            "owner": "amazon",
            "private_dns_name": "*.dkr.ecr.eu-west-3.amazonaws.com",
            "service": "ecr.dkr",
            "service_id": "vpce-svc-0ca0e7b151c88c02d",
            "service_name": "com.amazonaws.eu-west-3.ecr.dkr",
            "service_type": "Interface",
            "supported_ip_address_types": [
              "ipv4"
            ],
            "tags": {},
            "timeouts": null,
            "vpc_endpoint_policy_supported": true
          },
          "sensitive_attributes": []
        },
        {
          "index_key": "s3",
          "schema_version": 0,
          "attributes": {
            "acceptance_required": false,
            "arn": "arn:aws:ec2:eu-west-3:891288190130:vpc-endpoint-service/vpce-svc-0c256dc02558f84be",
            "availability_zones": [
              "eu-west-3a",
              "eu-west-3b",
              "eu-west-3c"
            ],
            "base_endpoint_dns_names": [
              "s3.eu-west-3.amazonaws.com"
            ],
            "filter": [
              {
                "name": "service-type",
                "values": [
                  "Gateway"
                ]
              }
            ],
            "id": "1131621771",
            "manages_vpc_endpoints": false,
            "owner": "amazon",
            "private_dns_name": "",
            "service": "s3",
            "service_id": "vpce-svc-0c256dc02558f84be",
            "service_name": "com.amazonaws.eu-west-3.s3",
            "service_type": "Gateway",
            "supported_ip_address_types": [
              "ipv4"
            ],
            "tags": {},
            "timeouts": null,
            "vpc_endpoint_policy_supported": true
          },
          "sensitive_attributes": []
        },
        {
          "index_key": "ssm",
          "schema_version": 0,
          "attributes": {
            "acceptance_required": false,
            "arn": "arn:aws:ec2:eu-west-3:891288190130:vpc-endpoint-service/vpce-svc-0d385f5bf4c3656e5",
            "availability_zones": [
              "eu-west-3a",
              "eu-west-3b",
              "eu-west-3c"
            ],
            "base_endpoint_dns_names": [
              "ssm.eu-west-3.vpce.amazonaws.com"
            ],
            "filter": [
              {
                "name": "service-type",
                "values": [
                  "Interface"
                ]
              }
            ],
            "id": "1800508648",
            "manages_vpc_endpoints": false,
            "owner": "amazon",
            "private_dns_name": "ssm.eu-west-3.amazonaws.com",
            "service": "ssm",
            "service_id": "vpce-svc-0d385f5bf4c3656e5",
            "service_name": "com.amazonaws.eu-west-3.ssm",
            "service_type": "Interface",
            "supported_ip_address_types": [
              "ipv4"
            ],
            "tags": {},
            "timeouts": null,
            "vpc_endpoint_policy_supported": true
          },
          "sensitive_attributes": []
        },
        {
          "index_key": "ssmmessages",
          "schema_version": 0,
          "attributes": {
            "acceptance_required": false,
            "arn": "arn:aws:ec2:eu-west-3:891288190130:vpc-endpoint-service/vpce-svc-0eadcb4a6e4ddf662",
            "availability_zones": [
              "eu-west-3a",
              "eu-west-3b",
              "eu-west-3c"
            ],
            "base_endpoint_dns_names": [
              "ssmmessages.eu-west-3.vpce.amazonaws.com"
            ],
            "filter": [
              {
                "name": "service-type",
                "values": [
                  "Interface"
                ]
              }
            ],
            "id": "3112234851",
            "manages_vpc_endpoints": false,
            "owner": "amazon",
            "private_dns_name": "ssmmessages.eu-west-3.amazonaws.com",
            "service": "ssmmessages",
            "service_id": "vpce-svc-0eadcb4a6e4ddf662",
            "service_name": "com.amazonaws.eu-west-3.ssmmessages",
            "service_type": "Interface",
            "supported_ip_address_types": [
              "ipv4"
            ],
            "tags": {},
            "timeouts": null,
            "vpc_endpoint_policy_supported": true
          },
          "sensitive_attributes": []
        },
        {
          "index_key": "sts",
          "schema_version": 0,
          "attributes": {
            "acceptance_required": false,
            "arn": "arn:aws:ec2:eu-west-3:891288190130:vpc-endpoint-service/vpce-svc-0dc6edc1051719f89",
            "availability_zones": [
              "eu-west-3a",
              "eu-west-3b",
              "eu-west-3c"
            ],
            "base_endpoint_dns_names": [
              "sts.eu-west-3.vpce.amazonaws.com"
            ],
            "filter": [
              {
                "name": "service-type",
                "values": [
                  "Interface"
                ]
              }
            ],
            "id": "3726589772",
            "manages_vpc_endpoints": false,
            "owner": "amazon",
            "private_dns_name": "sts.eu-west-3.amazonaws.com",
            "service": "sts",
            "service_id": "vpce-svc-0dc6edc1051719f89",
            "service_name": "com.amazonaws.eu-west-3.sts",
            "service_type": "Interface",
            "supported_ip_address_types": [
              "ipv4"
            ],
            "tags": {},
            "timeouts": null,
            "vpc_endpoint_policy_supported": true
          },
          "sensitive_attributes": []
        }
      ]
    },
    {
      "module": "module.vpc_vpc-endpoints",
      "mode": "managed",
      "type": "aws_vpc_endpoint",
      "name": "this",
      "provider": "provider[\"registry.terraform.io/hashicorp/aws\"]",
      "instances": [
        {
          "index_key": "ec2",
          "schema_version": 0,
          "attributes": {
            "arn": "arn:aws:ec2:eu-west-3:891288190130:vpc-endpoint/vpce-0151fb6ea0a40b101",
            "auto_accept": null,
            "cidr_blocks": [],
            "dns_entry": [
              {
                "dns_name": "vpce-0151fb6ea0a40b101-wfaz9zwh.ec2.eu-west-3.vpce.amazonaws.com",
                "hosted_zone_id": "Z1DWHTMFP0WECP"
              },
              {
                "dns_name": "vpce-0151fb6ea0a40b101-wfaz9zwh-eu-west-3a.ec2.eu-west-3.vpce.amazonaws.com",
                "hosted_zone_id": "Z1DWHTMFP0WECP"
              },
              {
                "dns_name": "vpce-0151fb6ea0a40b101-wfaz9zwh-eu-west-3b.ec2.eu-west-3.vpce.amazonaws.com",
                "hosted_zone_id": "Z1DWHTMFP0WECP"
              },
              {
                "dns_name": "ec2.eu-west-3.amazonaws.com",
                "hosted_zone_id": "Z051374532IHGOLOARGFQ"
              }
            ],
            "dns_options": [
              {
                "dns_record_ip_type": "ipv4"
              }
            ],
            "id": "vpce-0151fb6ea0a40b101",
            "ip_address_type": "ipv4",
            "network_interface_ids": [
              "eni-00c1af6107435beec",
              "eni-02d5f24aad3dbf6d7"
            ],
            "owner_id": "891288190130",
            "policy": "{\"Statement\":[{\"Action\":\"*\",\"Effect\":\"Allow\",\"Principal\":\"*\",\"Resource\":\"*\"}]}",
            "prefix_list_id": null,
            "private_dns_enabled": true,
            "requester_managed": false,
            "route_table_ids": [],
            "security_group_ids": [
              "sg-034139ddf92f84639"
            ],
            "service_name": "com.amazonaws.eu-west-3.ec2",
            "state": "available",
            "subnet_ids": [
              "subnet-0825f04beb900ef9d",
              "subnet-0e6c5d86e7d9c4fe9"
            ],
            "tags": {
              "LAB": "tesi_mattia",
              "Name": "ec2",
              "infra": "terraform"
            },
            "tags_all": {
              "LAB": "tesi_mattia",
              "Name": "ec2",
              "infra": "terraform"
            },
            "timeouts": {
              "create": "10m",
              "delete": "10m",
              "update": "10m"
            },
            "vpc_endpoint_type": "Interface",
            "vpc_id": "vpc-0f8bb019fe8c47ce4"
          },
          "sensitive_attributes": [],
          "private": "eyJlMmJmYjczMC1lY2FhLTExZTYtOGY4OC0zNDM2M2JjN2M0YzAiOnsiY3JlYXRlIjo2MDAwMDAwMDAwMDAsImRlbGV0ZSI6NjAwMDAwMDAwMDAwLCJ1cGRhdGUiOjYwMDAwMDAwMDAwMH19",
          "dependencies": [
            "aws_security_group.data_plane_sg",
            "data.aws_availability_zones.avzs",
            "module.vpc.aws_route_table.private",
            "module.vpc.aws_subnet.private",
            "module.vpc.aws_vpc.this",
            "module.vpc.aws_vpc_ipv4_cidr_block_association.this",
            "module.vpc_vpc-endpoints.data.aws_vpc_endpoint_service.this"
          ]
        },
        {
          "index_key": "ec2messages",
          "schema_version": 0,
          "attributes": {
            "arn": "arn:aws:ec2:eu-west-3:891288190130:vpc-endpoint/vpce-077046a79976de57d",
            "auto_accept": null,
            "cidr_blocks": [],
            "dns_entry": [
              {
                "dns_name": "vpce-077046a79976de57d-9drkdkmp.ec2messages.eu-west-3.vpce.amazonaws.com",
                "hosted_zone_id": "Z1DWHTMFP0WECP"
              },
              {
                "dns_name": "vpce-077046a79976de57d-9drkdkmp-eu-west-3b.ec2messages.eu-west-3.vpce.amazonaws.com",
                "hosted_zone_id": "Z1DWHTMFP0WECP"
              },
              {
                "dns_name": "vpce-077046a79976de57d-9drkdkmp-eu-west-3a.ec2messages.eu-west-3.vpce.amazonaws.com",
                "hosted_zone_id": "Z1DWHTMFP0WECP"
              },
              {
                "dns_name": "ec2messages.eu-west-3.amazonaws.com",
                "hosted_zone_id": "Z061376118VWU34V9LUZ"
              }
            ],
            "dns_options": [
              {
                "dns_record_ip_type": "ipv4"
              }
            ],
            "id": "vpce-077046a79976de57d",
            "ip_address_type": "ipv4",
            "network_interface_ids": [
              "eni-047b7850020f82e14",
              "eni-0ef3bb4dff574f3e5"
            ],
            "owner_id": "891288190130",
            "policy": "{\"Statement\":[{\"Action\":\"*\",\"Effect\":\"Allow\",\"Principal\":\"*\",\"Resource\":\"*\"}]}",
            "prefix_list_id": null,
            "private_dns_enabled": true,
            "requester_managed": false,
            "route_table_ids": [],
            "security_group_ids": [
              "sg-034139ddf92f84639"
            ],
            "service_name": "com.amazonaws.eu-west-3.ec2messages",
            "state": "available",
            "subnet_ids": [
              "subnet-0825f04beb900ef9d",
              "subnet-0e6c5d86e7d9c4fe9"
            ],
            "tags": {
              "LAB": "tesi_mattia",
              "Name": "ec2messages",
              "infra": "terraform"
            },
            "tags_all": {
              "LAB": "tesi_mattia",
              "Name": "ec2messages",
              "infra": "terraform"
            },
            "timeouts": {
              "create": "10m",
              "delete": "10m",
              "update": "10m"
            },
            "vpc_endpoint_type": "Interface",
            "vpc_id": "vpc-0f8bb019fe8c47ce4"
          },
          "sensitive_attributes": [],
          "private": "eyJlMmJmYjczMC1lY2FhLTExZTYtOGY4OC0zNDM2M2JjN2M0YzAiOnsiY3JlYXRlIjo2MDAwMDAwMDAwMDAsImRlbGV0ZSI6NjAwMDAwMDAwMDAwLCJ1cGRhdGUiOjYwMDAwMDAwMDAwMH19",
          "dependencies": [
            "aws_security_group.data_plane_sg",
            "data.aws_availability_zones.avzs",
            "module.vpc.aws_route_table.private",
            "module.vpc.aws_subnet.private",
            "module.vpc.aws_vpc.this",
            "module.vpc.aws_vpc_ipv4_cidr_block_association.this",
            "module.vpc_vpc-endpoints.data.aws_vpc_endpoint_service.this"
          ]
        },
        {
          "index_key": "ecr_api",
          "schema_version": 0,
          "attributes": {
            "arn": "arn:aws:ec2:eu-west-3:891288190130:vpc-endpoint/vpce-09ad24b1b53be39f5",
            "auto_accept": null,
            "cidr_blocks": [],
            "dns_entry": [
              {
                "dns_name": "vpce-09ad24b1b53be39f5-kfq4vxbb.api.ecr.eu-west-3.vpce.amazonaws.com",
                "hosted_zone_id": "Z1DWHTMFP0WECP"
              },
              {
                "dns_name": "vpce-09ad24b1b53be39f5-kfq4vxbb-eu-west-3a.api.ecr.eu-west-3.vpce.amazonaws.com",
                "hosted_zone_id": "Z1DWHTMFP0WECP"
              },
              {
                "dns_name": "vpce-09ad24b1b53be39f5-kfq4vxbb-eu-west-3b.api.ecr.eu-west-3.vpce.amazonaws.com",
                "hosted_zone_id": "Z1DWHTMFP0WECP"
              },
              {
                "dns_name": "api.ecr.eu-west-3.amazonaws.com",
                "hosted_zone_id": "Z05429013UDO9VULHS8SZ"
              }
            ],
            "dns_options": [
              {
                "dns_record_ip_type": "ipv4"
              }
            ],
            "id": "vpce-09ad24b1b53be39f5",
            "ip_address_type": "ipv4",
            "network_interface_ids": [
              "eni-07c2de523e1364627",
              "eni-0c3726911ca2b2044"
            ],
            "owner_id": "891288190130",
            "policy": "{\"Statement\":[{\"Action\":\"*\",\"Effect\":\"Allow\",\"Principal\":\"*\",\"Resource\":\"*\"}]}",
            "prefix_list_id": null,
            "private_dns_enabled": true,
            "requester_managed": false,
            "route_table_ids": [],
            "security_group_ids": [
              "sg-034139ddf92f84639"
            ],
            "service_name": "com.amazonaws.eu-west-3.ecr.api",
            "state": "available",
            "subnet_ids": [
              "subnet-0825f04beb900ef9d",
              "subnet-0e6c5d86e7d9c4fe9"
            ],
            "tags": {
              "LAB": "tesi_mattia",
              "Name": "ecr_api",
              "infra": "terraform"
            },
            "tags_all": {
              "LAB": "tesi_mattia",
              "Name": "ecr_api",
              "infra": "terraform"
            },
            "timeouts": {
              "create": "10m",
              "delete": "10m",
              "update": "10m"
            },
            "vpc_endpoint_type": "Interface",
            "vpc_id": "vpc-0f8bb019fe8c47ce4"
          },
          "sensitive_attributes": [],
          "private": "eyJlMmJmYjczMC1lY2FhLTExZTYtOGY4OC0zNDM2M2JjN2M0YzAiOnsiY3JlYXRlIjo2MDAwMDAwMDAwMDAsImRlbGV0ZSI6NjAwMDAwMDAwMDAwLCJ1cGRhdGUiOjYwMDAwMDAwMDAwMH19",
          "dependencies": [
            "aws_security_group.data_plane_sg",
            "data.aws_availability_zones.avzs",
            "module.vpc.aws_route_table.private",
            "module.vpc.aws_subnet.private",
            "module.vpc.aws_vpc.this",
            "module.vpc.aws_vpc_ipv4_cidr_block_association.this",
            "module.vpc_vpc-endpoints.data.aws_vpc_endpoint_service.this"
          ]
        },
        {
          "index_key": "ecr_dkr",
          "schema_version": 0,
          "attributes": {
            "arn": "arn:aws:ec2:eu-west-3:891288190130:vpc-endpoint/vpce-0842a639830a32275",
            "auto_accept": null,
            "cidr_blocks": [],
            "dns_entry": [
              {
                "dns_name": "vpce-0842a639830a32275-mylrpqis.dkr.ecr.eu-west-3.vpce.amazonaws.com",
                "hosted_zone_id": "Z1DWHTMFP0WECP"
              },
              {
                "dns_name": "vpce-0842a639830a32275-mylrpqis-eu-west-3b.dkr.ecr.eu-west-3.vpce.amazonaws.com",
                "hosted_zone_id": "Z1DWHTMFP0WECP"
              },
              {
                "dns_name": "vpce-0842a639830a32275-mylrpqis-eu-west-3a.dkr.ecr.eu-west-3.vpce.amazonaws.com",
                "hosted_zone_id": "Z1DWHTMFP0WECP"
              },
              {
                "dns_name": "dkr.ecr.eu-west-3.amazonaws.com",
                "hosted_zone_id": "Z05430802FCJKKV28RGU7"
              },
              {
                "dns_name": "*.dkr.ecr.eu-west-3.amazonaws.com",
                "hosted_zone_id": "Z05430802FCJKKV28RGU7"
              }
            ],
            "dns_options": [
              {
                "dns_record_ip_type": "ipv4"
              }
            ],
            "id": "vpce-0842a639830a32275",
            "ip_address_type": "ipv4",
            "network_interface_ids": [
              "eni-0221de29a9f79056e",
              "eni-049f5f4aa4156477f"
            ],
            "owner_id": "891288190130",
            "policy": "{\"Statement\":[{\"Action\":\"*\",\"Effect\":\"Allow\",\"Principal\":\"*\",\"Resource\":\"*\"}]}",
            "prefix_list_id": null,
            "private_dns_enabled": true,
            "requester_managed": false,
            "route_table_ids": [],
            "security_group_ids": [
              "sg-034139ddf92f84639"
            ],
            "service_name": "com.amazonaws.eu-west-3.ecr.dkr",
            "state": "available",
            "subnet_ids": [
              "subnet-0825f04beb900ef9d",
              "subnet-0e6c5d86e7d9c4fe9"
            ],
            "tags": {
              "LAB": "tesi_mattia",
              "Name": "ecr_dkr",
              "infra": "terraform"
            },
            "tags_all": {
              "LAB": "tesi_mattia",
              "Name": "ecr_dkr",
              "infra": "terraform"
            },
            "timeouts": {
              "create": "10m",
              "delete": "10m",
              "update": "10m"
            },
            "vpc_endpoint_type": "Interface",
            "vpc_id": "vpc-0f8bb019fe8c47ce4"
          },
          "sensitive_attributes": [],
          "private": "eyJlMmJmYjczMC1lY2FhLTExZTYtOGY4OC0zNDM2M2JjN2M0YzAiOnsiY3JlYXRlIjo2MDAwMDAwMDAwMDAsImRlbGV0ZSI6NjAwMDAwMDAwMDAwLCJ1cGRhdGUiOjYwMDAwMDAwMDAwMH19",
          "dependencies": [
            "aws_security_group.data_plane_sg",
            "data.aws_availability_zones.avzs",
            "module.vpc.aws_route_table.private",
            "module.vpc.aws_subnet.private",
            "module.vpc.aws_vpc.this",
            "module.vpc.aws_vpc_ipv4_cidr_block_association.this",
            "module.vpc_vpc-endpoints.data.aws_vpc_endpoint_service.this"
          ]
        },
        {
          "index_key": "s3",
          "schema_version": 0,
          "attributes": {
            "arn": "arn:aws:ec2:eu-west-3:891288190130:vpc-endpoint/vpce-08d3c4adf032eee69",
            "auto_accept": null,
            "cidr_blocks": [
              "16.12.59.0/24",
              "3.5.224.0/22",
              "16.12.18.0/23",
              "52.95.154.0/23",
              "16.12.20.0/24",
              "52.95.156.0/24"
            ],
            "dns_entry": [],
            "dns_options": [],
            "id": "vpce-08d3c4adf032eee69",
            "ip_address_type": "",
            "network_interface_ids": [],
            "owner_id": "891288190130",
            "policy": "{\"Statement\":[{\"Action\":\"*\",\"Effect\":\"Allow\",\"Principal\":\"*\",\"Resource\":\"*\"}],\"Version\":\"2008-10-17\"}",
            "prefix_list_id": "pl-23ad484a",
            "private_dns_enabled": false,
            "requester_managed": false,
            "route_table_ids": [
              "rtb-0856f7ba5412c1591",
              "rtb-0be75331170e09bd6"
            ],
            "security_group_ids": [],
            "service_name": "com.amazonaws.eu-west-3.s3",
            "state": "available",
            "subnet_ids": [],
            "tags": {
              "LAB": "tesi_mattia",
              "Name": "s3",
              "infra": "terraform"
            },
            "tags_all": {
              "LAB": "tesi_mattia",
              "Name": "s3",
              "infra": "terraform"
            },
            "timeouts": {
              "create": "10m",
              "delete": "10m",
              "update": "10m"
            },
            "vpc_endpoint_type": "Gateway",
            "vpc_id": "vpc-0f8bb019fe8c47ce4"
          },
          "sensitive_attributes": [],
          "private": "eyJlMmJmYjczMC1lY2FhLTExZTYtOGY4OC0zNDM2M2JjN2M0YzAiOnsiY3JlYXRlIjo2MDAwMDAwMDAwMDAsImRlbGV0ZSI6NjAwMDAwMDAwMDAwLCJ1cGRhdGUiOjYwMDAwMDAwMDAwMH19",
          "dependencies": [
            "aws_security_group.data_plane_sg",
            "data.aws_availability_zones.avzs",
            "module.vpc.aws_route_table.private",
            "module.vpc.aws_subnet.private",
            "module.vpc.aws_vpc.this",
            "module.vpc.aws_vpc_ipv4_cidr_block_association.this",
            "module.vpc_vpc-endpoints.data.aws_vpc_endpoint_service.this"
          ]
        },
        {
          "index_key": "ssm",
          "schema_version": 0,
          "attributes": {
            "arn": "arn:aws:ec2:eu-west-3:891288190130:vpc-endpoint/vpce-041d5b944f838675c",
            "auto_accept": null,
            "cidr_blocks": [],
            "dns_entry": [
              {
                "dns_name": "vpce-041d5b944f838675c-nex3h1tb.ssm.eu-west-3.vpce.amazonaws.com",
                "hosted_zone_id": "Z1DWHTMFP0WECP"
              },
              {
                "dns_name": "vpce-041d5b944f838675c-nex3h1tb-eu-west-3a.ssm.eu-west-3.vpce.amazonaws.com",
                "hosted_zone_id": "Z1DWHTMFP0WECP"
              },
              {
                "dns_name": "vpce-041d5b944f838675c-nex3h1tb-eu-west-3b.ssm.eu-west-3.vpce.amazonaws.com",
                "hosted_zone_id": "Z1DWHTMFP0WECP"
              },
              {
                "dns_name": "ssm.eu-west-3.amazonaws.com",
                "hosted_zone_id": "Z05689763B5XG03R36I6N"
              }
            ],
            "dns_options": [
              {
                "dns_record_ip_type": "ipv4"
              }
            ],
            "id": "vpce-041d5b944f838675c",
            "ip_address_type": "ipv4",
            "network_interface_ids": [
              "eni-03643fdaac014e48a",
              "eni-04e1cbec6d0284cfe"
            ],
            "owner_id": "891288190130",
            "policy": "{\"Statement\":[{\"Action\":\"*\",\"Effect\":\"Allow\",\"Principal\":\"*\",\"Resource\":\"*\"}]}",
            "prefix_list_id": null,
            "private_dns_enabled": true,
            "requester_managed": false,
            "route_table_ids": [],
            "security_group_ids": [
              "sg-034139ddf92f84639"
            ],
            "service_name": "com.amazonaws.eu-west-3.ssm",
            "state": "available",
            "subnet_ids": [
              "subnet-0825f04beb900ef9d",
              "subnet-0e6c5d86e7d9c4fe9"
            ],
            "tags": {
              "LAB": "tesi_mattia",
              "Name": "ssm",
              "infra": "terraform"
            },
            "tags_all": {
              "LAB": "tesi_mattia",
              "Name": "ssm",
              "infra": "terraform"
            },
            "timeouts": {
              "create": "10m",
              "delete": "10m",
              "update": "10m"
            },
            "vpc_endpoint_type": "Interface",
            "vpc_id": "vpc-0f8bb019fe8c47ce4"
          },
          "sensitive_attributes": [],
          "private": "eyJlMmJmYjczMC1lY2FhLTExZTYtOGY4OC0zNDM2M2JjN2M0YzAiOnsiY3JlYXRlIjo2MDAwMDAwMDAwMDAsImRlbGV0ZSI6NjAwMDAwMDAwMDAwLCJ1cGRhdGUiOjYwMDAwMDAwMDAwMH19",
          "dependencies": [
            "aws_security_group.data_plane_sg",
            "data.aws_availability_zones.avzs",
            "module.vpc.aws_route_table.private",
            "module.vpc.aws_subnet.private",
            "module.vpc.aws_vpc.this",
            "module.vpc_vpc-endpoints.data.aws_vpc_endpoint_service.this"
          ]
        },
        {
          "index_key": "ssmmessages",
          "schema_version": 0,
          "attributes": {
            "arn": "arn:aws:ec2:eu-west-3:891288190130:vpc-endpoint/vpce-02e9971dbc460da65",
            "auto_accept": null,
            "cidr_blocks": [],
            "dns_entry": [
              {
                "dns_name": "vpce-02e9971dbc460da65-xv55q4d2.ssmmessages.eu-west-3.vpce.amazonaws.com",
                "hosted_zone_id": "Z1DWHTMFP0WECP"
              },
              {
                "dns_name": "vpce-02e9971dbc460da65-xv55q4d2-eu-west-3b.ssmmessages.eu-west-3.vpce.amazonaws.com",
                "hosted_zone_id": "Z1DWHTMFP0WECP"
              },
              {
                "dns_name": "vpce-02e9971dbc460da65-xv55q4d2-eu-west-3a.ssmmessages.eu-west-3.vpce.amazonaws.com",
                "hosted_zone_id": "Z1DWHTMFP0WECP"
              },
              {
                "dns_name": "ssmmessages.eu-west-3.amazonaws.com",
                "hosted_zone_id": "Z0541448D4YW5U4M1C2B"
              }
            ],
            "dns_options": [
              {
                "dns_record_ip_type": "ipv4"
              }
            ],
            "id": "vpce-02e9971dbc460da65",
            "ip_address_type": "ipv4",
            "network_interface_ids": [
              "eni-0147cba8727b586c1",
              "eni-088f0ff6fa7ffd921"
            ],
            "owner_id": "891288190130",
            "policy": "{\"Statement\":[{\"Action\":\"*\",\"Effect\":\"Allow\",\"Principal\":\"*\",\"Resource\":\"*\"}]}",
            "prefix_list_id": null,
            "private_dns_enabled": true,
            "requester_managed": false,
            "route_table_ids": [],
            "security_group_ids": [
              "sg-034139ddf92f84639"
            ],
            "service_name": "com.amazonaws.eu-west-3.ssmmessages",
            "state": "available",
            "subnet_ids": [
              "subnet-0825f04beb900ef9d",
              "subnet-0e6c5d86e7d9c4fe9"
            ],
            "tags": {
              "LAB": "tesi_mattia",
              "Name": "ssmmessages",
              "infra": "terraform"
            },
            "tags_all": {
              "LAB": "tesi_mattia",
              "Name": "ssmmessages",
              "infra": "terraform"
            },
            "timeouts": {
              "create": "10m",
              "delete": "10m",
              "update": "10m"
            },
            "vpc_endpoint_type": "Interface",
            "vpc_id": "vpc-0f8bb019fe8c47ce4"
          },
          "sensitive_attributes": [],
          "private": "eyJlMmJmYjczMC1lY2FhLTExZTYtOGY4OC0zNDM2M2JjN2M0YzAiOnsiY3JlYXRlIjo2MDAwMDAwMDAwMDAsImRlbGV0ZSI6NjAwMDAwMDAwMDAwLCJ1cGRhdGUiOjYwMDAwMDAwMDAwMH19",
          "dependencies": [
            "aws_security_group.data_plane_sg",
            "data.aws_availability_zones.avzs",
            "module.vpc.aws_route_table.private",
            "module.vpc.aws_subnet.private",
            "module.vpc.aws_vpc.this",
            "module.vpc.aws_vpc_ipv4_cidr_block_association.this",
            "module.vpc_vpc-endpoints.data.aws_vpc_endpoint_service.this"
          ]
        },
        {
          "index_key": "sts",
          "schema_version": 0,
          "attributes": {
            "arn": "arn:aws:ec2:eu-west-3:891288190130:vpc-endpoint/vpce-03ca816c1fdb5a686",
            "auto_accept": null,
            "cidr_blocks": [],
            "dns_entry": [
              {
                "dns_name": "vpce-03ca816c1fdb5a686-pg81tals.sts.eu-west-3.vpce.amazonaws.com",
                "hosted_zone_id": "Z1DWHTMFP0WECP"
              },
              {
                "dns_name": "vpce-03ca816c1fdb5a686-pg81tals-eu-west-3b.sts.eu-west-3.vpce.amazonaws.com",
                "hosted_zone_id": "Z1DWHTMFP0WECP"
              },
              {
                "dns_name": "vpce-03ca816c1fdb5a686-pg81tals-eu-west-3a.sts.eu-west-3.vpce.amazonaws.com",
                "hosted_zone_id": "Z1DWHTMFP0WECP"
              },
              {
                "dns_name": "sts.eu-west-3.amazonaws.com",
                "hosted_zone_id": "Z0543242D5KN8GYKTYQZ"
              }
            ],
            "dns_options": [
              {
                "dns_record_ip_type": "ipv4"
              }
            ],
            "id": "vpce-03ca816c1fdb5a686",
            "ip_address_type": "ipv4",
            "network_interface_ids": [
              "eni-0426c372e4a6a6c65",
              "eni-09f70fa2d002146ed"
            ],
            "owner_id": "891288190130",
            "policy": "{\"Statement\":[{\"Action\":\"*\",\"Effect\":\"Allow\",\"Principal\":\"*\",\"Resource\":\"*\"}]}",
            "prefix_list_id": null,
            "private_dns_enabled": true,
            "requester_managed": false,
            "route_table_ids": [],
            "security_group_ids": [
              "sg-034139ddf92f84639"
            ],
            "service_name": "com.amazonaws.eu-west-3.sts",
            "state": "available",
            "subnet_ids": [
              "subnet-0825f04beb900ef9d",
              "subnet-0e6c5d86e7d9c4fe9"
            ],
            "tags": {
              "LAB": "tesi_mattia",
              "Name": "sts",
              "infra": "terraform"
            },
            "tags_all": {
              "LAB": "tesi_mattia",
              "Name": "sts",
              "infra": "terraform"
            },
            "timeouts": {
              "create": "10m",
              "delete": "10m",
              "update": "10m"
            },
            "vpc_endpoint_type": "Interface",
            "vpc_id": "vpc-0f8bb019fe8c47ce4"
          },
          "sensitive_attributes": [],
          "private": "eyJlMmJmYjczMC1lY2FhLTExZTYtOGY4OC0zNDM2M2JjN2M0YzAiOnsiY3JlYXRlIjo2MDAwMDAwMDAwMDAsImRlbGV0ZSI6NjAwMDAwMDAwMDAwLCJ1cGRhdGUiOjYwMDAwMDAwMDAwMH19",
          "dependencies": [
            "aws_security_group.data_plane_sg",
            "data.aws_availability_zones.avzs",
            "module.vpc.aws_route_table.private",
            "module.vpc.aws_subnet.private",
            "module.vpc.aws_vpc.this",
            "module.vpc.aws_vpc_ipv4_cidr_block_association.this",
            "module.vpc_vpc-endpoints.data.aws_vpc_endpoint_service.this"
          ]
        }
      ]
    }
  ],
  "check_results": null
}
